// !$*UTF8*$!
{
	archiveVersion = 1;
	classes = {
	};
	objectVersion = 46;
	objects = {

/* Begin PBXBuildFile section */
		847CF564A23C26653969DF8F /* libPods-TVForInstaller.a in Frameworks */ = {isa = PBXBuildFile; fileRef = 6C44C3D71D410020F7C92B66 /* libPods-TVForInstaller.a */; };
		8716C0F21B14561700389EC7 /* UIColor+HexRGB.m in Sources */ = {isa = PBXBuildFile; fileRef = 8716C0F11B14561700389EC7 /* UIColor+HexRGB.m */; };
		8716C0F51B14A00200389EC7 /* CompleteTableViewController.m in Sources */ = {isa = PBXBuildFile; fileRef = 8716C0F41B14A00200389EC7 /* CompleteTableViewController.m */; };
		8716C0F91B15566B00389EC7 /* PersonalOrderTableViewController.m in Sources */ = {isa = PBXBuildFile; fileRef = 8716C0F81B15566B00389EC7 /* PersonalOrderTableViewController.m */; };
		8716C0FC1B155D2000389EC7 /* SavedOrderCell.m in Sources */ = {isa = PBXBuildFile; fileRef = 8716C0FB1B155D2000389EC7 /* SavedOrderCell.m */; };
		8716C0FF1B15614F00389EC7 /* Order.xcdatamodeld in Sources */ = {isa = PBXBuildFile; fileRef = 8716C0FD1B15614F00389EC7 /* Order.xcdatamodeld */; };
		8716C1021B1567D600389EC7 /* Bill.m in Sources */ = {isa = PBXBuildFile; fileRef = 8716C1011B1567D600389EC7 /* Bill.m */; };
		8716C1051B1567D700389EC7 /* Order.m in Sources */ = {isa = PBXBuildFile; fileRef = 8716C1041B1567D700389EC7 /* Order.m */; };
		8716C1081B1567D700389EC7 /* Applist.m in Sources */ = {isa = PBXBuildFile; fileRef = 8716C1071B1567D700389EC7 /* Applist.m */; };
		8716C1401B1568A800389EC7 /* OrderDataManager.m in Sources */ = {isa = PBXBuildFile; fileRef = 8716C13F1B1568A800389EC7 /* OrderDataManager.m */; };
		871973D41B0EC53B00D6CF36 /* MyAccoutViewController.m in Sources */ = {isa = PBXBuildFile; fileRef = 871973D31B0EC53B00D6CF36 /* MyAccoutViewController.m */; };
		871973D71B0EC54300D6CF36 /* GradeViewController.m in Sources */ = {isa = PBXBuildFile; fileRef = 871973D61B0EC54300D6CF36 /* GradeViewController.m */; };
		871A23311B0ACA1C00B484CA /* AccountManager.m in Sources */ = {isa = PBXBuildFile; fileRef = 871A23301B0ACA1C00B484CA /* AccountManager.m */; };
		871A23341B0ACF7200B484CA /* RegisterViewController.m in Sources */ = {isa = PBXBuildFile; fileRef = 871A23331B0ACF7200B484CA /* RegisterViewController.m */; };
		871A23371B0ACF8300B484CA /* ForgetViewController.m in Sources */ = {isa = PBXBuildFile; fileRef = 871A23361B0ACF8300B484CA /* ForgetViewController.m */; };
		871B774A1B0C9BBB00810EE3 /* DeviceViewController.mm in Sources */ = {isa = PBXBuildFile; fileRef = 871B77491B0C9BBB00810EE3 /* DeviceViewController.mm */; };
		871B774D1B0CA41700810EE3 /* DeviceTableViewCell.m in Sources */ = {isa = PBXBuildFile; fileRef = 871B774C1B0CA41700810EE3 /* DeviceTableViewCell.m */; };
		871B77501B0CA54C00810EE3 /* DeviceContainer.m in Sources */ = {isa = PBXBuildFile; fileRef = 871B774F1B0CA54C00810EE3 /* DeviceContainer.m */; };
		872DA8C31B0C839500C680B5 /* AppTableViewController.mm in Sources */ = {isa = PBXBuildFile; fileRef = 872DA8C21B0C839500C680B5 /* AppTableViewController.mm */; };
		872DA8C51B0C883F00C680B5 /* Setting.storyboard in Resources */ = {isa = PBXBuildFile; fileRef = 872DA8C41B0C883F00C680B5 /* Setting.storyboard */; };
		872DA8D01B0C94E100C680B5 /* AboutViewController.m in Sources */ = {isa = PBXBuildFile; fileRef = 872DA8CF1B0C94E100C680B5 /* AboutViewController.m */; };
		8736FDEB1B0D808900E3685C /* ModifyPasswordViewController.m in Sources */ = {isa = PBXBuildFile; fileRef = 8736FDEA1B0D808900E3685C /* ModifyPasswordViewController.m */; };
		8747534B1B12C086003BD8A3 /* UnSubmitViewController.m in Sources */ = {isa = PBXBuildFile; fileRef = 8747534A1B12C086003BD8A3 /* UnSubmitViewController.m */; };
		874753501B12C10C003BD8A3 /* Order.storyboard in Resources */ = {isa = PBXBuildFile; fileRef = 8747534F1B12C10C003BD8A3 /* Order.storyboard */; };
		874753531B12D2C2003BD8A3 /* UnSubmitCell.m in Sources */ = {isa = PBXBuildFile; fileRef = 874753521B12D2C2003BD8A3 /* UnSubmitCell.m */; };
		875BE5401B1AA6170063056F /* DeviceManageCell.m in Sources */ = {isa = PBXBuildFile; fileRef = 875BE53F1B1AA6170063056F /* DeviceManageCell.m */; };
		8773380A1B11A44A00C2DDC4 /* gradeDetailTableViewCell.m in Sources */ = {isa = PBXBuildFile; fileRef = 877338091B11A44A00C2DDC4 /* gradeDetailTableViewCell.m */; };
		8773380D1B11A45600C2DDC4 /* GradeTotalTableViewCell.m in Sources */ = {isa = PBXBuildFile; fileRef = 8773380C1B11A45600C2DDC4 /* GradeTotalTableViewCell.m */; };
		8773380F1B11AB3F00C2DDC4 /* grade.plist in Resources */ = {isa = PBXBuildFile; fileRef = 8773380E1B11AB3F00C2DDC4 /* grade.plist */; };
		877338111B11B3D000C2DDC4 /* storehouse.plist in Resources */ = {isa = PBXBuildFile; fileRef = 877338101B11B3D000C2DDC4 /* storehouse.plist */; };
		877778E21B13FEC0003DB4AA /* OrderDetailController.mm in Sources */ = {isa = PBXBuildFile; fileRef = 877778E11B13FEC0003DB4AA /* OrderDetailController.mm */; };
		877870511B563F4A0046650C /* BaiduMapAPI.framework in Frameworks */ = {isa = PBXBuildFile; fileRef = 877870501B563F4A0046650C /* BaiduMapAPI.framework */; };
		877870531B563F640046650C /* mapapi.bundle in Resources */ = {isa = PBXBuildFile; fileRef = 877870521B563F640046650C /* mapapi.bundle */; };
		877870551B563F750046650C /* Security.framework in Frameworks */ = {isa = PBXBuildFile; fileRef = 877870541B563F750046650C /* Security.framework */; };
		877870571B563F7F0046650C /* CoreGraphics.framework in Frameworks */ = {isa = PBXBuildFile; fileRef = 877870561B563F7F0046650C /* CoreGraphics.framework */; };
		877870591B563F880046650C /* SystemConfiguration.framework in Frameworks */ = {isa = PBXBuildFile; fileRef = 877870581B563F880046650C /* SystemConfiguration.framework */; };
		8778705B1B563F900046650C /* OpenGLES.framework in Frameworks */ = {isa = PBXBuildFile; fileRef = 8778705A1B563F900046650C /* OpenGLES.framework */; };
		8778705D1B563F970046650C /* QuartzCore.framework in Frameworks */ = {isa = PBXBuildFile; fileRef = 8778705C1B563F970046650C /* QuartzCore.framework */; };
		8778705F1B563F9F0046650C /* CoreLocation.framework in Frameworks */ = {isa = PBXBuildFile; fileRef = 8778705E1B563F9F0046650C /* CoreLocation.framework */; };
		877870631B56452A0046650C /* OrderContainer.m in Sources */ = {isa = PBXBuildFile; fileRef = 877870621B56452A0046650C /* OrderContainer.m */; };
		877870661B56521F0046650C /* OrderMapViewController.m in Sources */ = {isa = PBXBuildFile; fileRef = 877870651B56521F0046650C /* OrderMapViewController.m */; };
		8778706A1B56536E0046650C /* MyOrderViewController.m in Sources */ = {isa = PBXBuildFile; fileRef = 877870691B56536E0046650C /* MyOrderViewController.m */; };
		8785E9051B0ADB90003F4415 /* ComminUtility.m in Sources */ = {isa = PBXBuildFile; fileRef = 8785E9041B0ADB90003F4415 /* ComminUtility.m */; };
		8785E90B1B0AE6A5003F4415 /* NSDictionary+JSONString.m in Sources */ = {isa = PBXBuildFile; fileRef = 8785E90A1B0AE6A5003F4415 /* NSDictionary+JSONString.m */; };
		8785E91E1B0C162A003F4415 /* NSString+Hashes.m in Sources */ = {isa = PBXBuildFile; fileRef = 8785E91D1B0C162A003F4415 /* NSString+Hashes.m */; };
		8785E9601B0C6E34003F4415 /* AppOneInstallCell.m in Sources */ = {isa = PBXBuildFile; fileRef = 8785E95F1B0C6E34003F4415 /* AppOneInstallCell.m */; };
		8785E9631B0C6E7F003F4415 /* AppCollectionTableCell.m in Sources */ = {isa = PBXBuildFile; fileRef = 8785E9621B0C6E7F003F4415 /* AppCollectionTableCell.m */; };
		8785E96A1B0C750E003F4415 /* APPCollectionViewCell.m in Sources */ = {isa = PBXBuildFile; fileRef = 8785E9691B0C750E003F4415 /* APPCollectionViewCell.m */; };
		878CEC3B1B14228900FE0E21 /* NumberChooseViewController.m in Sources */ = {isa = PBXBuildFile; fileRef = 878CEC3A1B14228900FE0E21 /* NumberChooseViewController.m */; };
		878CEC3E1B14460200FE0E21 /* ChildTableViewCell.m in Sources */ = {isa = PBXBuildFile; fileRef = 878CEC3D1B14460200FE0E21 /* ChildTableViewCell.m */; };
		878EE40A1B0EDDF1002E6B4E /* MyChildrenViewController.m in Sources */ = {isa = PBXBuildFile; fileRef = 878EE4091B0EDDF1002E6B4E /* MyChildrenViewController.m */; };
		878EE40D1B0EDDFF002E6B4E /* InvatationViewController.m in Sources */ = {isa = PBXBuildFile; fileRef = 878EE40C1B0EDDFF002E6B4E /* InvatationViewController.m */; };
		878EE4131B0EDE3D002E6B4E /* InstallHistoryViewController.m in Sources */ = {isa = PBXBuildFile; fileRef = 878EE4121B0EDE3D002E6B4E /* InstallHistoryViewController.m */; };
		87B400BB1B16ACDE00CC1C95 /* AddOrderTableViewCell.m in Sources */ = {isa = PBXBuildFile; fileRef = 87B400BA1B16ACDE00CC1C95 /* AddOrderTableViewCell.m */; };
		87B400BE1B16ADD100CC1C95 /* ZhijiaTableViewCell.m in Sources */ = {isa = PBXBuildFile; fileRef = 87B400BD1B16ADD100CC1C95 /* ZhijiaTableViewCell.m */; };
		87B400C71B16C14400CC1C95 /* DLNAManager.mm in Sources */ = {isa = PBXBuildFile; fileRef = 87B400C31B16C14400CC1C95 /* DLNAManager.mm */; };
		87B400C81B16C14400CC1C95 /* Platinum.framework in Frameworks */ = {isa = PBXBuildFile; fileRef = 87B400C41B16C14400CC1C95 /* Platinum.framework */; };
		87B400C91B16C14400CC1C95 /* PltMicroMediaController.mm in Sources */ = {isa = PBXBuildFile; fileRef = 87B400C61B16C14400CC1C95 /* PltMicroMediaController.mm */; };
		87B400CC1B16C17B00CC1C95 /* DLNADataManager.mm in Sources */ = {isa = PBXBuildFile; fileRef = 87B400CB1B16C17B00CC1C95 /* DLNADataManager.mm */; };
		87B400CF1B16C30700CC1C95 /* SuspensionViewController.mm in Sources */ = {isa = PBXBuildFile; fileRef = 87B400CE1B16C30700CC1C95 /* SuspensionViewController.mm */; };
		87B400D21B16EE9700CC1C95 /* Animator.m in Sources */ = {isa = PBXBuildFile; fileRef = 87B400D11B16EE9700CC1C95 /* Animator.m */; };
		87B400D71B16F1E600CC1C95 /* DeviceSuspensionController.mm in Sources */ = {isa = PBXBuildFile; fileRef = 87B400D61B16F1E600CC1C95 /* DeviceSuspensionController.mm */; };
		87B400DA1B16F7EA00CC1C95 /* DeviceSuspensioner.m in Sources */ = {isa = PBXBuildFile; fileRef = 87B400D91B16F7EA00CC1C95 /* DeviceSuspensioner.m */; };
		87B400DD1B16F8E900CC1C95 /* SuspensionCell.m in Sources */ = {isa = PBXBuildFile; fileRef = 87B400DC1B16F8E900CC1C95 /* SuspensionCell.m */; };
		87B400E31B17FAF500CC1C95 /* InfoTableViewController.m in Sources */ = {isa = PBXBuildFile; fileRef = 87B400E21B17FAF500CC1C95 /* InfoTableViewController.m */; };
		87B400E61B18145400CC1C95 /* GenderViewController.m in Sources */ = {isa = PBXBuildFile; fileRef = 87B400E51B18145400CC1C95 /* GenderViewController.m */; };
		87C0221E1B130C7D005452C0 /* OrderDetailCell.m in Sources */ = {isa = PBXBuildFile; fileRef = 87C0221D1B130C7D005452C0 /* OrderDetailCell.m */; };
		87C022211B130C91005452C0 /* TVInfoCell.m in Sources */ = {isa = PBXBuildFile; fileRef = 87C022201B130C91005452C0 /* TVInfoCell.m */; };
		87C022241B130CA6005452C0 /* PayInfoCell.m in Sources */ = {isa = PBXBuildFile; fileRef = 87C022231B130CA6005452C0 /* PayInfoCell.m */; };
		87D274801B09DE7200189C33 /* RKSwipeBetweenViewControllers.m in Sources */ = {isa = PBXBuildFile; fileRef = 87D2747F1B09DE7200189C33 /* RKSwipeBetweenViewControllers.m */; };
		87D969B41B0DF59D0063F02B /* AvatorDetailViewController.m in Sources */ = {isa = PBXBuildFile; fileRef = 87D969B31B0DF59D0063F02B /* AvatorDetailViewController.m */; };
		87DBE1E91AFAFF0000AFB7BF /* main.m in Sources */ = {isa = PBXBuildFile; fileRef = 87DBE1E81AFAFF0000AFB7BF /* main.m */; };
		87DBE1EC1AFAFF0000AFB7BF /* AppDelegate.mm in Sources */ = {isa = PBXBuildFile; fileRef = 87DBE1EB1AFAFF0000AFB7BF /* AppDelegate.mm */; };
		87DBE1F21AFAFF0000AFB7BF /* Main.storyboard in Resources */ = {isa = PBXBuildFile; fileRef = 87DBE1F01AFAFF0000AFB7BF /* Main.storyboard */; };
		87DBE1F41AFAFF0000AFB7BF /* Images.xcassets in Resources */ = {isa = PBXBuildFile; fileRef = 87DBE1F31AFAFF0000AFB7BF /* Images.xcassets */; };
		87DBE1F71AFAFF0000AFB7BF /* LaunchScreen.xib in Resources */ = {isa = PBXBuildFile; fileRef = 87DBE1F51AFAFF0000AFB7BF /* LaunchScreen.xib */; };
		87DBE2031AFAFF0000AFB7BF /* TVForInstallerTests.m in Sources */ = {isa = PBXBuildFile; fileRef = 87DBE2021AFAFF0000AFB7BF /* TVForInstallerTests.m */; };
		87DBE2101AFB025800AFB7BF /* NetworkingManager.m in Sources */ = {isa = PBXBuildFile; fileRef = 87DBE20F1AFB025800AFB7BF /* NetworkingManager.m */; };
		87DBE2161AFB0A5E00AFB7BF /* ViewController.m in Sources */ = {isa = PBXBuildFile; fileRef = 87DBE2151AFB0A5E00AFB7BF /* ViewController.m */; };
		87EA3A9F1B0A0C7D004AB8F7 /* SettingViewController.m in Sources */ = {isa = PBXBuildFile; fileRef = 87EA3A9E1B0A0C7D004AB8F7 /* SettingViewController.m */; };
		87EA3AA41B0A1055004AB8F7 /* OrderViewController.m in Sources */ = {isa = PBXBuildFile; fileRef = 87EA3AA21B0A1055004AB8F7 /* OrderViewController.m */; };
		87EA3AAA1B0A10AE004AB8F7 /* LoginViewController.m in Sources */ = {isa = PBXBuildFile; fileRef = 87EA3AA91B0A10AE004AB8F7 /* LoginViewController.m */; };
		87EA3AAD1B0A11A1004AB8F7 /* LoginNavigationController.m in Sources */ = {isa = PBXBuildFile; fileRef = 87EA3AAC1B0A11A1004AB8F7 /* LoginNavigationController.m */; };
		87EA3AAF1B0A11AF004AB8F7 /* Login.storyboard in Resources */ = {isa = PBXBuildFile; fileRef = 87EA3AAE1B0A11AF004AB8F7 /* Login.storyboard */; };
		87EA3AB21B0AC8A9004AB8F7 /* RootTabController.m in Sources */ = {isa = PBXBuildFile; fileRef = 87EA3AB11B0AC8A9004AB8F7 /* RootTabController.m */; };
		87F3B9F81B12F664004F55B2 /* CompleteCell.m in Sources */ = {isa = PBXBuildFile; fileRef = 87F3B9F71B12F664004F55B2 /* CompleteCell.m */; };
/* End PBXBuildFile section */

/* Begin PBXContainerItemProxy section */
		87DBE1FD1AFAFF0000AFB7BF /* PBXContainerItemProxy */ = {
			isa = PBXContainerItemProxy;
			containerPortal = 87DBE1DB1AFAFF0000AFB7BF /* Project object */;
			proxyType = 1;
			remoteGlobalIDString = 87DBE1E21AFAFF0000AFB7BF;
			remoteInfo = TVForInstaller;
		};
/* End PBXContainerItemProxy section */

/* Begin PBXFileReference section */
		6C44C3D71D410020F7C92B66 /* libPods-TVForInstaller.a */ = {isa = PBXFileReference; explicitFileType = archive.ar; includeInIndex = 0; path = "libPods-TVForInstaller.a"; sourceTree = BUILT_PRODUCTS_DIR; };
		8119E28A07EA9C1ABB1CA06E /* Pods-TVForInstaller.release.xcconfig */ = {isa = PBXFileReference; includeInIndex = 1; lastKnownFileType = text.xcconfig; name = "Pods-TVForInstaller.release.xcconfig"; path = "Pods/Target Support Files/Pods-TVForInstaller/Pods-TVForInstaller.release.xcconfig"; sourceTree = "<group>"; };
		8716C0F01B14561700389EC7 /* UIColor+HexRGB.h */ = {isa = PBXFileReference; fileEncoding = 4; lastKnownFileType = sourcecode.c.h; path = "UIColor+HexRGB.h"; sourceTree = "<group>"; };
		8716C0F11B14561700389EC7 /* UIColor+HexRGB.m */ = {isa = PBXFileReference; fileEncoding = 4; lastKnownFileType = sourcecode.c.objc; path = "UIColor+HexRGB.m"; sourceTree = "<group>"; };
		8716C0F31B14A00200389EC7 /* CompleteTableViewController.h */ = {isa = PBXFileReference; fileEncoding = 4; lastKnownFileType = sourcecode.c.h; path = CompleteTableViewController.h; sourceTree = "<group>"; };
		8716C0F41B14A00200389EC7 /* CompleteTableViewController.m */ = {isa = PBXFileReference; fileEncoding = 4; lastKnownFileType = sourcecode.c.objc; path = CompleteTableViewController.m; sourceTree = "<group>"; };
		8716C0F71B15566B00389EC7 /* PersonalOrderTableViewController.h */ = {isa = PBXFileReference; fileEncoding = 4; lastKnownFileType = sourcecode.c.h; path = PersonalOrderTableViewController.h; sourceTree = "<group>"; };
		8716C0F81B15566B00389EC7 /* PersonalOrderTableViewController.m */ = {isa = PBXFileReference; fileEncoding = 4; lastKnownFileType = sourcecode.c.objc; path = PersonalOrderTableViewController.m; sourceTree = "<group>"; };
		8716C0FA1B155D2000389EC7 /* SavedOrderCell.h */ = {isa = PBXFileReference; fileEncoding = 4; lastKnownFileType = sourcecode.c.h; path = SavedOrderCell.h; sourceTree = "<group>"; };
		8716C0FB1B155D2000389EC7 /* SavedOrderCell.m */ = {isa = PBXFileReference; fileEncoding = 4; lastKnownFileType = sourcecode.c.objc; path = SavedOrderCell.m; sourceTree = "<group>"; };
		8716C0FE1B15614F00389EC7 /* Order.xcdatamodel */ = {isa = PBXFileReference; lastKnownFileType = wrapper.xcdatamodel; path = Order.xcdatamodel; sourceTree = "<group>"; };
		8716C1001B1567D600389EC7 /* Bill.h */ = {isa = PBXFileReference; fileEncoding = 4; lastKnownFileType = sourcecode.c.h; name = Bill.h; path = ../Bill.h; sourceTree = "<group>"; };
		8716C1011B1567D600389EC7 /* Bill.m */ = {isa = PBXFileReference; fileEncoding = 4; lastKnownFileType = sourcecode.c.objc; name = Bill.m; path = ../Bill.m; sourceTree = "<group>"; };
		8716C1031B1567D700389EC7 /* Order.h */ = {isa = PBXFileReference; fileEncoding = 4; lastKnownFileType = sourcecode.c.h; name = Order.h; path = ../Order.h; sourceTree = "<group>"; };
		8716C1041B1567D700389EC7 /* Order.m */ = {isa = PBXFileReference; fileEncoding = 4; lastKnownFileType = sourcecode.c.objc; name = Order.m; path = ../Order.m; sourceTree = "<group>"; };
		8716C1061B1567D700389EC7 /* Applist.h */ = {isa = PBXFileReference; fileEncoding = 4; lastKnownFileType = sourcecode.c.h; name = Applist.h; path = ../Applist.h; sourceTree = "<group>"; };
		8716C1071B1567D700389EC7 /* Applist.m */ = {isa = PBXFileReference; fileEncoding = 4; lastKnownFileType = sourcecode.c.objc; name = Applist.m; path = ../Applist.m; sourceTree = "<group>"; };
		8716C13E1B1568A800389EC7 /* OrderDataManager.h */ = {isa = PBXFileReference; fileEncoding = 4; lastKnownFileType = sourcecode.c.h; path = OrderDataManager.h; sourceTree = "<group>"; };
		8716C13F1B1568A800389EC7 /* OrderDataManager.m */ = {isa = PBXFileReference; fileEncoding = 4; lastKnownFileType = sourcecode.c.objc; path = OrderDataManager.m; sourceTree = "<group>"; };
		871973D21B0EC53B00D6CF36 /* MyAccoutViewController.h */ = {isa = PBXFileReference; fileEncoding = 4; lastKnownFileType = sourcecode.c.h; path = MyAccoutViewController.h; sourceTree = "<group>"; };
		871973D31B0EC53B00D6CF36 /* MyAccoutViewController.m */ = {isa = PBXFileReference; fileEncoding = 4; lastKnownFileType = sourcecode.c.objc; path = MyAccoutViewController.m; sourceTree = "<group>"; };
		871973D51B0EC54300D6CF36 /* GradeViewController.h */ = {isa = PBXFileReference; fileEncoding = 4; lastKnownFileType = sourcecode.c.h; path = GradeViewController.h; sourceTree = "<group>"; };
		871973D61B0EC54300D6CF36 /* GradeViewController.m */ = {isa = PBXFileReference; fileEncoding = 4; lastKnownFileType = sourcecode.c.objc; path = GradeViewController.m; sourceTree = "<group>"; };
		871A232F1B0ACA1C00B484CA /* AccountManager.h */ = {isa = PBXFileReference; fileEncoding = 4; lastKnownFileType = sourcecode.c.h; path = AccountManager.h; sourceTree = "<group>"; };
		871A23301B0ACA1C00B484CA /* AccountManager.m */ = {isa = PBXFileReference; fileEncoding = 4; lastKnownFileType = sourcecode.c.objc; path = AccountManager.m; sourceTree = "<group>"; };
		871A23321B0ACF7200B484CA /* RegisterViewController.h */ = {isa = PBXFileReference; fileEncoding = 4; lastKnownFileType = sourcecode.c.h; path = RegisterViewController.h; sourceTree = "<group>"; };
		871A23331B0ACF7200B484CA /* RegisterViewController.m */ = {isa = PBXFileReference; fileEncoding = 4; lastKnownFileType = sourcecode.c.objc; path = RegisterViewController.m; sourceTree = "<group>"; };
		871A23351B0ACF8300B484CA /* ForgetViewController.h */ = {isa = PBXFileReference; fileEncoding = 4; lastKnownFileType = sourcecode.c.h; path = ForgetViewController.h; sourceTree = "<group>"; };
		871A23361B0ACF8300B484CA /* ForgetViewController.m */ = {isa = PBXFileReference; fileEncoding = 4; lastKnownFileType = sourcecode.c.objc; path = ForgetViewController.m; sourceTree = "<group>"; };
		871B77481B0C9BBB00810EE3 /* DeviceViewController.h */ = {isa = PBXFileReference; fileEncoding = 4; lastKnownFileType = sourcecode.c.h; path = DeviceViewController.h; sourceTree = "<group>"; };
		871B77491B0C9BBB00810EE3 /* DeviceViewController.mm */ = {isa = PBXFileReference; fileEncoding = 4; lastKnownFileType = sourcecode.cpp.objcpp; path = DeviceViewController.mm; sourceTree = "<group>"; };
		871B774B1B0CA41700810EE3 /* DeviceTableViewCell.h */ = {isa = PBXFileReference; fileEncoding = 4; lastKnownFileType = sourcecode.c.h; path = DeviceTableViewCell.h; sourceTree = "<group>"; };
		871B774C1B0CA41700810EE3 /* DeviceTableViewCell.m */ = {isa = PBXFileReference; fileEncoding = 4; lastKnownFileType = sourcecode.c.objc; path = DeviceTableViewCell.m; sourceTree = "<group>"; };
		871B774E1B0CA54C00810EE3 /* DeviceContainer.h */ = {isa = PBXFileReference; fileEncoding = 4; lastKnownFileType = sourcecode.c.h; path = DeviceContainer.h; sourceTree = "<group>"; };
		871B774F1B0CA54C00810EE3 /* DeviceContainer.m */ = {isa = PBXFileReference; fileEncoding = 4; lastKnownFileType = sourcecode.c.objc; path = DeviceContainer.m; sourceTree = "<group>"; };
		872DA8C21B0C839500C680B5 /* AppTableViewController.mm */ = {isa = PBXFileReference; fileEncoding = 4; lastKnownFileType = sourcecode.cpp.objcpp; path = AppTableViewController.mm; sourceTree = "<group>"; };
		872DA8C41B0C883F00C680B5 /* Setting.storyboard */ = {isa = PBXFileReference; fileEncoding = 4; lastKnownFileType = file.storyboard; path = Setting.storyboard; sourceTree = "<group>"; };
		872DA8CE1B0C94E100C680B5 /* AboutViewController.h */ = {isa = PBXFileReference; fileEncoding = 4; lastKnownFileType = sourcecode.c.h; path = AboutViewController.h; sourceTree = "<group>"; };
		872DA8CF1B0C94E100C680B5 /* AboutViewController.m */ = {isa = PBXFileReference; fileEncoding = 4; lastKnownFileType = sourcecode.c.objc; path = AboutViewController.m; sourceTree = "<group>"; };
		8736FDE91B0D808900E3685C /* ModifyPasswordViewController.h */ = {isa = PBXFileReference; fileEncoding = 4; lastKnownFileType = sourcecode.c.h; path = ModifyPasswordViewController.h; sourceTree = "<group>"; };
		8736FDEA1B0D808900E3685C /* ModifyPasswordViewController.m */ = {isa = PBXFileReference; fileEncoding = 4; lastKnownFileType = sourcecode.c.objc; path = ModifyPasswordViewController.m; sourceTree = "<group>"; };
		874753491B12C086003BD8A3 /* UnSubmitViewController.h */ = {isa = PBXFileReference; fileEncoding = 4; lastKnownFileType = sourcecode.c.h; path = UnSubmitViewController.h; sourceTree = "<group>"; };
		8747534A1B12C086003BD8A3 /* UnSubmitViewController.m */ = {isa = PBXFileReference; fileEncoding = 4; lastKnownFileType = sourcecode.c.objc; path = UnSubmitViewController.m; sourceTree = "<group>"; };
		8747534F1B12C10C003BD8A3 /* Order.storyboard */ = {isa = PBXFileReference; fileEncoding = 4; lastKnownFileType = file.storyboard; path = Order.storyboard; sourceTree = "<group>"; };
		874753511B12D2C2003BD8A3 /* UnSubmitCell.h */ = {isa = PBXFileReference; fileEncoding = 4; lastKnownFileType = sourcecode.c.h; path = UnSubmitCell.h; sourceTree = "<group>"; };
		874753521B12D2C2003BD8A3 /* UnSubmitCell.m */ = {isa = PBXFileReference; fileEncoding = 4; lastKnownFileType = sourcecode.c.objc; path = UnSubmitCell.m; sourceTree = "<group>"; };
		875BE53E1B1AA6170063056F /* DeviceManageCell.h */ = {isa = PBXFileReference; fileEncoding = 4; lastKnownFileType = sourcecode.c.h; path = DeviceManageCell.h; sourceTree = "<group>"; };
		875BE53F1B1AA6170063056F /* DeviceManageCell.m */ = {isa = PBXFileReference; fileEncoding = 4; lastKnownFileType = sourcecode.c.objc; path = DeviceManageCell.m; sourceTree = "<group>"; };
		877338081B11A44A00C2DDC4 /* gradeDetailTableViewCell.h */ = {isa = PBXFileReference; fileEncoding = 4; lastKnownFileType = sourcecode.c.h; path = gradeDetailTableViewCell.h; sourceTree = "<group>"; };
		877338091B11A44A00C2DDC4 /* gradeDetailTableViewCell.m */ = {isa = PBXFileReference; fileEncoding = 4; lastKnownFileType = sourcecode.c.objc; path = gradeDetailTableViewCell.m; sourceTree = "<group>"; };
		8773380B1B11A45600C2DDC4 /* GradeTotalTableViewCell.h */ = {isa = PBXFileReference; fileEncoding = 4; lastKnownFileType = sourcecode.c.h; path = GradeTotalTableViewCell.h; sourceTree = "<group>"; };
		8773380C1B11A45600C2DDC4 /* GradeTotalTableViewCell.m */ = {isa = PBXFileReference; fileEncoding = 4; lastKnownFileType = sourcecode.c.objc; path = GradeTotalTableViewCell.m; sourceTree = "<group>"; };
		8773380E1B11AB3F00C2DDC4 /* grade.plist */ = {isa = PBXFileReference; fileEncoding = 4; lastKnownFileType = text.plist.xml; path = grade.plist; sourceTree = "<group>"; };
		877338101B11B3D000C2DDC4 /* storehouse.plist */ = {isa = PBXFileReference; fileEncoding = 4; lastKnownFileType = text.plist.xml; path = storehouse.plist; sourceTree = "<group>"; };
		877778E01B13FEC0003DB4AA /* OrderDetailController.h */ = {isa = PBXFileReference; fileEncoding = 4; lastKnownFileType = sourcecode.c.h; path = OrderDetailController.h; sourceTree = "<group>"; };
		877778E11B13FEC0003DB4AA /* OrderDetailController.mm */ = {isa = PBXFileReference; fileEncoding = 4; lastKnownFileType = sourcecode.cpp.objcpp; path = OrderDetailController.mm; sourceTree = "<group>"; };
		877870501B563F4A0046650C /* BaiduMapAPI.framework */ = {isa = PBXFileReference; lastKnownFileType = wrapper.framework; path = BaiduMapAPI.framework; sourceTree = "<group>"; };
		877870521B563F640046650C /* mapapi.bundle */ = {isa = PBXFileReference; lastKnownFileType = "wrapper.plug-in"; name = mapapi.bundle; path = BaiduMapAPI.framework/Resources/mapapi.bundle; sourceTree = "<group>"; };
		877870541B563F750046650C /* Security.framework */ = {isa = PBXFileReference; lastKnownFileType = wrapper.framework; name = Security.framework; path = System/Library/Frameworks/Security.framework; sourceTree = SDKROOT; };
		877870561B563F7F0046650C /* CoreGraphics.framework */ = {isa = PBXFileReference; lastKnownFileType = wrapper.framework; name = CoreGraphics.framework; path = System/Library/Frameworks/CoreGraphics.framework; sourceTree = SDKROOT; };
		877870581B563F880046650C /* SystemConfiguration.framework */ = {isa = PBXFileReference; lastKnownFileType = wrapper.framework; name = SystemConfiguration.framework; path = System/Library/Frameworks/SystemConfiguration.framework; sourceTree = SDKROOT; };
		8778705A1B563F900046650C /* OpenGLES.framework */ = {isa = PBXFileReference; lastKnownFileType = wrapper.framework; name = OpenGLES.framework; path = System/Library/Frameworks/OpenGLES.framework; sourceTree = SDKROOT; };
		8778705C1B563F970046650C /* QuartzCore.framework */ = {isa = PBXFileReference; lastKnownFileType = wrapper.framework; name = QuartzCore.framework; path = System/Library/Frameworks/QuartzCore.framework; sourceTree = SDKROOT; };
		8778705E1B563F9F0046650C /* CoreLocation.framework */ = {isa = PBXFileReference; lastKnownFileType = wrapper.framework; name = CoreLocation.framework; path = System/Library/Frameworks/CoreLocation.framework; sourceTree = SDKROOT; };
		877870611B56452A0046650C /* OrderContainer.h */ = {isa = PBXFileReference; fileEncoding = 4; lastKnownFileType = sourcecode.c.h; path = OrderContainer.h; sourceTree = "<group>"; };
		877870621B56452A0046650C /* OrderContainer.m */ = {isa = PBXFileReference; fileEncoding = 4; lastKnownFileType = sourcecode.c.objc; path = OrderContainer.m; sourceTree = "<group>"; };
		877870641B56521F0046650C /* OrderMapViewController.h */ = {isa = PBXFileReference; fileEncoding = 4; lastKnownFileType = sourcecode.c.h; path = OrderMapViewController.h; sourceTree = "<group>"; };
		877870651B56521F0046650C /* OrderMapViewController.m */ = {isa = PBXFileReference; fileEncoding = 4; lastKnownFileType = sourcecode.c.objc; path = OrderMapViewController.m; sourceTree = "<group>"; };
		877870681B56536E0046650C /* MyOrderViewController.h */ = {isa = PBXFileReference; fileEncoding = 4; lastKnownFileType = sourcecode.c.h; path = MyOrderViewController.h; sourceTree = "<group>"; };
		877870691B56536E0046650C /* MyOrderViewController.m */ = {isa = PBXFileReference; fileEncoding = 4; lastKnownFileType = sourcecode.c.objc; path = MyOrderViewController.m; sourceTree = "<group>"; };
		8785E9031B0ADB90003F4415 /* ComminUtility.h */ = {isa = PBXFileReference; fileEncoding = 4; lastKnownFileType = sourcecode.c.h; path = ComminUtility.h; sourceTree = "<group>"; };
		8785E9041B0ADB90003F4415 /* ComminUtility.m */ = {isa = PBXFileReference; fileEncoding = 4; lastKnownFileType = sourcecode.c.objc; path = ComminUtility.m; sourceTree = "<group>"; };
		8785E9091B0AE6A5003F4415 /* NSDictionary+JSONString.h */ = {isa = PBXFileReference; fileEncoding = 4; lastKnownFileType = sourcecode.c.h; path = "NSDictionary+JSONString.h"; sourceTree = "<group>"; };
		8785E90A1B0AE6A5003F4415 /* NSDictionary+JSONString.m */ = {isa = PBXFileReference; fileEncoding = 4; lastKnownFileType = sourcecode.c.objc; path = "NSDictionary+JSONString.m"; sourceTree = "<group>"; };
		8785E91C1B0C162A003F4415 /* NSString+Hashes.h */ = {isa = PBXFileReference; fileEncoding = 4; lastKnownFileType = sourcecode.c.h; path = "NSString+Hashes.h"; sourceTree = "<group>"; };
		8785E91D1B0C162A003F4415 /* NSString+Hashes.m */ = {isa = PBXFileReference; fileEncoding = 4; lastKnownFileType = sourcecode.c.objc; path = "NSString+Hashes.m"; sourceTree = "<group>"; };
		8785E91F1B0C25E0003F4415 /* AppTableViewController.h */ = {isa = PBXFileReference; fileEncoding = 4; lastKnownFileType = sourcecode.c.h; path = AppTableViewController.h; sourceTree = "<group>"; };
		8785E95E1B0C6E34003F4415 /* AppOneInstallCell.h */ = {isa = PBXFileReference; fileEncoding = 4; lastKnownFileType = sourcecode.c.h; path = AppOneInstallCell.h; sourceTree = "<group>"; };
		8785E95F1B0C6E34003F4415 /* AppOneInstallCell.m */ = {isa = PBXFileReference; fileEncoding = 4; lastKnownFileType = sourcecode.c.objc; path = AppOneInstallCell.m; sourceTree = "<group>"; };
		8785E9611B0C6E7F003F4415 /* AppCollectionTableCell.h */ = {isa = PBXFileReference; fileEncoding = 4; lastKnownFileType = sourcecode.c.h; path = AppCollectionTableCell.h; sourceTree = "<group>"; };
		8785E9621B0C6E7F003F4415 /* AppCollectionTableCell.m */ = {isa = PBXFileReference; fileEncoding = 4; lastKnownFileType = sourcecode.c.objc; path = AppCollectionTableCell.m; sourceTree = "<group>"; };
		8785E9681B0C750E003F4415 /* APPCollectionViewCell.h */ = {isa = PBXFileReference; fileEncoding = 4; lastKnownFileType = sourcecode.c.h; path = APPCollectionViewCell.h; sourceTree = "<group>"; };
		8785E9691B0C750E003F4415 /* APPCollectionViewCell.m */ = {isa = PBXFileReference; fileEncoding = 4; lastKnownFileType = sourcecode.c.objc; path = APPCollectionViewCell.m; sourceTree = "<group>"; };
		878CEC391B14228900FE0E21 /* NumberChooseViewController.h */ = {isa = PBXFileReference; fileEncoding = 4; lastKnownFileType = sourcecode.c.h; path = NumberChooseViewController.h; sourceTree = "<group>"; };
		878CEC3A1B14228900FE0E21 /* NumberChooseViewController.m */ = {isa = PBXFileReference; fileEncoding = 4; lastKnownFileType = sourcecode.c.objc; path = NumberChooseViewController.m; sourceTree = "<group>"; };
		878CEC3C1B14460200FE0E21 /* ChildTableViewCell.h */ = {isa = PBXFileReference; fileEncoding = 4; lastKnownFileType = sourcecode.c.h; path = ChildTableViewCell.h; sourceTree = "<group>"; };
		878CEC3D1B14460200FE0E21 /* ChildTableViewCell.m */ = {isa = PBXFileReference; fileEncoding = 4; lastKnownFileType = sourcecode.c.objc; path = ChildTableViewCell.m; sourceTree = "<group>"; };
		878EE4081B0EDDF1002E6B4E /* MyChildrenViewController.h */ = {isa = PBXFileReference; fileEncoding = 4; lastKnownFileType = sourcecode.c.h; path = MyChildrenViewController.h; sourceTree = "<group>"; };
		878EE4091B0EDDF1002E6B4E /* MyChildrenViewController.m */ = {isa = PBXFileReference; fileEncoding = 4; lastKnownFileType = sourcecode.c.objc; path = MyChildrenViewController.m; sourceTree = "<group>"; };
		878EE40B1B0EDDFF002E6B4E /* InvatationViewController.h */ = {isa = PBXFileReference; fileEncoding = 4; lastKnownFileType = sourcecode.c.h; path = InvatationViewController.h; sourceTree = "<group>"; };
		878EE40C1B0EDDFF002E6B4E /* InvatationViewController.m */ = {isa = PBXFileReference; fileEncoding = 4; lastKnownFileType = sourcecode.c.objc; path = InvatationViewController.m; sourceTree = "<group>"; };
		878EE4111B0EDE3D002E6B4E /* InstallHistoryViewController.h */ = {isa = PBXFileReference; fileEncoding = 4; lastKnownFileType = sourcecode.c.h; path = InstallHistoryViewController.h; sourceTree = "<group>"; };
		878EE4121B0EDE3D002E6B4E /* InstallHistoryViewController.m */ = {isa = PBXFileReference; fileEncoding = 4; lastKnownFileType = sourcecode.c.objc; path = InstallHistoryViewController.m; sourceTree = "<group>"; };
		87B400B91B16ACDE00CC1C95 /* AddOrderTableViewCell.h */ = {isa = PBXFileReference; fileEncoding = 4; lastKnownFileType = sourcecode.c.h; path = AddOrderTableViewCell.h; sourceTree = "<group>"; };
		87B400BA1B16ACDE00CC1C95 /* AddOrderTableViewCell.m */ = {isa = PBXFileReference; fileEncoding = 4; lastKnownFileType = sourcecode.c.objc; path = AddOrderTableViewCell.m; sourceTree = "<group>"; };
		87B400BC1B16ADD100CC1C95 /* ZhijiaTableViewCell.h */ = {isa = PBXFileReference; fileEncoding = 4; lastKnownFileType = sourcecode.c.h; path = ZhijiaTableViewCell.h; sourceTree = "<group>"; };
		87B400BD1B16ADD100CC1C95 /* ZhijiaTableViewCell.m */ = {isa = PBXFileReference; fileEncoding = 4; lastKnownFileType = sourcecode.c.objc; path = ZhijiaTableViewCell.m; sourceTree = "<group>"; };
		87B400C21B16C14400CC1C95 /* DLNAManager.h */ = {isa = PBXFileReference; fileEncoding = 4; lastKnownFileType = sourcecode.c.h; path = DLNAManager.h; sourceTree = "<group>"; };
		87B400C31B16C14400CC1C95 /* DLNAManager.mm */ = {isa = PBXFileReference; fileEncoding = 4; lastKnownFileType = sourcecode.cpp.objcpp; path = DLNAManager.mm; sourceTree = "<group>"; };
		87B400C41B16C14400CC1C95 /* Platinum.framework */ = {isa = PBXFileReference; lastKnownFileType = wrapper.framework; path = Platinum.framework; sourceTree = "<group>"; };
		87B400C51B16C14400CC1C95 /* PltMicroMediaController.h */ = {isa = PBXFileReference; fileEncoding = 4; lastKnownFileType = sourcecode.c.h; path = PltMicroMediaController.h; sourceTree = "<group>"; };
		87B400C61B16C14400CC1C95 /* PltMicroMediaController.mm */ = {isa = PBXFileReference; fileEncoding = 4; lastKnownFileType = sourcecode.cpp.objcpp; path = PltMicroMediaController.mm; sourceTree = "<group>"; };
		87B400CA1B16C17B00CC1C95 /* DLNADataManager.h */ = {isa = PBXFileReference; fileEncoding = 4; lastKnownFileType = sourcecode.c.h; path = DLNADataManager.h; sourceTree = "<group>"; };
		87B400CB1B16C17B00CC1C95 /* DLNADataManager.mm */ = {isa = PBXFileReference; fileEncoding = 4; lastKnownFileType = sourcecode.cpp.objcpp; path = DLNADataManager.mm; sourceTree = "<group>"; };
		87B400CD1B16C30700CC1C95 /* SuspensionViewController.h */ = {isa = PBXFileReference; fileEncoding = 4; lastKnownFileType = sourcecode.c.h; path = SuspensionViewController.h; sourceTree = "<group>"; };
		87B400CE1B16C30700CC1C95 /* SuspensionViewController.mm */ = {isa = PBXFileReference; fileEncoding = 4; lastKnownFileType = sourcecode.cpp.objcpp; path = SuspensionViewController.mm; sourceTree = "<group>"; };
		87B400D01B16EE9700CC1C95 /* Animator.h */ = {isa = PBXFileReference; fileEncoding = 4; lastKnownFileType = sourcecode.c.h; path = Animator.h; sourceTree = "<group>"; };
		87B400D11B16EE9700CC1C95 /* Animator.m */ = {isa = PBXFileReference; fileEncoding = 4; lastKnownFileType = sourcecode.c.objc; path = Animator.m; sourceTree = "<group>"; };
		87B400D51B16F1E600CC1C95 /* DeviceSuspensionController.h */ = {isa = PBXFileReference; fileEncoding = 4; lastKnownFileType = sourcecode.c.h; path = DeviceSuspensionController.h; sourceTree = "<group>"; };
		87B400D61B16F1E600CC1C95 /* DeviceSuspensionController.mm */ = {isa = PBXFileReference; fileEncoding = 4; lastKnownFileType = sourcecode.cpp.objcpp; path = DeviceSuspensionController.mm; sourceTree = "<group>"; };
		87B400D81B16F7EA00CC1C95 /* DeviceSuspensioner.h */ = {isa = PBXFileReference; fileEncoding = 4; lastKnownFileType = sourcecode.c.h; path = DeviceSuspensioner.h; sourceTree = "<group>"; };
		87B400D91B16F7EA00CC1C95 /* DeviceSuspensioner.m */ = {isa = PBXFileReference; fileEncoding = 4; lastKnownFileType = sourcecode.c.objc; path = DeviceSuspensioner.m; sourceTree = "<group>"; };
		87B400DB1B16F8E900CC1C95 /* SuspensionCell.h */ = {isa = PBXFileReference; fileEncoding = 4; lastKnownFileType = sourcecode.c.h; path = SuspensionCell.h; sourceTree = "<group>"; };
		87B400DC1B16F8E900CC1C95 /* SuspensionCell.m */ = {isa = PBXFileReference; fileEncoding = 4; lastKnownFileType = sourcecode.c.objc; path = SuspensionCell.m; sourceTree = "<group>"; };
		87B400E11B17FAF500CC1C95 /* InfoTableViewController.h */ = {isa = PBXFileReference; fileEncoding = 4; lastKnownFileType = sourcecode.c.h; path = InfoTableViewController.h; sourceTree = "<group>"; };
		87B400E21B17FAF500CC1C95 /* InfoTableViewController.m */ = {isa = PBXFileReference; fileEncoding = 4; lastKnownFileType = sourcecode.c.objc; path = InfoTableViewController.m; sourceTree = "<group>"; };
		87B400E41B18145400CC1C95 /* GenderViewController.h */ = {isa = PBXFileReference; fileEncoding = 4; lastKnownFileType = sourcecode.c.h; path = GenderViewController.h; sourceTree = "<group>"; };
		87B400E51B18145400CC1C95 /* GenderViewController.m */ = {isa = PBXFileReference; fileEncoding = 4; lastKnownFileType = sourcecode.c.objc; path = GenderViewController.m; sourceTree = "<group>"; };
		87C0221C1B130C7D005452C0 /* OrderDetailCell.h */ = {isa = PBXFileReference; fileEncoding = 4; lastKnownFileType = sourcecode.c.h; path = OrderDetailCell.h; sourceTree = "<group>"; };
		87C0221D1B130C7D005452C0 /* OrderDetailCell.m */ = {isa = PBXFileReference; fileEncoding = 4; lastKnownFileType = sourcecode.c.objc; path = OrderDetailCell.m; sourceTree = "<group>"; };
		87C0221F1B130C91005452C0 /* TVInfoCell.h */ = {isa = PBXFileReference; fileEncoding = 4; lastKnownFileType = sourcecode.c.h; path = TVInfoCell.h; sourceTree = "<group>"; };
		87C022201B130C91005452C0 /* TVInfoCell.m */ = {isa = PBXFileReference; fileEncoding = 4; lastKnownFileType = sourcecode.c.objc; path = TVInfoCell.m; sourceTree = "<group>"; };
		87C022221B130CA6005452C0 /* PayInfoCell.h */ = {isa = PBXFileReference; fileEncoding = 4; lastKnownFileType = sourcecode.c.h; path = PayInfoCell.h; sourceTree = "<group>"; };
		87C022231B130CA6005452C0 /* PayInfoCell.m */ = {isa = PBXFileReference; fileEncoding = 4; lastKnownFileType = sourcecode.c.objc; path = PayInfoCell.m; sourceTree = "<group>"; };
		87D2747E1B09DE7200189C33 /* RKSwipeBetweenViewControllers.h */ = {isa = PBXFileReference; fileEncoding = 4; lastKnownFileType = sourcecode.c.h; path = RKSwipeBetweenViewControllers.h; sourceTree = "<group>"; };
		87D2747F1B09DE7200189C33 /* RKSwipeBetweenViewControllers.m */ = {isa = PBXFileReference; fileEncoding = 4; lastKnownFileType = sourcecode.c.objc; path = RKSwipeBetweenViewControllers.m; sourceTree = "<group>"; };
		87D969B21B0DF59D0063F02B /* AvatorDetailViewController.h */ = {isa = PBXFileReference; fileEncoding = 4; lastKnownFileType = sourcecode.c.h; path = AvatorDetailViewController.h; sourceTree = "<group>"; };
		87D969B31B0DF59D0063F02B /* AvatorDetailViewController.m */ = {isa = PBXFileReference; fileEncoding = 4; lastKnownFileType = sourcecode.c.objc; path = AvatorDetailViewController.m; sourceTree = "<group>"; };
		87DBE1E31AFAFF0000AFB7BF /* TVForInstaller.app */ = {isa = PBXFileReference; explicitFileType = wrapper.application; includeInIndex = 0; path = TVForInstaller.app; sourceTree = BUILT_PRODUCTS_DIR; };
		87DBE1E71AFAFF0000AFB7BF /* Info.plist */ = {isa = PBXFileReference; lastKnownFileType = text.plist.xml; path = Info.plist; sourceTree = "<group>"; };
		87DBE1E81AFAFF0000AFB7BF /* main.m */ = {isa = PBXFileReference; lastKnownFileType = sourcecode.c.objc; path = main.m; sourceTree = "<group>"; };
		87DBE1EA1AFAFF0000AFB7BF /* AppDelegate.h */ = {isa = PBXFileReference; lastKnownFileType = sourcecode.c.h; path = AppDelegate.h; sourceTree = "<group>"; };
		87DBE1EB1AFAFF0000AFB7BF /* AppDelegate.mm */ = {isa = PBXFileReference; lastKnownFileType = sourcecode.cpp.objcpp; path = AppDelegate.mm; sourceTree = "<group>"; };
		87DBE1F11AFAFF0000AFB7BF /* Base */ = {isa = PBXFileReference; lastKnownFileType = file.storyboard; name = Base; path = Base.lproj/Main.storyboard; sourceTree = "<group>"; };
		87DBE1F31AFAFF0000AFB7BF /* Images.xcassets */ = {isa = PBXFileReference; lastKnownFileType = folder.assetcatalog; path = Images.xcassets; sourceTree = "<group>"; };
		87DBE1F61AFAFF0000AFB7BF /* Base */ = {isa = PBXFileReference; lastKnownFileType = file.xib; name = Base; path = Base.lproj/LaunchScreen.xib; sourceTree = "<group>"; };
		87DBE1FC1AFAFF0000AFB7BF /* TVForInstallerTests.xctest */ = {isa = PBXFileReference; explicitFileType = wrapper.cfbundle; includeInIndex = 0; path = TVForInstallerTests.xctest; sourceTree = BUILT_PRODUCTS_DIR; };
		87DBE2011AFAFF0000AFB7BF /* Info.plist */ = {isa = PBXFileReference; lastKnownFileType = text.plist.xml; path = Info.plist; sourceTree = "<group>"; };
		87DBE2021AFAFF0000AFB7BF /* TVForInstallerTests.m */ = {isa = PBXFileReference; lastKnownFileType = sourcecode.c.objc; path = TVForInstallerTests.m; sourceTree = "<group>"; };
		87DBE20E1AFB025800AFB7BF /* NetworkingManager.h */ = {isa = PBXFileReference; fileEncoding = 4; lastKnownFileType = sourcecode.c.h; path = NetworkingManager.h; sourceTree = "<group>"; };
		87DBE20F1AFB025800AFB7BF /* NetworkingManager.m */ = {isa = PBXFileReference; fileEncoding = 4; lastKnownFileType = sourcecode.c.objc; path = NetworkingManager.m; sourceTree = "<group>"; };
		87DBE2141AFB0A5E00AFB7BF /* ViewController.h */ = {isa = PBXFileReference; fileEncoding = 4; lastKnownFileType = sourcecode.c.h; path = ViewController.h; sourceTree = "<group>"; };
		87DBE2151AFB0A5E00AFB7BF /* ViewController.m */ = {isa = PBXFileReference; fileEncoding = 4; lastKnownFileType = sourcecode.c.objc; path = ViewController.m; sourceTree = "<group>"; };
		87DBE2171AFB0B5900AFB7BF /* storehouse.plist */ = {isa = PBXFileReference; fileEncoding = 4; lastKnownFileType = text.plist.xml; path = storehouse.plist; sourceTree = "<group>"; };
		87EA3A9D1B0A0C7D004AB8F7 /* SettingViewController.h */ = {isa = PBXFileReference; fileEncoding = 4; lastKnownFileType = sourcecode.c.h; path = SettingViewController.h; sourceTree = "<group>"; };
		87EA3A9E1B0A0C7D004AB8F7 /* SettingViewController.m */ = {isa = PBXFileReference; fileEncoding = 4; lastKnownFileType = sourcecode.c.objc; path = SettingViewController.m; sourceTree = "<group>"; };
		87EA3AA11B0A1055004AB8F7 /* OrderViewController.h */ = {isa = PBXFileReference; fileEncoding = 4; lastKnownFileType = sourcecode.c.h; path = OrderViewController.h; sourceTree = "<group>"; };
		87EA3AA21B0A1055004AB8F7 /* OrderViewController.m */ = {isa = PBXFileReference; fileEncoding = 4; lastKnownFileType = sourcecode.c.objc; path = OrderViewController.m; sourceTree = "<group>"; };
		87EA3AA81B0A10AE004AB8F7 /* LoginViewController.h */ = {isa = PBXFileReference; fileEncoding = 4; lastKnownFileType = sourcecode.c.h; path = LoginViewController.h; sourceTree = "<group>"; };
		87EA3AA91B0A10AE004AB8F7 /* LoginViewController.m */ = {isa = PBXFileReference; fileEncoding = 4; lastKnownFileType = sourcecode.c.objc; path = LoginViewController.m; sourceTree = "<group>"; };
		87EA3AAB1B0A11A1004AB8F7 /* LoginNavigationController.h */ = {isa = PBXFileReference; fileEncoding = 4; lastKnownFileType = sourcecode.c.h; path = LoginNavigationController.h; sourceTree = "<group>"; };
		87EA3AAC1B0A11A1004AB8F7 /* LoginNavigationController.m */ = {isa = PBXFileReference; fileEncoding = 4; lastKnownFileType = sourcecode.c.objc; path = LoginNavigationController.m; sourceTree = "<group>"; };
		87EA3AAE1B0A11AF004AB8F7 /* Login.storyboard */ = {isa = PBXFileReference; fileEncoding = 4; lastKnownFileType = file.storyboard; path = Login.storyboard; sourceTree = "<group>"; };
		87EA3AB01B0AC8A9004AB8F7 /* RootTabController.h */ = {isa = PBXFileReference; fileEncoding = 4; lastKnownFileType = sourcecode.c.h; path = RootTabController.h; sourceTree = "<group>"; };
		87EA3AB11B0AC8A9004AB8F7 /* RootTabController.m */ = {isa = PBXFileReference; fileEncoding = 4; lastKnownFileType = sourcecode.c.objc; path = RootTabController.m; sourceTree = "<group>"; };
		87F3B9F61B12F664004F55B2 /* CompleteCell.h */ = {isa = PBXFileReference; fileEncoding = 4; lastKnownFileType = sourcecode.c.h; path = CompleteCell.h; sourceTree = "<group>"; };
		87F3B9F71B12F664004F55B2 /* CompleteCell.m */ = {isa = PBXFileReference; fileEncoding = 4; lastKnownFileType = sourcecode.c.objc; path = CompleteCell.m; sourceTree = "<group>"; };
		B2774CDB7A14319073A81E4A /* Pods-TVForInstaller.debug.xcconfig */ = {isa = PBXFileReference; includeInIndex = 1; lastKnownFileType = text.xcconfig; name = "Pods-TVForInstaller.debug.xcconfig"; path = "Pods/Target Support Files/Pods-TVForInstaller/Pods-TVForInstaller.debug.xcconfig"; sourceTree = "<group>"; };
/* End PBXFileReference section */

/* Begin PBXFrameworksBuildPhase section */
		87DBE1E01AFAFF0000AFB7BF /* Frameworks */ = {
			isa = PBXFrameworksBuildPhase;
			buildActionMask = 2147483647;
			files = (
				8778705F1B563F9F0046650C /* CoreLocation.framework in Frameworks */,
				8778705D1B563F970046650C /* QuartzCore.framework in Frameworks */,
				8778705B1B563F900046650C /* OpenGLES.framework in Frameworks */,
				877870591B563F880046650C /* SystemConfiguration.framework in Frameworks */,
				877870571B563F7F0046650C /* CoreGraphics.framework in Frameworks */,
				877870551B563F750046650C /* Security.framework in Frameworks */,
				877870511B563F4A0046650C /* BaiduMapAPI.framework in Frameworks */,
				87B400C81B16C14400CC1C95 /* Platinum.framework in Frameworks */,
				847CF564A23C26653969DF8F /* libPods-TVForInstaller.a in Frameworks */,
			);
			runOnlyForDeploymentPostprocessing = 0;
		};
		87DBE1F91AFAFF0000AFB7BF /* Frameworks */ = {
			isa = PBXFrameworksBuildPhase;
			buildActionMask = 2147483647;
			files = (
			);
			runOnlyForDeploymentPostprocessing = 0;
		};
/* End PBXFrameworksBuildPhase section */

/* Begin PBXGroup section */
		304AB7D0B3BE0DC478A4352A /* Pods */ = {
			isa = PBXGroup;
			children = (
				B2774CDB7A14319073A81E4A /* Pods-TVForInstaller.debug.xcconfig */,
				8119E28A07EA9C1ABB1CA06E /* Pods-TVForInstaller.release.xcconfig */,
			);
			name = Pods;
			sourceTree = "<group>";
		};
		488D5A3FC8DCC7161CFF28C9 /* Frameworks */ = {
			isa = PBXGroup;
			children = (
				8778705E1B563F9F0046650C /* CoreLocation.framework */,
				8778705C1B563F970046650C /* QuartzCore.framework */,
				8778705A1B563F900046650C /* OpenGLES.framework */,
				877870581B563F880046650C /* SystemConfiguration.framework */,
				877870561B563F7F0046650C /* CoreGraphics.framework */,
				877870541B563F750046650C /* Security.framework */,
				877870501B563F4A0046650C /* BaiduMapAPI.framework */,
				6C44C3D71D410020F7C92B66 /* libPods-TVForInstaller.a */,
			);
			name = Frameworks;
			sourceTree = "<group>";
		};
		8716C0EF1B14560600389EC7 /* HexToRGB */ = {
			isa = PBXGroup;
			children = (
				8716C0F01B14561700389EC7 /* UIColor+HexRGB.h */,
				8716C0F11B14561700389EC7 /* UIColor+HexRGB.m */,
			);
			name = HexToRGB;
			sourceTree = "<group>";
		};
		8716C0F61B15564500389EC7 /* PersonalOrder */ = {
			isa = PBXGroup;
			children = (
				8716C0F71B15566B00389EC7 /* PersonalOrderTableViewController.h */,
				8716C0F81B15566B00389EC7 /* PersonalOrderTableViewController.m */,
				87B400B91B16ACDE00CC1C95 /* AddOrderTableViewCell.h */,
				87B400BA1B16ACDE00CC1C95 /* AddOrderTableViewCell.m */,
				87B400BC1B16ADD100CC1C95 /* ZhijiaTableViewCell.h */,
				87B400BD1B16ADD100CC1C95 /* ZhijiaTableViewCell.m */,
			);
			name = PersonalOrder;
			sourceTree = "<group>";
		};
		8716C1441B15721A00389EC7 /* OrderModel */ = {
			isa = PBXGroup;
			children = (
				8716C0FD1B15614F00389EC7 /* Order.xcdatamodeld */,
				8716C1061B1567D700389EC7 /* Applist.h */,
				8716C1071B1567D700389EC7 /* Applist.m */,
				8716C1031B1567D700389EC7 /* Order.h */,
				8716C1041B1567D700389EC7 /* Order.m */,
				8716C1001B1567D600389EC7 /* Bill.h */,
				8716C1011B1567D600389EC7 /* Bill.m */,
				8716C13E1B1568A800389EC7 /* OrderDataManager.h */,
				8716C13F1B1568A800389EC7 /* OrderDataManager.m */,
			);
			name = OrderModel;
			sourceTree = "<group>";
		};
		871973D01B0EC50D00D6CF36 /* MyAccount */ = {
			isa = PBXGroup;
			children = (
				871973D21B0EC53B00D6CF36 /* MyAccoutViewController.h */,
				871973D31B0EC53B00D6CF36 /* MyAccoutViewController.m */,
			);
			name = MyAccount;
			sourceTree = "<group>";
		};
		871973D11B0EC52A00D6CF36 /* Grade */ = {
			isa = PBXGroup;
			children = (
				871973D51B0EC54300D6CF36 /* GradeViewController.h */,
				871973D61B0EC54300D6CF36 /* GradeViewController.m */,
				877338101B11B3D000C2DDC4 /* storehouse.plist */,
				8773380E1B11AB3F00C2DDC4 /* grade.plist */,
				877338081B11A44A00C2DDC4 /* gradeDetailTableViewCell.h */,
				877338091B11A44A00C2DDC4 /* gradeDetailTableViewCell.m */,
				8773380B1B11A45600C2DDC4 /* GradeTotalTableViewCell.h */,
				8773380C1B11A45600C2DDC4 /* GradeTotalTableViewCell.m */,
			);
			name = Grade;
			sourceTree = "<group>";
		};
		871B77471B0C9BAA00810EE3 /* Device */ = {
			isa = PBXGroup;
			children = (
				871B77481B0C9BBB00810EE3 /* DeviceViewController.h */,
				871B77491B0C9BBB00810EE3 /* DeviceViewController.mm */,
				875BE53E1B1AA6170063056F /* DeviceManageCell.h */,
				875BE53F1B1AA6170063056F /* DeviceManageCell.m */,
				871B774B1B0CA41700810EE3 /* DeviceTableViewCell.h */,
				871B774C1B0CA41700810EE3 /* DeviceTableViewCell.m */,
				871B774E1B0CA54C00810EE3 /* DeviceContainer.h */,
				871B774F1B0CA54C00810EE3 /* DeviceContainer.m */,
			);
			name = Device;
			sourceTree = "<group>";
		};
		872DA8C91B0C893800C680B5 /* Info */ = {
			isa = PBXGroup;
			children = (
				87B400E11B17FAF500CC1C95 /* InfoTableViewController.h */,
				87B400E21B17FAF500CC1C95 /* InfoTableViewController.m */,
				87B400E41B18145400CC1C95 /* GenderViewController.h */,
				87B400E51B18145400CC1C95 /* GenderViewController.m */,
			);
			name = Info;
			sourceTree = "<group>";
		};
		872DA8CD1B0C94C600C680B5 /* About */ = {
			isa = PBXGroup;
			children = (
				872DA8CE1B0C94E100C680B5 /* AboutViewController.h */,
				872DA8CF1B0C94E100C680B5 /* AboutViewController.m */,
			);
			name = About;
			sourceTree = "<group>";
		};
		8736FDE81B0D806A00E3685C /* modifyPassword */ = {
			isa = PBXGroup;
			children = (
				8736FDE91B0D808900E3685C /* ModifyPasswordViewController.h */,
				8736FDEA1B0D808900E3685C /* ModifyPasswordViewController.m */,
			);
			name = modifyPassword;
			sourceTree = "<group>";
		};
		877870601B5642650046650C /* FetchOngoing */ = {
			isa = PBXGroup;
			children = (
				877870641B56521F0046650C /* OrderMapViewController.h */,
				877870651B56521F0046650C /* OrderMapViewController.m */,
			);
			name = FetchOngoing;
			sourceTree = "<group>";
		};
		877870671B5652BD0046650C /* MyOrder */ = {
			isa = PBXGroup;
			children = (
				877870681B56536E0046650C /* MyOrderViewController.h */,
				877870691B56536E0046650C /* MyOrderViewController.m */,
			);
			name = MyOrder;
			sourceTree = "<group>";
		};
		8785E9641B0C73E0003F4415 /* AppCollection */ = {
			isa = PBXGroup;
			children = (
				8785E9681B0C750E003F4415 /* APPCollectionViewCell.h */,
				8785E9691B0C750E003F4415 /* APPCollectionViewCell.m */,
			);
			name = AppCollection;
			sourceTree = "<group>";
		};
		878EE4051B0EDD77002E6B4E /* MyChildren */ = {
			isa = PBXGroup;
			children = (
				878EE4081B0EDDF1002E6B4E /* MyChildrenViewController.h */,
				878EE4091B0EDDF1002E6B4E /* MyChildrenViewController.m */,
				878CEC3C1B14460200FE0E21 /* ChildTableViewCell.h */,
				878CEC3D1B14460200FE0E21 /* ChildTableViewCell.m */,
			);
			name = MyChildren;
			sourceTree = "<group>";
		};
		878EE4061B0EDD8C002E6B4E /* Invitation */ = {
			isa = PBXGroup;
			children = (
				878EE40B1B0EDDFF002E6B4E /* InvatationViewController.h */,
				878EE40C1B0EDDFF002E6B4E /* InvatationViewController.m */,
			);
			name = Invitation;
			sourceTree = "<group>";
		};
		878EE4071B0EDD99002E6B4E /* InstallHistory */ = {
			isa = PBXGroup;
			children = (
				878EE4111B0EDE3D002E6B4E /* InstallHistoryViewController.h */,
				878EE4121B0EDE3D002E6B4E /* InstallHistoryViewController.m */,
			);
			name = InstallHistory;
			sourceTree = "<group>";
		};
		87B400C11B16C14400CC1C95 /* PlatinumKit */ = {
			isa = PBXGroup;
			children = (
				87B400CA1B16C17B00CC1C95 /* DLNADataManager.h */,
				87B400CB1B16C17B00CC1C95 /* DLNADataManager.mm */,
				87B400C21B16C14400CC1C95 /* DLNAManager.h */,
				87B400C31B16C14400CC1C95 /* DLNAManager.mm */,
				87B400C41B16C14400CC1C95 /* Platinum.framework */,
				87B400C51B16C14400CC1C95 /* PltMicroMediaController.h */,
				87B400C61B16C14400CC1C95 /* PltMicroMediaController.mm */,
			);
			path = PlatinumKit;
			sourceTree = SOURCE_ROOT;
		};
		87B400DE1B16F93700CC1C95 /* suspension */ = {
			isa = PBXGroup;
			children = (
				87B400CD1B16C30700CC1C95 /* SuspensionViewController.h */,
				87B400CE1B16C30700CC1C95 /* SuspensionViewController.mm */,
				87B400D01B16EE9700CC1C95 /* Animator.h */,
				87B400D11B16EE9700CC1C95 /* Animator.m */,
				87B400D51B16F1E600CC1C95 /* DeviceSuspensionController.h */,
				87B400D61B16F1E600CC1C95 /* DeviceSuspensionController.mm */,
				87B400DB1B16F8E900CC1C95 /* SuspensionCell.h */,
				87B400DC1B16F8E900CC1C95 /* SuspensionCell.m */,
				87B400D81B16F7EA00CC1C95 /* DeviceSuspensioner.h */,
				87B400D91B16F7EA00CC1C95 /* DeviceSuspensioner.m */,
			);
			name = suspension;
			sourceTree = "<group>";
		};
		87C022161B12FC2A005452C0 /* unsubmit */ = {
			isa = PBXGroup;
			children = (
				874753491B12C086003BD8A3 /* UnSubmitViewController.h */,
				8747534A1B12C086003BD8A3 /* UnSubmitViewController.m */,
				8716C0FA1B155D2000389EC7 /* SavedOrderCell.h */,
				8716C0FB1B155D2000389EC7 /* SavedOrderCell.m */,
				874753511B12D2C2003BD8A3 /* UnSubmitCell.h */,
				874753521B12D2C2003BD8A3 /* UnSubmitCell.m */,
				87C022181B12FCBB005452C0 /* Detail */,
			);
			name = unsubmit;
			sourceTree = "<group>";
		};
		87C022171B12FC3C005452C0 /* complete */ = {
			isa = PBXGroup;
			children = (
				8716C0F31B14A00200389EC7 /* CompleteTableViewController.h */,
				8716C0F41B14A00200389EC7 /* CompleteTableViewController.m */,
				87F3B9F61B12F664004F55B2 /* CompleteCell.h */,
				87F3B9F71B12F664004F55B2 /* CompleteCell.m */,
				87C022251B130E35005452C0 /* Detail */,
			);
			name = complete;
			sourceTree = "<group>";
		};
		87C022181B12FCBB005452C0 /* Detail */ = {
			isa = PBXGroup;
			children = (
				877778E01B13FEC0003DB4AA /* OrderDetailController.h */,
				877778E11B13FEC0003DB4AA /* OrderDetailController.mm */,
				87C0221C1B130C7D005452C0 /* OrderDetailCell.h */,
				87C0221D1B130C7D005452C0 /* OrderDetailCell.m */,
				87C0221F1B130C91005452C0 /* TVInfoCell.h */,
				87C022201B130C91005452C0 /* TVInfoCell.m */,
				87C022221B130CA6005452C0 /* PayInfoCell.h */,
				87C022231B130CA6005452C0 /* PayInfoCell.m */,
				878CEC391B14228900FE0E21 /* NumberChooseViewController.h */,
				878CEC3A1B14228900FE0E21 /* NumberChooseViewController.m */,
			);
			name = Detail;
			sourceTree = "<group>";
		};
		87C022251B130E35005452C0 /* Detail */ = {
			isa = PBXGroup;
			children = (
			);
			name = Detail;
			sourceTree = "<group>";
		};
		87D2747D1B09DE4E00189C33 /* RKSwipeBetweenViewController */ = {
			isa = PBXGroup;
			children = (
				87D2747E1B09DE7200189C33 /* RKSwipeBetweenViewControllers.h */,
				87D2747F1B09DE7200189C33 /* RKSwipeBetweenViewControllers.m */,
			);
			name = RKSwipeBetweenViewController;
			sourceTree = "<group>";
		};
		87DBE1DA1AFAFF0000AFB7BF = {
			isa = PBXGroup;
			children = (
				877870521B563F640046650C /* mapapi.bundle */,
				87DBE1E51AFAFF0000AFB7BF /* TVForInstaller */,
				87DBE1FF1AFAFF0000AFB7BF /* TVForInstallerTests */,
				87DBE1E41AFAFF0000AFB7BF /* Products */,
				304AB7D0B3BE0DC478A4352A /* Pods */,
				488D5A3FC8DCC7161CFF28C9 /* Frameworks */,
			);
			sourceTree = "<group>";
		};
		87DBE1E41AFAFF0000AFB7BF /* Products */ = {
			isa = PBXGroup;
			children = (
				87DBE1E31AFAFF0000AFB7BF /* TVForInstaller.app */,
				87DBE1FC1AFAFF0000AFB7BF /* TVForInstallerTests.xctest */,
			);
			name = Products;
			sourceTree = "<group>";
		};
		87DBE1E51AFAFF0000AFB7BF /* TVForInstaller */ = {
			isa = PBXGroup;
			children = (
				87DBE1F01AFAFF0000AFB7BF /* Main.storyboard */,
				87DBE1EA1AFAFF0000AFB7BF /* AppDelegate.h */,
				87DBE1EB1AFAFF0000AFB7BF /* AppDelegate.mm */,
				87EA3AB01B0AC8A9004AB8F7 /* RootTabController.h */,
				87EA3AB11B0AC8A9004AB8F7 /* RootTabController.m */,
				87B400DE1B16F93700CC1C95 /* suspension */,
				87EA3AA71B0A1094004AB8F7 /* Login */,
				87EA3AA01B0A1016004AB8F7 /* Orders */,
				87EA3AA61B0A105A004AB8F7 /* Applications */,
				87EA3A9C1B0A0C2C004AB8F7 /* Settings */,
				87DBE20D1AFB020800AFB7BF /* Util */,
				87DBE20C1AFB01F900AFB7BF /* Vendor */,
				87DBE1F31AFAFF0000AFB7BF /* Images.xcassets */,
				87DBE1F51AFAFF0000AFB7BF /* LaunchScreen.xib */,
				87DBE1E61AFAFF0000AFB7BF /* Supporting Files */,
			);
			path = TVForInstaller;
			sourceTree = "<group>";
		};
		87DBE1E61AFAFF0000AFB7BF /* Supporting Files */ = {
			isa = PBXGroup;
			children = (
				87DBE2141AFB0A5E00AFB7BF /* ViewController.h */,
				87DBE2151AFB0A5E00AFB7BF /* ViewController.m */,
				87DBE1E71AFAFF0000AFB7BF /* Info.plist */,
				87DBE1E81AFAFF0000AFB7BF /* main.m */,
			);
			name = "Supporting Files";
			sourceTree = "<group>";
		};
		87DBE1FF1AFAFF0000AFB7BF /* TVForInstallerTests */ = {
			isa = PBXGroup;
			children = (
				87DBE2021AFAFF0000AFB7BF /* TVForInstallerTests.m */,
				87DBE2001AFAFF0000AFB7BF /* Supporting Files */,
			);
			path = TVForInstallerTests;
			sourceTree = "<group>";
		};
		87DBE2001AFAFF0000AFB7BF /* Supporting Files */ = {
			isa = PBXGroup;
			children = (
				87DBE2011AFAFF0000AFB7BF /* Info.plist */,
			);
			name = "Supporting Files";
			sourceTree = "<group>";
		};
		87DBE20C1AFB01F900AFB7BF /* Vendor */ = {
			isa = PBXGroup;
			children = (
				8716C0EF1B14560600389EC7 /* HexToRGB */,
				87D2747D1B09DE4E00189C33 /* RKSwipeBetweenViewController */,
				87DBE2171AFB0B5900AFB7BF /* storehouse.plist */,
			);
			name = Vendor;
			sourceTree = "<group>";
		};
		87DBE20D1AFB020800AFB7BF /* Util */ = {
			isa = PBXGroup;
			children = (
				87B400C11B16C14400CC1C95 /* PlatinumKit */,
				87DBE20E1AFB025800AFB7BF /* NetworkingManager.h */,
				87DBE20F1AFB025800AFB7BF /* NetworkingManager.m */,
				871A232F1B0ACA1C00B484CA /* AccountManager.h */,
				871A23301B0ACA1C00B484CA /* AccountManager.m */,
				8785E9031B0ADB90003F4415 /* ComminUtility.h */,
				8785E9041B0ADB90003F4415 /* ComminUtility.m */,
				8785E91C1B0C162A003F4415 /* NSString+Hashes.h */,
				8785E91D1B0C162A003F4415 /* NSString+Hashes.m */,
				8785E9091B0AE6A5003F4415 /* NSDictionary+JSONString.h */,
				8785E90A1B0AE6A5003F4415 /* NSDictionary+JSONString.m */,
			);
			name = Util;
			sourceTree = "<group>";
		};
		87EA3A9C1B0A0C2C004AB8F7 /* Settings */ = {
			isa = PBXGroup;
			children = (
				872DA8C41B0C883F00C680B5 /* Setting.storyboard */,
				87EA3A9D1B0A0C7D004AB8F7 /* SettingViewController.h */,
				87EA3A9E1B0A0C7D004AB8F7 /* SettingViewController.m */,
				87D969B21B0DF59D0063F02B /* AvatorDetailViewController.h */,
				87D969B31B0DF59D0063F02B /* AvatorDetailViewController.m */,
				871B77471B0C9BAA00810EE3 /* Device */,
				871973D01B0EC50D00D6CF36 /* MyAccount */,
				871973D11B0EC52A00D6CF36 /* Grade */,
				878EE4051B0EDD77002E6B4E /* MyChildren */,
				878EE4061B0EDD8C002E6B4E /* Invitation */,
				878EE4071B0EDD99002E6B4E /* InstallHistory */,
				872DA8C91B0C893800C680B5 /* Info */,
				8736FDE81B0D806A00E3685C /* modifyPassword */,
				872DA8CD1B0C94C600C680B5 /* About */,
			);
			name = Settings;
			sourceTree = "<group>";
		};
		87EA3AA01B0A1016004AB8F7 /* Orders */ = {
			isa = PBXGroup;
			children = (
				87EA3AA11B0A1055004AB8F7 /* OrderViewController.h */,
				87EA3AA21B0A1055004AB8F7 /* OrderViewController.m */,
				8716C0F61B15564500389EC7 /* PersonalOrder */,
				87C022161B12FC2A005452C0 /* unsubmit */,
				87C022171B12FC3C005452C0 /* complete */,
				8716C1441B15721A00389EC7 /* OrderModel */,
				8747534F1B12C10C003BD8A3 /* Order.storyboard */,
				877870611B56452A0046650C /* OrderContainer.h */,
				877870621B56452A0046650C /* OrderContainer.m */,
				877870601B5642650046650C /* FetchOngoing */,
				877870671B5652BD0046650C /* MyOrder */,
			);
			name = Orders;
			sourceTree = "<group>";
		};
		87EA3AA61B0A105A004AB8F7 /* Applications */ = {
			isa = PBXGroup;
			children = (
				8785E9641B0C73E0003F4415 /* AppCollection */,
				8785E91F1B0C25E0003F4415 /* AppTableViewController.h */,
				872DA8C21B0C839500C680B5 /* AppTableViewController.mm */,
				8785E95E1B0C6E34003F4415 /* AppOneInstallCell.h */,
				8785E95F1B0C6E34003F4415 /* AppOneInstallCell.m */,
				8785E9611B0C6E7F003F4415 /* AppCollectionTableCell.h */,
				8785E9621B0C6E7F003F4415 /* AppCollectionTableCell.m */,
			);
			name = Applications;
			sourceTree = "<group>";
		};
		87EA3AA71B0A1094004AB8F7 /* Login */ = {
			isa = PBXGroup;
			children = (
				87EA3AAE1B0A11AF004AB8F7 /* Login.storyboard */,
				87EA3AAB1B0A11A1004AB8F7 /* LoginNavigationController.h */,
				87EA3AAC1B0A11A1004AB8F7 /* LoginNavigationController.m */,
				87EA3AA81B0A10AE004AB8F7 /* LoginViewController.h */,
				87EA3AA91B0A10AE004AB8F7 /* LoginViewController.m */,
				871A23321B0ACF7200B484CA /* RegisterViewController.h */,
				871A23331B0ACF7200B484CA /* RegisterViewController.m */,
				871A23351B0ACF8300B484CA /* ForgetViewController.h */,
				871A23361B0ACF8300B484CA /* ForgetViewController.m */,
			);
			name = Login;
			sourceTree = "<group>";
		};
/* End PBXGroup section */

/* Begin PBXNativeTarget section */
		87DBE1E21AFAFF0000AFB7BF /* TVForInstaller */ = {
			isa = PBXNativeTarget;
			buildConfigurationList = 87DBE2061AFAFF0000AFB7BF /* Build configuration list for PBXNativeTarget "TVForInstaller" */;
			buildPhases = (
				B3FA76FD52466F4866C61106 /* Check Pods Manifest.lock */,
				87DBE1DF1AFAFF0000AFB7BF /* Sources */,
				87DBE1E01AFAFF0000AFB7BF /* Frameworks */,
				87DBE1E11AFAFF0000AFB7BF /* Resources */,
				268038413F48264E3D42309B /* Copy Pods Resources */,
			);
			buildRules = (
			);
			dependencies = (
			);
			name = TVForInstaller;
			productName = TVForInstaller;
			productReference = 87DBE1E31AFAFF0000AFB7BF /* TVForInstaller.app */;
			productType = "com.apple.product-type.application";
		};
		87DBE1FB1AFAFF0000AFB7BF /* TVForInstallerTests */ = {
			isa = PBXNativeTarget;
			buildConfigurationList = 87DBE2091AFAFF0000AFB7BF /* Build configuration list for PBXNativeTarget "TVForInstallerTests" */;
			buildPhases = (
				87DBE1F81AFAFF0000AFB7BF /* Sources */,
				87DBE1F91AFAFF0000AFB7BF /* Frameworks */,
				87DBE1FA1AFAFF0000AFB7BF /* Resources */,
			);
			buildRules = (
			);
			dependencies = (
				87DBE1FE1AFAFF0000AFB7BF /* PBXTargetDependency */,
			);
			name = TVForInstallerTests;
			productName = TVForInstallerTests;
			productReference = 87DBE1FC1AFAFF0000AFB7BF /* TVForInstallerTests.xctest */;
			productType = "com.apple.product-type.bundle.unit-test";
		};
/* End PBXNativeTarget section */

/* Begin PBXProject section */
		87DBE1DB1AFAFF0000AFB7BF /* Project object */ = {
			isa = PBXProject;
			attributes = {
				LastUpgradeCheck = 0630;
				ORGANIZATIONNAME = AlienLi;
				TargetAttributes = {
					87DBE1E21AFAFF0000AFB7BF = {
						CreatedOnToolsVersion = 6.3.1;
					};
					87DBE1FB1AFAFF0000AFB7BF = {
						CreatedOnToolsVersion = 6.3.1;
						TestTargetID = 87DBE1E21AFAFF0000AFB7BF;
					};
				};
			};
			buildConfigurationList = 87DBE1DE1AFAFF0000AFB7BF /* Build configuration list for PBXProject "TVForInstaller" */;
			compatibilityVersion = "Xcode 3.2";
			developmentRegion = English;
			hasScannedForEncodings = 0;
			knownRegions = (
				en,
				Base,
			);
			mainGroup = 87DBE1DA1AFAFF0000AFB7BF;
			productRefGroup = 87DBE1E41AFAFF0000AFB7BF /* Products */;
			projectDirPath = "";
			projectRoot = "";
			targets = (
				87DBE1E21AFAFF0000AFB7BF /* TVForInstaller */,
				87DBE1FB1AFAFF0000AFB7BF /* TVForInstallerTests */,
			);
		};
/* End PBXProject section */

/* Begin PBXResourcesBuildPhase section */
		87DBE1E11AFAFF0000AFB7BF /* Resources */ = {
			isa = PBXResourcesBuildPhase;
			buildActionMask = 2147483647;
			files = (
				8773380F1B11AB3F00C2DDC4 /* grade.plist in Resources */,
				87EA3AAF1B0A11AF004AB8F7 /* Login.storyboard in Resources */,
				877338111B11B3D000C2DDC4 /* storehouse.plist in Resources */,
				877870531B563F640046650C /* mapapi.bundle in Resources */,
				87DBE1F21AFAFF0000AFB7BF /* Main.storyboard in Resources */,
				87DBE1F71AFAFF0000AFB7BF /* LaunchScreen.xib in Resources */,
				874753501B12C10C003BD8A3 /* Order.storyboard in Resources */,
				87DBE1F41AFAFF0000AFB7BF /* Images.xcassets in Resources */,
				872DA8C51B0C883F00C680B5 /* Setting.storyboard in Resources */,
			);
			runOnlyForDeploymentPostprocessing = 0;
		};
		87DBE1FA1AFAFF0000AFB7BF /* Resources */ = {
			isa = PBXResourcesBuildPhase;
			buildActionMask = 2147483647;
			files = (
			);
			runOnlyForDeploymentPostprocessing = 0;
		};
/* End PBXResourcesBuildPhase section */

/* Begin PBXShellScriptBuildPhase section */
		268038413F48264E3D42309B /* Copy Pods Resources */ = {
			isa = PBXShellScriptBuildPhase;
			buildActionMask = 2147483647;
			files = (
			);
			inputPaths = (
			);
			name = "Copy Pods Resources";
			outputPaths = (
			);
			runOnlyForDeploymentPostprocessing = 0;
			shellPath = /bin/sh;
			shellScript = "\"${SRCROOT}/Pods/Target Support Files/Pods-TVForInstaller/Pods-TVForInstaller-resources.sh\"\n";
			showEnvVarsInLog = 0;
		};
		B3FA76FD52466F4866C61106 /* Check Pods Manifest.lock */ = {
			isa = PBXShellScriptBuildPhase;
			buildActionMask = 2147483647;
			files = (
			);
			inputPaths = (
			);
			name = "Check Pods Manifest.lock";
			outputPaths = (
			);
			runOnlyForDeploymentPostprocessing = 0;
			shellPath = /bin/sh;
			shellScript = "diff \"${PODS_ROOT}/../Podfile.lock\" \"${PODS_ROOT}/Manifest.lock\" > /dev/null\nif [[ $? != 0 ]] ; then\n    cat << EOM\nerror: The sandbox is not in sync with the Podfile.lock. Run 'pod install' or update your CocoaPods installation.\nEOM\n    exit 1\nfi\n";
			showEnvVarsInLog = 0;
		};
/* End PBXShellScriptBuildPhase section */

/* Begin PBXSourcesBuildPhase section */
		87DBE1DF1AFAFF0000AFB7BF /* Sources */ = {
			isa = PBXSourcesBuildPhase;
			buildActionMask = 2147483647;
			files = (
				87B400E31B17FAF500CC1C95 /* InfoTableViewController.m in Sources */,
				874753531B12D2C2003BD8A3 /* UnSubmitCell.m in Sources */,
				871B774A1B0C9BBB00810EE3 /* DeviceViewController.mm in Sources */,
				872DA8C31B0C839500C680B5 /* AppTableViewController.mm in Sources */,
				8773380A1B11A44A00C2DDC4 /* gradeDetailTableViewCell.m in Sources */,
				87B400E61B18145400CC1C95 /* GenderViewController.m in Sources */,
				8716C0FF1B15614F00389EC7 /* Order.xcdatamodeld in Sources */,
				878EE40A1B0EDDF1002E6B4E /* MyChildrenViewController.m in Sources */,
				877870661B56521F0046650C /* OrderMapViewController.m in Sources */,
				87DBE2101AFB025800AFB7BF /* NetworkingManager.m in Sources */,
				875BE5401B1AA6170063056F /* DeviceManageCell.m in Sources */,
				878CEC3E1B14460200FE0E21 /* ChildTableViewCell.m in Sources */,
				87EA3AA41B0A1055004AB8F7 /* OrderViewController.m in Sources */,
				871A23371B0ACF8300B484CA /* ForgetViewController.m in Sources */,
				878CEC3B1B14228900FE0E21 /* NumberChooseViewController.m in Sources */,
				87C022241B130CA6005452C0 /* PayInfoCell.m in Sources */,
				8716C0F51B14A00200389EC7 /* CompleteTableViewController.m in Sources */,
				87D969B41B0DF59D0063F02B /* AvatorDetailViewController.m in Sources */,
				871B774D1B0CA41700810EE3 /* DeviceTableViewCell.m in Sources */,
				8716C1081B1567D700389EC7 /* Applist.m in Sources */,
				87B400D71B16F1E600CC1C95 /* DeviceSuspensionController.mm in Sources */,
				87C0221E1B130C7D005452C0 /* OrderDetailCell.m in Sources */,
				8773380D1B11A45600C2DDC4 /* GradeTotalTableViewCell.m in Sources */,
				8716C0F21B14561700389EC7 /* UIColor+HexRGB.m in Sources */,
				87DBE1EC1AFAFF0000AFB7BF /* AppDelegate.mm in Sources */,
				87B400CC1B16C17B00CC1C95 /* DLNADataManager.mm in Sources */,
				87B400C71B16C14400CC1C95 /* DLNAManager.mm in Sources */,
				87C022211B130C91005452C0 /* TVInfoCell.m in Sources */,
				87B400C91B16C14400CC1C95 /* PltMicroMediaController.mm in Sources */,
				8785E91E1B0C162A003F4415 /* NSString+Hashes.m in Sources */,
				8785E9631B0C6E7F003F4415 /* AppCollectionTableCell.m in Sources */,
				871A23341B0ACF7200B484CA /* RegisterViewController.m in Sources */,
				87DBE1E91AFAFF0000AFB7BF /* main.m in Sources */,
				87EA3AAA1B0A10AE004AB8F7 /* LoginViewController.m in Sources */,
				87B400BE1B16ADD100CC1C95 /* ZhijiaTableViewCell.m in Sources */,
				87EA3AB21B0AC8A9004AB8F7 /* RootTabController.m in Sources */,
				87B400DA1B16F7EA00CC1C95 /* DeviceSuspensioner.m in Sources */,
				87B400DD1B16F8E900CC1C95 /* SuspensionCell.m in Sources */,
				871973D71B0EC54300D6CF36 /* GradeViewController.m in Sources */,
				8736FDEB1B0D808900E3685C /* ModifyPasswordViewController.m in Sources */,
				8716C0FC1B155D2000389EC7 /* SavedOrderCell.m in Sources */,
				878EE40D1B0EDDFF002E6B4E /* InvatationViewController.m in Sources */,
				8785E96A1B0C750E003F4415 /* APPCollectionViewCell.m in Sources */,
				87DBE2161AFB0A5E00AFB7BF /* ViewController.m in Sources */,
				871A23311B0ACA1C00B484CA /* AccountManager.m in Sources */,
				8716C1051B1567D700389EC7 /* Order.m in Sources */,
				8785E90B1B0AE6A5003F4415 /* NSDictionary+JSONString.m in Sources */,
				8785E9601B0C6E34003F4415 /* AppOneInstallCell.m in Sources */,
				8716C1021B1567D600389EC7 /* Bill.m in Sources */,
				877870631B56452A0046650C /* OrderContainer.m in Sources */,
				87B400BB1B16ACDE00CC1C95 /* AddOrderTableViewCell.m in Sources */,
				871973D41B0EC53B00D6CF36 /* MyAccoutViewController.m in Sources */,
				877778E21B13FEC0003DB4AA /* OrderDetailController.mm in Sources */,
				8716C0F91B15566B00389EC7 /* PersonalOrderTableViewController.m in Sources */,
				8716C1401B1568A800389EC7 /* OrderDataManager.m in Sources */,
				87EA3A9F1B0A0C7D004AB8F7 /* SettingViewController.m in Sources */,
				872DA8D01B0C94E100C680B5 /* AboutViewController.m in Sources */,
				87B400CF1B16C30700CC1C95 /* SuspensionViewController.mm in Sources */,
				8747534B1B12C086003BD8A3 /* UnSubmitViewController.m in Sources */,
				871B77501B0CA54C00810EE3 /* DeviceContainer.m in Sources */,
				878EE4131B0EDE3D002E6B4E /* InstallHistoryViewController.m in Sources */,
				8778706A1B56536E0046650C /* MyOrderViewController.m in Sources */,
				87EA3AAD1B0A11A1004AB8F7 /* LoginNavigationController.m in Sources */,
				87F3B9F81B12F664004F55B2 /* CompleteCell.m in Sources */,
				87D274801B09DE7200189C33 /* RKSwipeBetweenViewControllers.m in Sources */,
				8785E9051B0ADB90003F4415 /* ComminUtility.m in Sources */,
				87B400D21B16EE9700CC1C95 /* Animator.m in Sources */,
			);
			runOnlyForDeploymentPostprocessing = 0;
		};
		87DBE1F81AFAFF0000AFB7BF /* Sources */ = {
			isa = PBXSourcesBuildPhase;
			buildActionMask = 2147483647;
			files = (
				87DBE2031AFAFF0000AFB7BF /* TVForInstallerTests.m in Sources */,
			);
			runOnlyForDeploymentPostprocessing = 0;
		};
/* End PBXSourcesBuildPhase section */

/* Begin PBXTargetDependency section */
		87DBE1FE1AFAFF0000AFB7BF /* PBXTargetDependency */ = {
			isa = PBXTargetDependency;
			target = 87DBE1E21AFAFF0000AFB7BF /* TVForInstaller */;
			targetProxy = 87DBE1FD1AFAFF0000AFB7BF /* PBXContainerItemProxy */;
		};
/* End PBXTargetDependency section */

/* Begin PBXVariantGroup section */
		87DBE1F01AFAFF0000AFB7BF /* Main.storyboard */ = {
			isa = PBXVariantGroup;
			children = (
				87DBE1F11AFAFF0000AFB7BF /* Base */,
			);
			name = Main.storyboard;
			sourceTree = "<group>";
		};
		87DBE1F51AFAFF0000AFB7BF /* LaunchScreen.xib */ = {
			isa = PBXVariantGroup;
			children = (
				87DBE1F61AFAFF0000AFB7BF /* Base */,
			);
			name = LaunchScreen.xib;
			sourceTree = "<group>";
		};
/* End PBXVariantGroup section */

/* Begin XCBuildConfiguration section */
		87DBE2041AFAFF0000AFB7BF /* Debug */ = {
			isa = XCBuildConfiguration;
			buildSettings = {
				ALWAYS_SEARCH_USER_PATHS = NO;
				CLANG_CXX_LANGUAGE_STANDARD = "gnu++0x";
				CLANG_CXX_LIBRARY = "libc++";
				CLANG_ENABLE_MODULES = YES;
				CLANG_ENABLE_OBJC_ARC = YES;
				CLANG_WARN_BOOL_CONVERSION = YES;
				CLANG_WARN_CONSTANT_CONVERSION = YES;
				CLANG_WARN_DIRECT_OBJC_ISA_USAGE = YES_ERROR;
				CLANG_WARN_EMPTY_BODY = YES;
				CLANG_WARN_ENUM_CONVERSION = YES;
				CLANG_WARN_INT_CONVERSION = YES;
				CLANG_WARN_OBJC_ROOT_CLASS = YES_ERROR;
				CLANG_WARN_UNREACHABLE_CODE = YES;
				CLANG_WARN__DUPLICATE_METHOD_MATCH = YES;
				"CODE_SIGN_IDENTITY[sdk=iphoneos*]" = "iPhone Developer";
				COPY_PHASE_STRIP = NO;
				DEBUG_INFORMATION_FORMAT = "dwarf-with-dsym";
				ENABLE_STRICT_OBJC_MSGSEND = YES;
				GCC_C_LANGUAGE_STANDARD = gnu99;
				GCC_DYNAMIC_NO_PIC = NO;
				GCC_NO_COMMON_BLOCKS = YES;
				GCC_OPTIMIZATION_LEVEL = 0;
				GCC_PREPROCESSOR_DEFINITIONS = (
					"DEBUG=1",
					"$(inherited)",
				);
				GCC_SYMBOLS_PRIVATE_EXTERN = NO;
				GCC_WARN_64_TO_32_BIT_CONVERSION = YES;
				GCC_WARN_ABOUT_RETURN_TYPE = YES_ERROR;
				GCC_WARN_UNDECLARED_SELECTOR = YES;
				GCC_WARN_UNINITIALIZED_AUTOS = YES_AGGRESSIVE;
				GCC_WARN_UNUSED_FUNCTION = YES;
				GCC_WARN_UNUSED_VARIABLE = YES;
				IPHONEOS_DEPLOYMENT_TARGET = 8.3;
				MTL_ENABLE_DEBUG_INFO = YES;
				ONLY_ACTIVE_ARCH = YES;
				SDKROOT = iphoneos;
			};
			name = Debug;
		};
		87DBE2051AFAFF0000AFB7BF /* Release */ = {
			isa = XCBuildConfiguration;
			buildSettings = {
				ALWAYS_SEARCH_USER_PATHS = NO;
				CLANG_CXX_LANGUAGE_STANDARD = "gnu++0x";
				CLANG_CXX_LIBRARY = "libc++";
				CLANG_ENABLE_MODULES = YES;
				CLANG_ENABLE_OBJC_ARC = YES;
				CLANG_WARN_BOOL_CONVERSION = YES;
				CLANG_WARN_CONSTANT_CONVERSION = YES;
				CLANG_WARN_DIRECT_OBJC_ISA_USAGE = YES_ERROR;
				CLANG_WARN_EMPTY_BODY = YES;
				CLANG_WARN_ENUM_CONVERSION = YES;
				CLANG_WARN_INT_CONVERSION = YES;
				CLANG_WARN_OBJC_ROOT_CLASS = YES_ERROR;
				CLANG_WARN_UNREACHABLE_CODE = YES;
				CLANG_WARN__DUPLICATE_METHOD_MATCH = YES;
				"CODE_SIGN_IDENTITY[sdk=iphoneos*]" = "iPhone Developer";
				COPY_PHASE_STRIP = NO;
				DEBUG_INFORMATION_FORMAT = "dwarf-with-dsym";
				ENABLE_NS_ASSERTIONS = NO;
				ENABLE_STRICT_OBJC_MSGSEND = YES;
				GCC_C_LANGUAGE_STANDARD = gnu99;
				GCC_NO_COMMON_BLOCKS = YES;
				GCC_WARN_64_TO_32_BIT_CONVERSION = YES;
				GCC_WARN_ABOUT_RETURN_TYPE = YES_ERROR;
				GCC_WARN_UNDECLARED_SELECTOR = YES;
				GCC_WARN_UNINITIALIZED_AUTOS = YES_AGGRESSIVE;
				GCC_WARN_UNUSED_FUNCTION = YES;
				GCC_WARN_UNUSED_VARIABLE = YES;
				IPHONEOS_DEPLOYMENT_TARGET = 8.3;
				MTL_ENABLE_DEBUG_INFO = NO;
				SDKROOT = iphoneos;
				VALIDATE_PRODUCT = YES;
			};
			name = Release;
		};
		87DBE2071AFAFF0000AFB7BF /* Debug */ = {
			isa = XCBuildConfiguration;
			baseConfigurationReference = B2774CDB7A14319073A81E4A /* Pods-TVForInstaller.debug.xcconfig */;
			buildSettings = {
				ASSETCATALOG_COMPILER_APPICON_NAME = AppIcon;
				ASSETCATALOG_COMPILER_LAUNCHIMAGE_NAME = LaunchImage;
				CODE_SIGN_IDENTITY = "iPhone Developer: agent liam (ZCQZ824KK4)";
				FRAMEWORK_SEARCH_PATHS = (
					"$(inherited)",
					"$(PROJECT_DIR)",
					"$(PROJECT_DIR)/PlatinumKit",
				);
				INFOPLIST_FILE = TVForInstaller/Info.plist;
				IPHONEOS_DEPLOYMENT_TARGET = 8.0;
				LD_RUNPATH_SEARCH_PATHS = "$(inherited) @executable_path/Frameworks";
				PRODUCT_NAME = "$(TARGET_NAME)";
				PROVISIONING_PROFILE = "a3e65a96-f690-41fb-b826-dc58706eb243";
			};
			name = Debug;
		};
		87DBE2081AFAFF0000AFB7BF /* Release */ = {
			isa = XCBuildConfiguration;
			baseConfigurationReference = 8119E28A07EA9C1ABB1CA06E /* Pods-TVForInstaller.release.xcconfig */;
			buildSettings = {
				ASSETCATALOG_COMPILER_APPICON_NAME = AppIcon;
				ASSETCATALOG_COMPILER_LAUNCHIMAGE_NAME = LaunchImage;
				CODE_SIGN_IDENTITY = "iPhone Developer: agent liam (ZCQZ824KK4)";
				FRAMEWORK_SEARCH_PATHS = (
					"$(inherited)",
					"$(PROJECT_DIR)",
					"$(PROJECT_DIR)/PlatinumKit",
				);
				INFOPLIST_FILE = TVForInstaller/Info.plist;
				IPHONEOS_DEPLOYMENT_TARGET = 8.0;
				LD_RUNPATH_SEARCH_PATHS = "$(inherited) @executable_path/Frameworks";
				PRODUCT_NAME = "$(TARGET_NAME)";
				PROVISIONING_PROFILE = "a3e65a96-f690-41fb-b826-dc58706eb243";
			};
			name = Release;
		};
		87DBE20A1AFAFF0000AFB7BF /* Debug */ = {
			isa = XCBuildConfiguration;
			buildSettings = {
				BUNDLE_LOADER = "$(TEST_HOST)";
				FRAMEWORK_SEARCH_PATHS = (
					"$(SDKROOT)/Developer/Library/Frameworks",
					"$(inherited)",
				);
				GCC_PREPROCESSOR_DEFINITIONS = (
					"DEBUG=1",
					"$(inherited)",
				);
				INFOPLIST_FILE = TVForInstallerTests/Info.plist;
				LD_RUNPATH_SEARCH_PATHS = "$(inherited) @executable_path/Frameworks @loader_path/Frameworks";
				PRODUCT_NAME = "$(TARGET_NAME)";
				TEST_HOST = "$(BUILT_PRODUCTS_DIR)/TVForInstaller.app/TVForInstaller";
			};
			name = Debug;
		};
		87DBE20B1AFAFF0000AFB7BF /* Release */ = {
			isa = XCBuildConfiguration;
			buildSettings = {
				BUNDLE_LOADER = "$(TEST_HOST)";
				FRAMEWORK_SEARCH_PATHS = (
					"$(SDKROOT)/Developer/Library/Frameworks",
					"$(inherited)",
				);
				INFOPLIST_FILE = TVForInstallerTests/Info.plist;
				LD_RUNPATH_SEARCH_PATHS = "$(inherited) @executable_path/Frameworks @loader_path/Frameworks";
				PRODUCT_NAME = "$(TARGET_NAME)";
				TEST_HOST = "$(BUILT_PRODUCTS_DIR)/TVForInstaller.app/TVForInstaller";
			};
			name = Release;
		};
/* End XCBuildConfiguration section */

/* Begin XCConfigurationList section */
		87DBE1DE1AFAFF0000AFB7BF /* Build configuration list for PBXProject "TVForInstaller" */ = {
			isa = XCConfigurationList;
			buildConfigurations = (
				87DBE2041AFAFF0000AFB7BF /* Debug */,
				87DBE2051AFAFF0000AFB7BF /* Release */,
			);
			defaultConfigurationIsVisible = 0;
			defaultConfigurationName = Release;
		};
		87DBE2061AFAFF0000AFB7BF /* Build configuration list for PBXNativeTarget "TVForInstaller" */ = {
			isa = XCConfigurationList;
			buildConfigurations = (
				87DBE2071AFAFF0000AFB7BF /* Debug */,
				87DBE2081AFAFF0000AFB7BF /* Release */,
			);
			defaultConfigurationIsVisible = 0;
			defaultConfigurationName = Release;
		};
		87DBE2091AFAFF0000AFB7BF /* Build configuration list for PBXNativeTarget "TVForInstallerTests" */ = {
			isa = XCConfigurationList;
			buildConfigurations = (
				87DBE20A1AFAFF0000AFB7BF /* Debug */,
				87DBE20B1AFAFF0000AFB7BF /* Release */,
			);
			defaultConfigurationIsVisible = 0;
			defaultConfigurationName = Release;
		};
/* End XCConfigurationList section */

/* Begin XCVersionGroup section */
		8716C0FD1B15614F00389EC7 /* Order.xcdatamodeld */ = {
			isa = XCVersionGroup;
			children = (
				8716C0FE1B15614F00389EC7 /* Order.xcdatamodel */,
			);
			currentVersion = 8716C0FE1B15614F00389EC7 /* Order.xcdatamodel */;
			path = Order.xcdatamodeld;
			sourceTree = "<group>";
			versionGroupType = wrapper.xcdatamodel;
		};
/* End XCVersionGroup section */
	};
	rootObject = 87DBE1DB1AFAFF0000AFB7BF /* Project object */;
}
