// !$*UTF8*$!
{
	archiveVersion = 1;
	classes = {
	};
	objectVersion = 46;
	objects = {

/* Begin PBXBuildFile section */
		847CF564A23C26653969DF8F /* libPods-TVForInstaller.a in Frameworks */ = {isa = PBXBuildFile; fileRef = 6C44C3D71D410020F7C92B66 /* libPods-TVForInstaller.a */; };
		871973D41B0EC53B00D6CF36 /* MyAccoutViewController.m in Sources */ = {isa = PBXBuildFile; fileRef = 871973D31B0EC53B00D6CF36 /* MyAccoutViewController.m */; };
		871973D71B0EC54300D6CF36 /* GradeViewController.m in Sources */ = {isa = PBXBuildFile; fileRef = 871973D61B0EC54300D6CF36 /* GradeViewController.m */; };
		871A23311B0ACA1C00B484CA /* AccountManager.m in Sources */ = {isa = PBXBuildFile; fileRef = 871A23301B0ACA1C00B484CA /* AccountManager.m */; };
		871A23341B0ACF7200B484CA /* RegisterViewController.m in Sources */ = {isa = PBXBuildFile; fileRef = 871A23331B0ACF7200B484CA /* RegisterViewController.m */; };
		871A23371B0ACF8300B484CA /* ForgetViewController.m in Sources */ = {isa = PBXBuildFile; fileRef = 871A23361B0ACF8300B484CA /* ForgetViewController.m */; };
		871B774A1B0C9BBB00810EE3 /* DeviceViewController.mm in Sources */ = {isa = PBXBuildFile; fileRef = 871B77491B0C9BBB00810EE3 /* DeviceViewController.mm */; };
		871B774D1B0CA41700810EE3 /* DeviceTableViewCell.m in Sources */ = {isa = PBXBuildFile; fileRef = 871B774C1B0CA41700810EE3 /* DeviceTableViewCell.m */; };
		871B77501B0CA54C00810EE3 /* DeviceContainer.m in Sources */ = {isa = PBXBuildFile; fileRef = 871B774F1B0CA54C00810EE3 /* DeviceContainer.m */; };
		871E651C1B639FC400A9ACA1 /* TotalFeeViewController.m in Sources */ = {isa = PBXBuildFile; fileRef = 871E651B1B639FC400A9ACA1 /* TotalFeeViewController.m */; };
		872A61A91B5B519900D62439 /* baiduNaviSDK.bundle in Resources */ = {isa = PBXBuildFile; fileRef = 872A61791B5B519900D62439 /* baiduNaviSDK.bundle */; };
		872A61AA1B5B519900D62439 /* BaiduMobStat.a in Frameworks */ = {isa = PBXBuildFile; fileRef = 872A617B1B5B519900D62439 /* BaiduMobStat.a */; };
		872A61AB1B5B519900D62439 /* CDataScanner.m in Sources */ = {isa = PBXBuildFile; fileRef = 872A617F1B5B519900D62439 /* CDataScanner.m */; settings = {COMPILER_FLAGS = "-fno-objc-arc"; }; };
		872A61AC1B5B519900D62439 /* CFilteringJSONSerializer.m in Sources */ = {isa = PBXBuildFile; fileRef = 872A61821B5B519900D62439 /* CFilteringJSONSerializer.m */; settings = {COMPILER_FLAGS = "-fno-objc-arc"; }; };
		872A61AD1B5B519900D62439 /* CJSONDeserializer_BlocksExtensions.m in Sources */ = {isa = PBXBuildFile; fileRef = 872A61841B5B519900D62439 /* CJSONDeserializer_BlocksExtensions.m */; settings = {COMPILER_FLAGS = "-fno-objc-arc"; }; };
		872A61AE1B5B519900D62439 /* CJSONSerialization.m in Sources */ = {isa = PBXBuildFile; fileRef = 872A61861B5B519900D62439 /* CJSONSerialization.m */; settings = {COMPILER_FLAGS = "-fno-objc-arc"; }; };
		872A61AF1B5B519900D62439 /* CJSONSerializedData.m in Sources */ = {isa = PBXBuildFile; fileRef = 872A61881B5B519900D62439 /* CJSONSerializedData.m */; settings = {COMPILER_FLAGS = "-fno-objc-arc"; }; };
		872A61B01B5B519900D62439 /* CDataScanner_Extensions.m in Sources */ = {isa = PBXBuildFile; fileRef = 872A618B1B5B519900D62439 /* CDataScanner_Extensions.m */; settings = {COMPILER_FLAGS = "-fno-objc-arc"; }; };
		872A61B11B5B519900D62439 /* NSCharacterSet_Extensions.m in Sources */ = {isa = PBXBuildFile; fileRef = 872A618D1B5B519900D62439 /* NSCharacterSet_Extensions.m */; settings = {COMPILER_FLAGS = "-fno-objc-arc"; }; };
		872A61B21B5B519900D62439 /* NSDictionary_JSONExtensions.m in Sources */ = {isa = PBXBuildFile; fileRef = 872A618F1B5B519900D62439 /* NSDictionary_JSONExtensions.m */; settings = {COMPILER_FLAGS = "-fno-objc-arc"; }; };
		872A61B31B5B519900D62439 /* NSScanner_Extensions.m in Sources */ = {isa = PBXBuildFile; fileRef = 872A61911B5B519900D62439 /* NSScanner_Extensions.m */; settings = {COMPILER_FLAGS = "-fno-objc-arc"; }; };
		872A61B41B5B519900D62439 /* CJSONDataSerializer.m in Sources */ = {isa = PBXBuildFile; fileRef = 872A61941B5B519900D62439 /* CJSONDataSerializer.m */; settings = {COMPILER_FLAGS = "-fno-objc-arc"; }; };
		872A61B51B5B519900D62439 /* CJSONDeserializer.m in Sources */ = {isa = PBXBuildFile; fileRef = 872A61961B5B519900D62439 /* CJSONDeserializer.m */; settings = {COMPILER_FLAGS = "-fno-objc-arc"; }; };
		872A61B61B5B519900D62439 /* CJSONScanner.m in Sources */ = {isa = PBXBuildFile; fileRef = 872A61981B5B519900D62439 /* CJSONScanner.m */; settings = {COMPILER_FLAGS = "-fno-objc-arc"; }; };
		872A61B71B5B519900D62439 /* CJSONSerializer.m in Sources */ = {isa = PBXBuildFile; fileRef = 872A619A1B5B519900D62439 /* CJSONSerializer.m */; settings = {COMPILER_FLAGS = "-fno-objc-arc"; }; };
		872A61B81B5B519900D62439 /* CSerializedJSONData.m in Sources */ = {isa = PBXBuildFile; fileRef = 872A619C1B5B519900D62439 /* CSerializedJSONData.m */; settings = {COMPILER_FLAGS = "-fno-objc-arc"; }; };
		872A61BA1B5B519900D62439 /* updatelog.txt in Resources */ = {isa = PBXBuildFile; fileRef = 872A61A81B5B519900D62439 /* updatelog.txt */; };
		872A61BC1B5B51E300D62439 /* AudioToolbox.framework in Frameworks */ = {isa = PBXBuildFile; fileRef = 872A61BB1B5B51E300D62439 /* AudioToolbox.framework */; };
		872A61BE1B5B51EA00D62439 /* CoreMotion.framework in Frameworks */ = {isa = PBXBuildFile; fileRef = 872A61BD1B5B51EA00D62439 /* CoreMotion.framework */; };
		872A61C01B5B51F100D62439 /* AVFoundation.framework in Frameworks */ = {isa = PBXBuildFile; fileRef = 872A61BF1B5B51F100D62439 /* AVFoundation.framework */; };
		872A61C21B5B520700D62439 /* libstdc++.6.0.9.dylib in Frameworks */ = {isa = PBXBuildFile; fileRef = 872A61C11B5B520700D62439 /* libstdc++.6.0.9.dylib */; };
		872A61C41B5B521400D62439 /* MediaPlayer.framework in Frameworks */ = {isa = PBXBuildFile; fileRef = 872A61C31B5B521400D62439 /* MediaPlayer.framework */; };
		872A61C61B5B522100D62439 /* ImageIO.framework in Frameworks */ = {isa = PBXBuildFile; fileRef = 872A61C51B5B522100D62439 /* ImageIO.framework */; };
		872A61C81B5B523100D62439 /* CoreTelephony.framework in Frameworks */ = {isa = PBXBuildFile; fileRef = 872A61C71B5B523100D62439 /* CoreTelephony.framework */; };
		872DA8C31B0C839500C680B5 /* AppTableViewController.mm in Sources */ = {isa = PBXBuildFile; fileRef = 872DA8C21B0C839500C680B5 /* AppTableViewController.mm */; };
		872DA8C51B0C883F00C680B5 /* Setting.storyboard in Resources */ = {isa = PBXBuildFile; fileRef = 872DA8C41B0C883F00C680B5 /* Setting.storyboard */; };
		872DA8D01B0C94E100C680B5 /* AboutViewController.m in Sources */ = {isa = PBXBuildFile; fileRef = 872DA8CF1B0C94E100C680B5 /* AboutViewController.m */; };
		8736FDEB1B0D808900E3685C /* ModifyPasswordViewController.m in Sources */ = {isa = PBXBuildFile; fileRef = 8736FDEA1B0D808900E3685C /* ModifyPasswordViewController.m */; };
		874753501B12C10C003BD8A3 /* Order.storyboard in Resources */ = {isa = PBXBuildFile; fileRef = 8747534F1B12C10C003BD8A3 /* Order.storyboard */; };
		87493ED21B57465500E9F840 /* CustomPointAnnotation.m in Sources */ = {isa = PBXBuildFile; fileRef = 87493ED11B57465500E9F840 /* CustomPointAnnotation.m */; };
		87493ED81B57851900E9F840 /* CompletedTableViewCell.m in Sources */ = {isa = PBXBuildFile; fileRef = 87493ED71B57851900E9F840 /* CompletedTableViewCell.m */; };
		875BE5401B1AA6170063056F /* DeviceManageCell.m in Sources */ = {isa = PBXBuildFile; fileRef = 875BE53F1B1AA6170063056F /* DeviceManageCell.m */; };
		8773380A1B11A44A00C2DDC4 /* gradeDetailTableViewCell.m in Sources */ = {isa = PBXBuildFile; fileRef = 877338091B11A44A00C2DDC4 /* gradeDetailTableViewCell.m */; };
		8773380D1B11A45600C2DDC4 /* GradeTotalTableViewCell.m in Sources */ = {isa = PBXBuildFile; fileRef = 8773380C1B11A45600C2DDC4 /* GradeTotalTableViewCell.m */; };
		8773380F1B11AB3F00C2DDC4 /* grade.plist in Resources */ = {isa = PBXBuildFile; fileRef = 8773380E1B11AB3F00C2DDC4 /* grade.plist */; };
		877338111B11B3D000C2DDC4 /* storehouse.plist in Resources */ = {isa = PBXBuildFile; fileRef = 877338101B11B3D000C2DDC4 /* storehouse.plist */; };
		877404251B5B96A80055D2D6 /* libbaiduNaviSDK.a in Frameworks */ = {isa = PBXBuildFile; fileRef = 877404241B5B96A80055D2D6 /* libbaiduNaviSDK.a */; };
		877404281B5CE1640055D2D6 /* OngoingOrder.m in Sources */ = {isa = PBXBuildFile; fileRef = 877404271B5CE1640055D2D6 /* OngoingOrder.m */; };
		8774042B1B5E31810055D2D6 /* QRCodeViewController.m in Sources */ = {isa = PBXBuildFile; fileRef = 8774042A1B5E31810055D2D6 /* QRCodeViewController.m */; };
		8774042E1B5E34A90055D2D6 /* QRCodeAnimator.m in Sources */ = {isa = PBXBuildFile; fileRef = 8774042D1B5E34A90055D2D6 /* QRCodeAnimator.m */; };
		877404311B5E3DC70055D2D6 /* QRCodeDismissAnimator.m in Sources */ = {isa = PBXBuildFile; fileRef = 877404301B5E3DC70055D2D6 /* QRCodeDismissAnimator.m */; };
		877870511B563F4A0046650C /* BaiduMapAPI.framework in Frameworks */ = {isa = PBXBuildFile; fileRef = 877870501B563F4A0046650C /* BaiduMapAPI.framework */; };
		877870531B563F640046650C /* mapapi.bundle in Resources */ = {isa = PBXBuildFile; fileRef = 877870521B563F640046650C /* mapapi.bundle */; };
		877870551B563F750046650C /* Security.framework in Frameworks */ = {isa = PBXBuildFile; fileRef = 877870541B563F750046650C /* Security.framework */; };
		877870571B563F7F0046650C /* CoreGraphics.framework in Frameworks */ = {isa = PBXBuildFile; fileRef = 877870561B563F7F0046650C /* CoreGraphics.framework */; };
		877870591B563F880046650C /* SystemConfiguration.framework in Frameworks */ = {isa = PBXBuildFile; fileRef = 877870581B563F880046650C /* SystemConfiguration.framework */; };
		8778705B1B563F900046650C /* OpenGLES.framework in Frameworks */ = {isa = PBXBuildFile; fileRef = 8778705A1B563F900046650C /* OpenGLES.framework */; };
		8778705D1B563F970046650C /* QuartzCore.framework in Frameworks */ = {isa = PBXBuildFile; fileRef = 8778705C1B563F970046650C /* QuartzCore.framework */; };
		8778705F1B563F9F0046650C /* CoreLocation.framework in Frameworks */ = {isa = PBXBuildFile; fileRef = 8778705E1B563F9F0046650C /* CoreLocation.framework */; };
		877870631B56452A0046650C /* OrderContainer.m in Sources */ = {isa = PBXBuildFile; fileRef = 877870621B56452A0046650C /* OrderContainer.m */; };
		877870661B56521F0046650C /* OrderMapViewController.m in Sources */ = {isa = PBXBuildFile; fileRef = 877870651B56521F0046650C /* OrderMapViewController.m */; };
		8778706A1B56536E0046650C /* MyOrderViewController.m in Sources */ = {isa = PBXBuildFile; fileRef = 877870691B56536E0046650C /* MyOrderViewController.m */; };
		8778706D1B565D2A0046650C /* CustomAnnotationView.m in Sources */ = {isa = PBXBuildFile; fileRef = 8778706C1B565D2A0046650C /* CustomAnnotationView.m */; };
		877AAB321B8432C700A3326F /* qr_scan_line@2x.png in Resources */ = {isa = PBXBuildFile; fileRef = 877AAB2B1B8432C700A3326F /* qr_scan_line@2x.png */; };
		877AAB331B8432C700A3326F /* QRItem.m in Sources */ = {isa = PBXBuildFile; fileRef = 877AAB2D1B8432C700A3326F /* QRItem.m */; };
		877AAB341B8432C700A3326F /* QRMenu.m in Sources */ = {isa = PBXBuildFile; fileRef = 877AAB2F1B8432C700A3326F /* QRMenu.m */; };
		877AAB351B8432C700A3326F /* QRView.m in Sources */ = {isa = PBXBuildFile; fileRef = 877AAB311B8432C700A3326F /* QRView.m */; };
		877AAB381B8432E700A3326F /* QRDecodeViewController.m in Sources */ = {isa = PBXBuildFile; fileRef = 877AAB371B8432E700A3326F /* QRDecodeViewController.m */; };
		87815FEF1B57969A0028022D /* OngoingDetailViewController.m in Sources */ = {isa = PBXBuildFile; fileRef = 87815FEE1B57969A0028022D /* OngoingDetailViewController.m */; };
		87815FF21B57B4F80028022D /* OrderDetailViewController.m in Sources */ = {isa = PBXBuildFile; fileRef = 87815FF11B57B4F80028022D /* OrderDetailViewController.m */; };
		8781607F1B58DA590028022D /* TotalPropertyCell.m in Sources */ = {isa = PBXBuildFile; fileRef = 8781607E1B58DA590028022D /* TotalPropertyCell.m */; };
		878160821B58DABC0028022D /* RunningOrderCell.m in Sources */ = {isa = PBXBuildFile; fileRef = 878160811B58DABC0028022D /* RunningOrderCell.m */; };
		878160851B58F2320028022D /* CustomUserLocation.m in Sources */ = {isa = PBXBuildFile; fileRef = 878160841B58F2320028022D /* CustomUserLocation.m */; };
		8785E9051B0ADB90003F4415 /* ComminUtility.m in Sources */ = {isa = PBXBuildFile; fileRef = 8785E9041B0ADB90003F4415 /* ComminUtility.m */; };
		8785E90B1B0AE6A5003F4415 /* NSDictionary+JSONString.m in Sources */ = {isa = PBXBuildFile; fileRef = 8785E90A1B0AE6A5003F4415 /* NSDictionary+JSONString.m */; };
		8785E91E1B0C162A003F4415 /* NSString+Hashes.m in Sources */ = {isa = PBXBuildFile; fileRef = 8785E91D1B0C162A003F4415 /* NSString+Hashes.m */; };
		8785E9601B0C6E34003F4415 /* AppOneInstallCell.m in Sources */ = {isa = PBXBuildFile; fileRef = 8785E95F1B0C6E34003F4415 /* AppOneInstallCell.m */; };
		8785E9631B0C6E7F003F4415 /* AppCollectionTableCell.m in Sources */ = {isa = PBXBuildFile; fileRef = 8785E9621B0C6E7F003F4415 /* AppCollectionTableCell.m */; };
		8785E96A1B0C750E003F4415 /* APPCollectionViewCell.m in Sources */ = {isa = PBXBuildFile; fileRef = 8785E9691B0C750E003F4415 /* APPCollectionViewCell.m */; };
		878CEC3E1B14460200FE0E21 /* ChildTableViewCell.m in Sources */ = {isa = PBXBuildFile; fileRef = 878CEC3D1B14460200FE0E21 /* ChildTableViewCell.m */; };
		878EE40A1B0EDDF1002E6B4E /* MyChildrenViewController.m in Sources */ = {isa = PBXBuildFile; fileRef = 878EE4091B0EDDF1002E6B4E /* MyChildrenViewController.m */; };
		878EE40D1B0EDDFF002E6B4E /* InvatationViewController.m in Sources */ = {isa = PBXBuildFile; fileRef = 878EE40C1B0EDDFF002E6B4E /* InvatationViewController.m */; };
		878EE4131B0EDE3D002E6B4E /* InstallHistoryViewController.m in Sources */ = {isa = PBXBuildFile; fileRef = 878EE4121B0EDE3D002E6B4E /* InstallHistoryViewController.m */; };
		87B400C71B16C14400CC1C95 /* DLNAManager.mm in Sources */ = {isa = PBXBuildFile; fileRef = 87B400C31B16C14400CC1C95 /* DLNAManager.mm */; };
		87B400C81B16C14400CC1C95 /* Platinum.framework in Frameworks */ = {isa = PBXBuildFile; fileRef = 87B400C41B16C14400CC1C95 /* Platinum.framework */; };
		87B400C91B16C14400CC1C95 /* PltMicroMediaController.mm in Sources */ = {isa = PBXBuildFile; fileRef = 87B400C61B16C14400CC1C95 /* PltMicroMediaController.mm */; };
		87B400CC1B16C17B00CC1C95 /* DLNADataManager.mm in Sources */ = {isa = PBXBuildFile; fileRef = 87B400CB1B16C17B00CC1C95 /* DLNADataManager.mm */; };
		87B400E31B17FAF500CC1C95 /* InfoTableViewController.m in Sources */ = {isa = PBXBuildFile; fileRef = 87B400E21B17FAF500CC1C95 /* InfoTableViewController.m */; };
		87B400E61B18145400CC1C95 /* GenderViewController.m in Sources */ = {isa = PBXBuildFile; fileRef = 87B400E51B18145400CC1C95 /* GenderViewController.m */; };
		87D274801B09DE7200189C33 /* RKSwipeBetweenViewControllers.m in Sources */ = {isa = PBXBuildFile; fileRef = 87D2747F1B09DE7200189C33 /* RKSwipeBetweenViewControllers.m */; };
		87D969B41B0DF59D0063F02B /* AvatorDetailViewController.m in Sources */ = {isa = PBXBuildFile; fileRef = 87D969B31B0DF59D0063F02B /* AvatorDetailViewController.m */; };
		87DBE1E91AFAFF0000AFB7BF /* main.m in Sources */ = {isa = PBXBuildFile; fileRef = 87DBE1E81AFAFF0000AFB7BF /* main.m */; };
		87DBE1EC1AFAFF0000AFB7BF /* AppDelegate.mm in Sources */ = {isa = PBXBuildFile; fileRef = 87DBE1EB1AFAFF0000AFB7BF /* AppDelegate.mm */; };
		87DBE1F21AFAFF0000AFB7BF /* Main.storyboard in Resources */ = {isa = PBXBuildFile; fileRef = 87DBE1F01AFAFF0000AFB7BF /* Main.storyboard */; };
		87DBE1F41AFAFF0000AFB7BF /* Images.xcassets in Resources */ = {isa = PBXBuildFile; fileRef = 87DBE1F31AFAFF0000AFB7BF /* Images.xcassets */; };
		87DBE1F71AFAFF0000AFB7BF /* LaunchScreen.xib in Resources */ = {isa = PBXBuildFile; fileRef = 87DBE1F51AFAFF0000AFB7BF /* LaunchScreen.xib */; };
		87DBE2031AFAFF0000AFB7BF /* TVForInstallerTests.m in Sources */ = {isa = PBXBuildFile; fileRef = 87DBE2021AFAFF0000AFB7BF /* TVForInstallerTests.m */; };
		87DBE2101AFB025800AFB7BF /* NetworkingManager.m in Sources */ = {isa = PBXBuildFile; fileRef = 87DBE20F1AFB025800AFB7BF /* NetworkingManager.m */; };
		87DBE2161AFB0A5E00AFB7BF /* ViewController.m in Sources */ = {isa = PBXBuildFile; fileRef = 87DBE2151AFB0A5E00AFB7BF /* ViewController.m */; };
		87EA3A9F1B0A0C7D004AB8F7 /* SettingViewController.m in Sources */ = {isa = PBXBuildFile; fileRef = 87EA3A9E1B0A0C7D004AB8F7 /* SettingViewController.m */; };
		87EA3AAA1B0A10AE004AB8F7 /* LoginViewController.m in Sources */ = {isa = PBXBuildFile; fileRef = 87EA3AA91B0A10AE004AB8F7 /* LoginViewController.m */; };
		87EA3AAD1B0A11A1004AB8F7 /* LoginNavigationController.m in Sources */ = {isa = PBXBuildFile; fileRef = 87EA3AAC1B0A11A1004AB8F7 /* LoginNavigationController.m */; };
		87EA3AAF1B0A11AF004AB8F7 /* Login.storyboard in Resources */ = {isa = PBXBuildFile; fileRef = 87EA3AAE1B0A11AF004AB8F7 /* Login.storyboard */; };
		87EA3AB21B0AC8A9004AB8F7 /* RootTabController.m in Sources */ = {isa = PBXBuildFile; fileRef = 87EA3AB11B0AC8A9004AB8F7 /* RootTabController.m */; };
/* End PBXBuildFile section */

/* Begin PBXContainerItemProxy section */
		87DBE1FD1AFAFF0000AFB7BF /* PBXContainerItemProxy */ = {
			isa = PBXContainerItemProxy;
			containerPortal = 87DBE1DB1AFAFF0000AFB7BF /* Project object */;
			proxyType = 1;
			remoteGlobalIDString = 87DBE1E21AFAFF0000AFB7BF;
			remoteInfo = TVForInstaller;
		};
/* End PBXContainerItemProxy section */

/* Begin PBXFileReference section */
		6C44C3D71D410020F7C92B66 /* libPods-TVForInstaller.a */ = {isa = PBXFileReference; explicitFileType = archive.ar; includeInIndex = 0; path = "libPods-TVForInstaller.a"; sourceTree = BUILT_PRODUCTS_DIR; };
		8119E28A07EA9C1ABB1CA06E /* Pods-TVForInstaller.release.xcconfig */ = {isa = PBXFileReference; includeInIndex = 1; lastKnownFileType = text.xcconfig; name = "Pods-TVForInstaller.release.xcconfig"; path = "Pods/Target Support Files/Pods-TVForInstaller/Pods-TVForInstaller.release.xcconfig"; sourceTree = "<group>"; };
		871973D21B0EC53B00D6CF36 /* MyAccoutViewController.h */ = {isa = PBXFileReference; fileEncoding = 4; lastKnownFileType = sourcecode.c.h; path = MyAccoutViewController.h; sourceTree = "<group>"; };
		871973D31B0EC53B00D6CF36 /* MyAccoutViewController.m */ = {isa = PBXFileReference; fileEncoding = 4; lastKnownFileType = sourcecode.c.objc; path = MyAccoutViewController.m; sourceTree = "<group>"; };
		871973D51B0EC54300D6CF36 /* GradeViewController.h */ = {isa = PBXFileReference; fileEncoding = 4; lastKnownFileType = sourcecode.c.h; path = GradeViewController.h; sourceTree = "<group>"; };
		871973D61B0EC54300D6CF36 /* GradeViewController.m */ = {isa = PBXFileReference; fileEncoding = 4; lastKnownFileType = sourcecode.c.objc; path = GradeViewController.m; sourceTree = "<group>"; };
		871A232F1B0ACA1C00B484CA /* AccountManager.h */ = {isa = PBXFileReference; fileEncoding = 4; lastKnownFileType = sourcecode.c.h; path = AccountManager.h; sourceTree = "<group>"; };
		871A23301B0ACA1C00B484CA /* AccountManager.m */ = {isa = PBXFileReference; fileEncoding = 4; lastKnownFileType = sourcecode.c.objc; path = AccountManager.m; sourceTree = "<group>"; };
		871A23321B0ACF7200B484CA /* RegisterViewController.h */ = {isa = PBXFileReference; fileEncoding = 4; lastKnownFileType = sourcecode.c.h; path = RegisterViewController.h; sourceTree = "<group>"; };
		871A23331B0ACF7200B484CA /* RegisterViewController.m */ = {isa = PBXFileReference; fileEncoding = 4; lastKnownFileType = sourcecode.c.objc; path = RegisterViewController.m; sourceTree = "<group>"; };
		871A23351B0ACF8300B484CA /* ForgetViewController.h */ = {isa = PBXFileReference; fileEncoding = 4; lastKnownFileType = sourcecode.c.h; path = ForgetViewController.h; sourceTree = "<group>"; };
		871A23361B0ACF8300B484CA /* ForgetViewController.m */ = {isa = PBXFileReference; fileEncoding = 4; lastKnownFileType = sourcecode.c.objc; path = ForgetViewController.m; sourceTree = "<group>"; };
		871B77481B0C9BBB00810EE3 /* DeviceViewController.h */ = {isa = PBXFileReference; fileEncoding = 4; lastKnownFileType = sourcecode.c.h; path = DeviceViewController.h; sourceTree = "<group>"; };
		871B77491B0C9BBB00810EE3 /* DeviceViewController.mm */ = {isa = PBXFileReference; fileEncoding = 4; lastKnownFileType = sourcecode.cpp.objcpp; path = DeviceViewController.mm; sourceTree = "<group>"; };
		871B774B1B0CA41700810EE3 /* DeviceTableViewCell.h */ = {isa = PBXFileReference; fileEncoding = 4; lastKnownFileType = sourcecode.c.h; path = DeviceTableViewCell.h; sourceTree = "<group>"; };
		871B774C1B0CA41700810EE3 /* DeviceTableViewCell.m */ = {isa = PBXFileReference; fileEncoding = 4; lastKnownFileType = sourcecode.c.objc; path = DeviceTableViewCell.m; sourceTree = "<group>"; };
		871B774E1B0CA54C00810EE3 /* DeviceContainer.h */ = {isa = PBXFileReference; fileEncoding = 4; lastKnownFileType = sourcecode.c.h; path = DeviceContainer.h; sourceTree = "<group>"; };
		871B774F1B0CA54C00810EE3 /* DeviceContainer.m */ = {isa = PBXFileReference; fileEncoding = 4; lastKnownFileType = sourcecode.c.objc; path = DeviceContainer.m; sourceTree = "<group>"; };
		871E651A1B639FC400A9ACA1 /* TotalFeeViewController.h */ = {isa = PBXFileReference; fileEncoding = 4; lastKnownFileType = sourcecode.c.h; path = TotalFeeViewController.h; sourceTree = "<group>"; };
		871E651B1B639FC400A9ACA1 /* TotalFeeViewController.m */ = {isa = PBXFileReference; fileEncoding = 4; lastKnownFileType = sourcecode.c.objc; path = TotalFeeViewController.m; sourceTree = "<group>"; };
		872A61791B5B519900D62439 /* baiduNaviSDK.bundle */ = {isa = PBXFileReference; lastKnownFileType = "wrapper.plug-in"; path = baiduNaviSDK.bundle; sourceTree = "<group>"; };
		872A617B1B5B519900D62439 /* BaiduMobStat.a */ = {isa = PBXFileReference; lastKnownFileType = archive.ar; path = BaiduMobStat.a; sourceTree = "<group>"; };
		872A617C1B5B519900D62439 /* BaiduMobStat.h */ = {isa = PBXFileReference; fileEncoding = 4; lastKnownFileType = sourcecode.c.h; path = BaiduMobStat.h; sourceTree = "<group>"; };
		872A617E1B5B519900D62439 /* CDataScanner.h */ = {isa = PBXFileReference; fileEncoding = 4; lastKnownFileType = sourcecode.c.h; path = CDataScanner.h; sourceTree = "<group>"; };
		872A617F1B5B519900D62439 /* CDataScanner.m */ = {isa = PBXFileReference; fileEncoding = 4; lastKnownFileType = sourcecode.c.objc; path = CDataScanner.m; sourceTree = "<group>"; };
		872A61811B5B519900D62439 /* CFilteringJSONSerializer.h */ = {isa = PBXFileReference; fileEncoding = 4; lastKnownFileType = sourcecode.c.h; path = CFilteringJSONSerializer.h; sourceTree = "<group>"; };
		872A61821B5B519900D62439 /* CFilteringJSONSerializer.m */ = {isa = PBXFileReference; fileEncoding = 4; lastKnownFileType = sourcecode.c.objc; path = CFilteringJSONSerializer.m; sourceTree = "<group>"; };
		872A61831B5B519900D62439 /* CJSONDeserializer_BlocksExtensions.h */ = {isa = PBXFileReference; fileEncoding = 4; lastKnownFileType = sourcecode.c.h; path = CJSONDeserializer_BlocksExtensions.h; sourceTree = "<group>"; };
		872A61841B5B519900D62439 /* CJSONDeserializer_BlocksExtensions.m */ = {isa = PBXFileReference; fileEncoding = 4; lastKnownFileType = sourcecode.c.objc; path = CJSONDeserializer_BlocksExtensions.m; sourceTree = "<group>"; };
		872A61851B5B519900D62439 /* CJSONSerialization.h */ = {isa = PBXFileReference; fileEncoding = 4; lastKnownFileType = sourcecode.c.h; path = CJSONSerialization.h; sourceTree = "<group>"; };
		872A61861B5B519900D62439 /* CJSONSerialization.m */ = {isa = PBXFileReference; fileEncoding = 4; lastKnownFileType = sourcecode.c.objc; path = CJSONSerialization.m; sourceTree = "<group>"; };
		872A61871B5B519900D62439 /* CJSONSerializedData.h */ = {isa = PBXFileReference; fileEncoding = 4; lastKnownFileType = sourcecode.c.h; path = CJSONSerializedData.h; sourceTree = "<group>"; };
		872A61881B5B519900D62439 /* CJSONSerializedData.m */ = {isa = PBXFileReference; fileEncoding = 4; lastKnownFileType = sourcecode.c.objc; path = CJSONSerializedData.m; sourceTree = "<group>"; };
		872A618A1B5B519900D62439 /* CDataScanner_Extensions.h */ = {isa = PBXFileReference; fileEncoding = 4; lastKnownFileType = sourcecode.c.h; path = CDataScanner_Extensions.h; sourceTree = "<group>"; };
		872A618B1B5B519900D62439 /* CDataScanner_Extensions.m */ = {isa = PBXFileReference; fileEncoding = 4; lastKnownFileType = sourcecode.c.objc; path = CDataScanner_Extensions.m; sourceTree = "<group>"; };
		872A618C1B5B519900D62439 /* NSCharacterSet_Extensions.h */ = {isa = PBXFileReference; fileEncoding = 4; lastKnownFileType = sourcecode.c.h; path = NSCharacterSet_Extensions.h; sourceTree = "<group>"; };
		872A618D1B5B519900D62439 /* NSCharacterSet_Extensions.m */ = {isa = PBXFileReference; fileEncoding = 4; lastKnownFileType = sourcecode.c.objc; path = NSCharacterSet_Extensions.m; sourceTree = "<group>"; };
		872A618E1B5B519900D62439 /* NSDictionary_JSONExtensions.h */ = {isa = PBXFileReference; fileEncoding = 4; lastKnownFileType = sourcecode.c.h; path = NSDictionary_JSONExtensions.h; sourceTree = "<group>"; };
		872A618F1B5B519900D62439 /* NSDictionary_JSONExtensions.m */ = {isa = PBXFileReference; fileEncoding = 4; lastKnownFileType = sourcecode.c.objc; path = NSDictionary_JSONExtensions.m; sourceTree = "<group>"; };
		872A61901B5B519900D62439 /* NSScanner_Extensions.h */ = {isa = PBXFileReference; fileEncoding = 4; lastKnownFileType = sourcecode.c.h; path = NSScanner_Extensions.h; sourceTree = "<group>"; };
		872A61911B5B519900D62439 /* NSScanner_Extensions.m */ = {isa = PBXFileReference; fileEncoding = 4; lastKnownFileType = sourcecode.c.objc; path = NSScanner_Extensions.m; sourceTree = "<group>"; };
		872A61931B5B519900D62439 /* CJSONDataSerializer.h */ = {isa = PBXFileReference; fileEncoding = 4; lastKnownFileType = sourcecode.c.h; path = CJSONDataSerializer.h; sourceTree = "<group>"; };
		872A61941B5B519900D62439 /* CJSONDataSerializer.m */ = {isa = PBXFileReference; fileEncoding = 4; lastKnownFileType = sourcecode.c.objc; path = CJSONDataSerializer.m; sourceTree = "<group>"; };
		872A61951B5B519900D62439 /* CJSONDeserializer.h */ = {isa = PBXFileReference; fileEncoding = 4; lastKnownFileType = sourcecode.c.h; path = CJSONDeserializer.h; sourceTree = "<group>"; };
		872A61961B5B519900D62439 /* CJSONDeserializer.m */ = {isa = PBXFileReference; fileEncoding = 4; lastKnownFileType = sourcecode.c.objc; path = CJSONDeserializer.m; sourceTree = "<group>"; };
		872A61971B5B519900D62439 /* CJSONScanner.h */ = {isa = PBXFileReference; fileEncoding = 4; lastKnownFileType = sourcecode.c.h; path = CJSONScanner.h; sourceTree = "<group>"; };
		872A61981B5B519900D62439 /* CJSONScanner.m */ = {isa = PBXFileReference; fileEncoding = 4; lastKnownFileType = sourcecode.c.objc; path = CJSONScanner.m; sourceTree = "<group>"; };
		872A61991B5B519900D62439 /* CJSONSerializer.h */ = {isa = PBXFileReference; fileEncoding = 4; lastKnownFileType = sourcecode.c.h; path = CJSONSerializer.h; sourceTree = "<group>"; };
		872A619A1B5B519900D62439 /* CJSONSerializer.m */ = {isa = PBXFileReference; fileEncoding = 4; lastKnownFileType = sourcecode.c.objc; path = CJSONSerializer.m; sourceTree = "<group>"; };
		872A619B1B5B519900D62439 /* CSerializedJSONData.h */ = {isa = PBXFileReference; fileEncoding = 4; lastKnownFileType = sourcecode.c.h; path = CSerializedJSONData.h; sourceTree = "<group>"; };
		872A619C1B5B519900D62439 /* CSerializedJSONData.m */ = {isa = PBXFileReference; fileEncoding = 4; lastKnownFileType = sourcecode.c.objc; path = CSerializedJSONData.m; sourceTree = "<group>"; };
		872A619D1B5B519900D62439 /* JSONRepresentation.h */ = {isa = PBXFileReference; fileEncoding = 4; lastKnownFileType = sourcecode.c.h; path = JSONRepresentation.h; sourceTree = "<group>"; };
		872A619F1B5B519900D62439 /* BNCommonDef.h */ = {isa = PBXFileReference; fileEncoding = 4; lastKnownFileType = sourcecode.c.h; path = BNCommonDef.h; sourceTree = "<group>"; };
		872A61A01B5B519900D62439 /* BNCoreServices.h */ = {isa = PBXFileReference; fileEncoding = 4; lastKnownFileType = sourcecode.c.h; path = BNCoreServices.h; sourceTree = "<group>"; };
		872A61A11B5B519900D62439 /* BNLocation.h */ = {isa = PBXFileReference; fileEncoding = 4; lastKnownFileType = sourcecode.c.h; path = BNLocation.h; sourceTree = "<group>"; };
		872A61A21B5B519900D62439 /* BNLocationManagerProtocol.h */ = {isa = PBXFileReference; fileEncoding = 4; lastKnownFileType = sourcecode.c.h; path = BNLocationManagerProtocol.h; sourceTree = "<group>"; };
		872A61A31B5B519900D62439 /* BNRoutePlanManagerProtocol.h */ = {isa = PBXFileReference; fileEncoding = 4; lastKnownFileType = sourcecode.c.h; path = BNRoutePlanManagerProtocol.h; sourceTree = "<group>"; };
		872A61A41B5B519900D62439 /* BNRoutePlanModel.h */ = {isa = PBXFileReference; fileEncoding = 4; lastKnownFileType = sourcecode.c.h; path = BNRoutePlanModel.h; sourceTree = "<group>"; };
		872A61A51B5B519900D62439 /* BNStrategyManagerProtocol.h */ = {isa = PBXFileReference; fileEncoding = 4; lastKnownFileType = sourcecode.c.h; path = BNStrategyManagerProtocol.h; sourceTree = "<group>"; };
		872A61A61B5B519900D62439 /* BNUIManagerProtocol.h */ = {isa = PBXFileReference; fileEncoding = 4; lastKnownFileType = sourcecode.c.h; path = BNUIManagerProtocol.h; sourceTree = "<group>"; };
		872A61A81B5B519900D62439 /* updatelog.txt */ = {isa = PBXFileReference; fileEncoding = 4; lastKnownFileType = text; path = updatelog.txt; sourceTree = "<group>"; };
		872A61BB1B5B51E300D62439 /* AudioToolbox.framework */ = {isa = PBXFileReference; lastKnownFileType = wrapper.framework; name = AudioToolbox.framework; path = System/Library/Frameworks/AudioToolbox.framework; sourceTree = SDKROOT; };
		872A61BD1B5B51EA00D62439 /* CoreMotion.framework */ = {isa = PBXFileReference; lastKnownFileType = wrapper.framework; name = CoreMotion.framework; path = System/Library/Frameworks/CoreMotion.framework; sourceTree = SDKROOT; };
		872A61BF1B5B51F100D62439 /* AVFoundation.framework */ = {isa = PBXFileReference; lastKnownFileType = wrapper.framework; name = AVFoundation.framework; path = System/Library/Frameworks/AVFoundation.framework; sourceTree = SDKROOT; };
		872A61C11B5B520700D62439 /* libstdc++.6.0.9.dylib */ = {isa = PBXFileReference; lastKnownFileType = "compiled.mach-o.dylib"; name = "libstdc++.6.0.9.dylib"; path = "usr/lib/libstdc++.6.0.9.dylib"; sourceTree = SDKROOT; };
		872A61C31B5B521400D62439 /* MediaPlayer.framework */ = {isa = PBXFileReference; lastKnownFileType = wrapper.framework; name = MediaPlayer.framework; path = System/Library/Frameworks/MediaPlayer.framework; sourceTree = SDKROOT; };
		872A61C51B5B522100D62439 /* ImageIO.framework */ = {isa = PBXFileReference; lastKnownFileType = wrapper.framework; name = ImageIO.framework; path = System/Library/Frameworks/ImageIO.framework; sourceTree = SDKROOT; };
		872A61C71B5B523100D62439 /* CoreTelephony.framework */ = {isa = PBXFileReference; lastKnownFileType = wrapper.framework; name = CoreTelephony.framework; path = System/Library/Frameworks/CoreTelephony.framework; sourceTree = SDKROOT; };
		872DA8C21B0C839500C680B5 /* AppTableViewController.mm */ = {isa = PBXFileReference; fileEncoding = 4; lastKnownFileType = sourcecode.cpp.objcpp; path = AppTableViewController.mm; sourceTree = "<group>"; };
		872DA8C41B0C883F00C680B5 /* Setting.storyboard */ = {isa = PBXFileReference; fileEncoding = 4; lastKnownFileType = file.storyboard; path = Setting.storyboard; sourceTree = "<group>"; };
		872DA8CE1B0C94E100C680B5 /* AboutViewController.h */ = {isa = PBXFileReference; fileEncoding = 4; lastKnownFileType = sourcecode.c.h; path = AboutViewController.h; sourceTree = "<group>"; };
		872DA8CF1B0C94E100C680B5 /* AboutViewController.m */ = {isa = PBXFileReference; fileEncoding = 4; lastKnownFileType = sourcecode.c.objc; path = AboutViewController.m; sourceTree = "<group>"; };
		8736FDE91B0D808900E3685C /* ModifyPasswordViewController.h */ = {isa = PBXFileReference; fileEncoding = 4; lastKnownFileType = sourcecode.c.h; path = ModifyPasswordViewController.h; sourceTree = "<group>"; };
		8736FDEA1B0D808900E3685C /* ModifyPasswordViewController.m */ = {isa = PBXFileReference; fileEncoding = 4; lastKnownFileType = sourcecode.c.objc; path = ModifyPasswordViewController.m; sourceTree = "<group>"; };
		8747534F1B12C10C003BD8A3 /* Order.storyboard */ = {isa = PBXFileReference; fileEncoding = 4; lastKnownFileType = file.storyboard; path = Order.storyboard; sourceTree = "<group>"; };
		87493ED01B57465500E9F840 /* CustomPointAnnotation.h */ = {isa = PBXFileReference; fileEncoding = 4; lastKnownFileType = sourcecode.c.h; path = CustomPointAnnotation.h; sourceTree = "<group>"; };
		87493ED11B57465500E9F840 /* CustomPointAnnotation.m */ = {isa = PBXFileReference; fileEncoding = 4; lastKnownFileType = sourcecode.c.objc; path = CustomPointAnnotation.m; sourceTree = "<group>"; };
		87493ED61B57851900E9F840 /* CompletedTableViewCell.h */ = {isa = PBXFileReference; fileEncoding = 4; lastKnownFileType = sourcecode.c.h; path = CompletedTableViewCell.h; sourceTree = "<group>"; };
		87493ED71B57851900E9F840 /* CompletedTableViewCell.m */ = {isa = PBXFileReference; fileEncoding = 4; lastKnownFileType = sourcecode.c.objc; path = CompletedTableViewCell.m; sourceTree = "<group>"; };
		875BE53E1B1AA6170063056F /* DeviceManageCell.h */ = {isa = PBXFileReference; fileEncoding = 4; lastKnownFileType = sourcecode.c.h; path = DeviceManageCell.h; sourceTree = "<group>"; };
		875BE53F1B1AA6170063056F /* DeviceManageCell.m */ = {isa = PBXFileReference; fileEncoding = 4; lastKnownFileType = sourcecode.c.objc; path = DeviceManageCell.m; sourceTree = "<group>"; };
		877338081B11A44A00C2DDC4 /* gradeDetailTableViewCell.h */ = {isa = PBXFileReference; fileEncoding = 4; lastKnownFileType = sourcecode.c.h; path = gradeDetailTableViewCell.h; sourceTree = "<group>"; };
		877338091B11A44A00C2DDC4 /* gradeDetailTableViewCell.m */ = {isa = PBXFileReference; fileEncoding = 4; lastKnownFileType = sourcecode.c.objc; path = gradeDetailTableViewCell.m; sourceTree = "<group>"; };
		8773380B1B11A45600C2DDC4 /* GradeTotalTableViewCell.h */ = {isa = PBXFileReference; fileEncoding = 4; lastKnownFileType = sourcecode.c.h; path = GradeTotalTableViewCell.h; sourceTree = "<group>"; };
		8773380C1B11A45600C2DDC4 /* GradeTotalTableViewCell.m */ = {isa = PBXFileReference; fileEncoding = 4; lastKnownFileType = sourcecode.c.objc; path = GradeTotalTableViewCell.m; sourceTree = "<group>"; };
		8773380E1B11AB3F00C2DDC4 /* grade.plist */ = {isa = PBXFileReference; fileEncoding = 4; lastKnownFileType = text.plist.xml; path = grade.plist; sourceTree = "<group>"; };
		877338101B11B3D000C2DDC4 /* storehouse.plist */ = {isa = PBXFileReference; fileEncoding = 4; lastKnownFileType = text.plist.xml; path = storehouse.plist; sourceTree = "<group>"; };
		877404241B5B96A80055D2D6 /* libbaiduNaviSDK.a */ = {isa = PBXFileReference; lastKnownFileType = archive.ar; path = libbaiduNaviSDK.a; sourceTree = "<group>"; };
		877404261B5CE1640055D2D6 /* OngoingOrder.h */ = {isa = PBXFileReference; fileEncoding = 4; lastKnownFileType = sourcecode.c.h; path = OngoingOrder.h; sourceTree = "<group>"; };
		877404271B5CE1640055D2D6 /* OngoingOrder.m */ = {isa = PBXFileReference; fileEncoding = 4; lastKnownFileType = sourcecode.c.objc; path = OngoingOrder.m; sourceTree = "<group>"; };
		877404291B5E31810055D2D6 /* QRCodeViewController.h */ = {isa = PBXFileReference; fileEncoding = 4; lastKnownFileType = sourcecode.c.h; path = QRCodeViewController.h; sourceTree = "<group>"; };
		8774042A1B5E31810055D2D6 /* QRCodeViewController.m */ = {isa = PBXFileReference; fileEncoding = 4; lastKnownFileType = sourcecode.c.objc; path = QRCodeViewController.m; sourceTree = "<group>"; };
		8774042C1B5E34A90055D2D6 /* QRCodeAnimator.h */ = {isa = PBXFileReference; fileEncoding = 4; lastKnownFileType = sourcecode.c.h; path = QRCodeAnimator.h; sourceTree = "<group>"; };
		8774042D1B5E34A90055D2D6 /* QRCodeAnimator.m */ = {isa = PBXFileReference; fileEncoding = 4; lastKnownFileType = sourcecode.c.objc; path = QRCodeAnimator.m; sourceTree = "<group>"; };
		8774042F1B5E3DC70055D2D6 /* QRCodeDismissAnimator.h */ = {isa = PBXFileReference; fileEncoding = 4; lastKnownFileType = sourcecode.c.h; path = QRCodeDismissAnimator.h; sourceTree = "<group>"; };
		877404301B5E3DC70055D2D6 /* QRCodeDismissAnimator.m */ = {isa = PBXFileReference; fileEncoding = 4; lastKnownFileType = sourcecode.c.objc; path = QRCodeDismissAnimator.m; sourceTree = "<group>"; };
		877870501B563F4A0046650C /* BaiduMapAPI.framework */ = {isa = PBXFileReference; lastKnownFileType = wrapper.framework; path = BaiduMapAPI.framework; sourceTree = "<group>"; };
		877870521B563F640046650C /* mapapi.bundle */ = {isa = PBXFileReference; lastKnownFileType = "wrapper.plug-in"; name = mapapi.bundle; path = BaiduMapAPI.framework/Resources/mapapi.bundle; sourceTree = "<group>"; };
		877870541B563F750046650C /* Security.framework */ = {isa = PBXFileReference; lastKnownFileType = wrapper.framework; name = Security.framework; path = System/Library/Frameworks/Security.framework; sourceTree = SDKROOT; };
		877870561B563F7F0046650C /* CoreGraphics.framework */ = {isa = PBXFileReference; lastKnownFileType = wrapper.framework; name = CoreGraphics.framework; path = System/Library/Frameworks/CoreGraphics.framework; sourceTree = SDKROOT; };
		877870581B563F880046650C /* SystemConfiguration.framework */ = {isa = PBXFileReference; lastKnownFileType = wrapper.framework; name = SystemConfiguration.framework; path = System/Library/Frameworks/SystemConfiguration.framework; sourceTree = SDKROOT; };
		8778705A1B563F900046650C /* OpenGLES.framework */ = {isa = PBXFileReference; lastKnownFileType = wrapper.framework; name = OpenGLES.framework; path = System/Library/Frameworks/OpenGLES.framework; sourceTree = SDKROOT; };
		8778705C1B563F970046650C /* QuartzCore.framework */ = {isa = PBXFileReference; lastKnownFileType = wrapper.framework; name = QuartzCore.framework; path = System/Library/Frameworks/QuartzCore.framework; sourceTree = SDKROOT; };
		8778705E1B563F9F0046650C /* CoreLocation.framework */ = {isa = PBXFileReference; lastKnownFileType = wrapper.framework; name = CoreLocation.framework; path = System/Library/Frameworks/CoreLocation.framework; sourceTree = SDKROOT; };
		877870611B56452A0046650C /* OrderContainer.h */ = {isa = PBXFileReference; fileEncoding = 4; lastKnownFileType = sourcecode.c.h; path = OrderContainer.h; sourceTree = "<group>"; };
		877870621B56452A0046650C /* OrderContainer.m */ = {isa = PBXFileReference; fileEncoding = 4; lastKnownFileType = sourcecode.c.objc; path = OrderContainer.m; sourceTree = "<group>"; };
		877870641B56521F0046650C /* OrderMapViewController.h */ = {isa = PBXFileReference; fileEncoding = 4; lastKnownFileType = sourcecode.c.h; path = OrderMapViewController.h; sourceTree = "<group>"; };
		877870651B56521F0046650C /* OrderMapViewController.m */ = {isa = PBXFileReference; fileEncoding = 4; lastKnownFileType = sourcecode.c.objc; path = OrderMapViewController.m; sourceTree = "<group>"; };
		877870681B56536E0046650C /* MyOrderViewController.h */ = {isa = PBXFileReference; fileEncoding = 4; lastKnownFileType = sourcecode.c.h; path = MyOrderViewController.h; sourceTree = "<group>"; };
		877870691B56536E0046650C /* MyOrderViewController.m */ = {isa = PBXFileReference; fileEncoding = 4; lastKnownFileType = sourcecode.c.objc; path = MyOrderViewController.m; sourceTree = "<group>"; };
		8778706B1B565D2A0046650C /* CustomAnnotationView.h */ = {isa = PBXFileReference; fileEncoding = 4; lastKnownFileType = sourcecode.c.h; path = CustomAnnotationView.h; sourceTree = "<group>"; };
		8778706C1B565D2A0046650C /* CustomAnnotationView.m */ = {isa = PBXFileReference; fileEncoding = 4; lastKnownFileType = sourcecode.c.objc; path = CustomAnnotationView.m; sourceTree = "<group>"; };
		877AAB2B1B8432C700A3326F /* qr_scan_line@2x.png */ = {isa = PBXFileReference; lastKnownFileType = image.png; path = "qr_scan_line@2x.png"; sourceTree = "<group>"; };
		877AAB2C1B8432C700A3326F /* QRItem.h */ = {isa = PBXFileReference; fileEncoding = 4; lastKnownFileType = sourcecode.c.h; path = QRItem.h; sourceTree = "<group>"; };
		877AAB2D1B8432C700A3326F /* QRItem.m */ = {isa = PBXFileReference; fileEncoding = 4; lastKnownFileType = sourcecode.c.objc; path = QRItem.m; sourceTree = "<group>"; };
		877AAB2E1B8432C700A3326F /* QRMenu.h */ = {isa = PBXFileReference; fileEncoding = 4; lastKnownFileType = sourcecode.c.h; path = QRMenu.h; sourceTree = "<group>"; };
		877AAB2F1B8432C700A3326F /* QRMenu.m */ = {isa = PBXFileReference; fileEncoding = 4; lastKnownFileType = sourcecode.c.objc; path = QRMenu.m; sourceTree = "<group>"; };
		877AAB301B8432C700A3326F /* QRView.h */ = {isa = PBXFileReference; fileEncoding = 4; lastKnownFileType = sourcecode.c.h; path = QRView.h; sourceTree = "<group>"; };
		877AAB311B8432C700A3326F /* QRView.m */ = {isa = PBXFileReference; fileEncoding = 4; lastKnownFileType = sourcecode.c.objc; path = QRView.m; sourceTree = "<group>"; };
		877AAB361B8432E700A3326F /* QRDecodeViewController.h */ = {isa = PBXFileReference; fileEncoding = 4; lastKnownFileType = sourcecode.c.h; path = QRDecodeViewController.h; sourceTree = "<group>"; };
		877AAB371B8432E700A3326F /* QRDecodeViewController.m */ = {isa = PBXFileReference; fileEncoding = 4; lastKnownFileType = sourcecode.c.objc; path = QRDecodeViewController.m; sourceTree = "<group>"; };
		87815FED1B57969A0028022D /* OngoingDetailViewController.h */ = {isa = PBXFileReference; fileEncoding = 4; lastKnownFileType = sourcecode.c.h; path = OngoingDetailViewController.h; sourceTree = "<group>"; };
		87815FEE1B57969A0028022D /* OngoingDetailViewController.m */ = {isa = PBXFileReference; fileEncoding = 4; lastKnownFileType = sourcecode.c.objc; path = OngoingDetailViewController.m; sourceTree = "<group>"; };
		87815FF01B57B4F80028022D /* OrderDetailViewController.h */ = {isa = PBXFileReference; fileEncoding = 4; lastKnownFileType = sourcecode.c.h; path = OrderDetailViewController.h; sourceTree = "<group>"; };
		87815FF11B57B4F80028022D /* OrderDetailViewController.m */ = {isa = PBXFileReference; fileEncoding = 4; lastKnownFileType = sourcecode.c.objc; path = OrderDetailViewController.m; sourceTree = "<group>"; };
		8781607D1B58DA590028022D /* TotalPropertyCell.h */ = {isa = PBXFileReference; fileEncoding = 4; lastKnownFileType = sourcecode.c.h; path = TotalPropertyCell.h; sourceTree = "<group>"; };
		8781607E1B58DA590028022D /* TotalPropertyCell.m */ = {isa = PBXFileReference; fileEncoding = 4; lastKnownFileType = sourcecode.c.objc; path = TotalPropertyCell.m; sourceTree = "<group>"; };
		878160801B58DABC0028022D /* RunningOrderCell.h */ = {isa = PBXFileReference; fileEncoding = 4; lastKnownFileType = sourcecode.c.h; path = RunningOrderCell.h; sourceTree = "<group>"; };
		878160811B58DABC0028022D /* RunningOrderCell.m */ = {isa = PBXFileReference; fileEncoding = 4; lastKnownFileType = sourcecode.c.objc; path = RunningOrderCell.m; sourceTree = "<group>"; };
		878160831B58F2320028022D /* CustomUserLocation.h */ = {isa = PBXFileReference; fileEncoding = 4; lastKnownFileType = sourcecode.c.h; path = CustomUserLocation.h; sourceTree = "<group>"; };
		878160841B58F2320028022D /* CustomUserLocation.m */ = {isa = PBXFileReference; fileEncoding = 4; lastKnownFileType = sourcecode.c.objc; path = CustomUserLocation.m; sourceTree = "<group>"; };
		8785E9031B0ADB90003F4415 /* ComminUtility.h */ = {isa = PBXFileReference; fileEncoding = 4; lastKnownFileType = sourcecode.c.h; path = ComminUtility.h; sourceTree = "<group>"; };
		8785E9041B0ADB90003F4415 /* ComminUtility.m */ = {isa = PBXFileReference; fileEncoding = 4; lastKnownFileType = sourcecode.c.objc; path = ComminUtility.m; sourceTree = "<group>"; };
		8785E9091B0AE6A5003F4415 /* NSDictionary+JSONString.h */ = {isa = PBXFileReference; fileEncoding = 4; lastKnownFileType = sourcecode.c.h; path = "NSDictionary+JSONString.h"; sourceTree = "<group>"; };
		8785E90A1B0AE6A5003F4415 /* NSDictionary+JSONString.m */ = {isa = PBXFileReference; fileEncoding = 4; lastKnownFileType = sourcecode.c.objc; path = "NSDictionary+JSONString.m"; sourceTree = "<group>"; };
		8785E91C1B0C162A003F4415 /* NSString+Hashes.h */ = {isa = PBXFileReference; fileEncoding = 4; lastKnownFileType = sourcecode.c.h; path = "NSString+Hashes.h"; sourceTree = "<group>"; };
		8785E91D1B0C162A003F4415 /* NSString+Hashes.m */ = {isa = PBXFileReference; fileEncoding = 4; lastKnownFileType = sourcecode.c.objc; path = "NSString+Hashes.m"; sourceTree = "<group>"; };
		8785E91F1B0C25E0003F4415 /* AppTableViewController.h */ = {isa = PBXFileReference; fileEncoding = 4; lastKnownFileType = sourcecode.c.h; path = AppTableViewController.h; sourceTree = "<group>"; };
		8785E95E1B0C6E34003F4415 /* AppOneInstallCell.h */ = {isa = PBXFileReference; fileEncoding = 4; lastKnownFileType = sourcecode.c.h; path = AppOneInstallCell.h; sourceTree = "<group>"; };
		8785E95F1B0C6E34003F4415 /* AppOneInstallCell.m */ = {isa = PBXFileReference; fileEncoding = 4; lastKnownFileType = sourcecode.c.objc; path = AppOneInstallCell.m; sourceTree = "<group>"; };
		8785E9611B0C6E7F003F4415 /* AppCollectionTableCell.h */ = {isa = PBXFileReference; fileEncoding = 4; lastKnownFileType = sourcecode.c.h; path = AppCollectionTableCell.h; sourceTree = "<group>"; };
		8785E9621B0C6E7F003F4415 /* AppCollectionTableCell.m */ = {isa = PBXFileReference; fileEncoding = 4; lastKnownFileType = sourcecode.c.objc; path = AppCollectionTableCell.m; sourceTree = "<group>"; };
		8785E9681B0C750E003F4415 /* APPCollectionViewCell.h */ = {isa = PBXFileReference; fileEncoding = 4; lastKnownFileType = sourcecode.c.h; path = APPCollectionViewCell.h; sourceTree = "<group>"; };
		8785E9691B0C750E003F4415 /* APPCollectionViewCell.m */ = {isa = PBXFileReference; fileEncoding = 4; lastKnownFileType = sourcecode.c.objc; path = APPCollectionViewCell.m; sourceTree = "<group>"; };
		878CEC3C1B14460200FE0E21 /* ChildTableViewCell.h */ = {isa = PBXFileReference; fileEncoding = 4; lastKnownFileType = sourcecode.c.h; path = ChildTableViewCell.h; sourceTree = "<group>"; };
		878CEC3D1B14460200FE0E21 /* ChildTableViewCell.m */ = {isa = PBXFileReference; fileEncoding = 4; lastKnownFileType = sourcecode.c.objc; path = ChildTableViewCell.m; sourceTree = "<group>"; };
		878EE4081B0EDDF1002E6B4E /* MyChildrenViewController.h */ = {isa = PBXFileReference; fileEncoding = 4; lastKnownFileType = sourcecode.c.h; path = MyChildrenViewController.h; sourceTree = "<group>"; };
		878EE4091B0EDDF1002E6B4E /* MyChildrenViewController.m */ = {isa = PBXFileReference; fileEncoding = 4; lastKnownFileType = sourcecode.c.objc; path = MyChildrenViewController.m; sourceTree = "<group>"; };
		878EE40B1B0EDDFF002E6B4E /* InvatationViewController.h */ = {isa = PBXFileReference; fileEncoding = 4; lastKnownFileType = sourcecode.c.h; path = InvatationViewController.h; sourceTree = "<group>"; };
		878EE40C1B0EDDFF002E6B4E /* InvatationViewController.m */ = {isa = PBXFileReference; fileEncoding = 4; lastKnownFileType = sourcecode.c.objc; path = InvatationViewController.m; sourceTree = "<group>"; };
		878EE4111B0EDE3D002E6B4E /* InstallHistoryViewController.h */ = {isa = PBXFileReference; fileEncoding = 4; lastKnownFileType = sourcecode.c.h; path = InstallHistoryViewController.h; sourceTree = "<group>"; };
		878EE4121B0EDE3D002E6B4E /* InstallHistoryViewController.m */ = {isa = PBXFileReference; fileEncoding = 4; lastKnownFileType = sourcecode.c.objc; path = InstallHistoryViewController.m; sourceTree = "<group>"; };
		87B400C21B16C14400CC1C95 /* DLNAManager.h */ = {isa = PBXFileReference; fileEncoding = 4; lastKnownFileType = sourcecode.c.h; path = DLNAManager.h; sourceTree = "<group>"; };
		87B400C31B16C14400CC1C95 /* DLNAManager.mm */ = {isa = PBXFileReference; fileEncoding = 4; lastKnownFileType = sourcecode.cpp.objcpp; path = DLNAManager.mm; sourceTree = "<group>"; };
		87B400C41B16C14400CC1C95 /* Platinum.framework */ = {isa = PBXFileReference; lastKnownFileType = wrapper.framework; path = Platinum.framework; sourceTree = "<group>"; };
		87B400C51B16C14400CC1C95 /* PltMicroMediaController.h */ = {isa = PBXFileReference; fileEncoding = 4; lastKnownFileType = sourcecode.c.h; path = PltMicroMediaController.h; sourceTree = "<group>"; };
		87B400C61B16C14400CC1C95 /* PltMicroMediaController.mm */ = {isa = PBXFileReference; fileEncoding = 4; lastKnownFileType = sourcecode.cpp.objcpp; path = PltMicroMediaController.mm; sourceTree = "<group>"; };
		87B400CA1B16C17B00CC1C95 /* DLNADataManager.h */ = {isa = PBXFileReference; fileEncoding = 4; lastKnownFileType = sourcecode.c.h; path = DLNADataManager.h; sourceTree = "<group>"; };
		87B400CB1B16C17B00CC1C95 /* DLNADataManager.mm */ = {isa = PBXFileReference; fileEncoding = 4; lastKnownFileType = sourcecode.cpp.objcpp; path = DLNADataManager.mm; sourceTree = "<group>"; };
		87B400E11B17FAF500CC1C95 /* InfoTableViewController.h */ = {isa = PBXFileReference; fileEncoding = 4; lastKnownFileType = sourcecode.c.h; path = InfoTableViewController.h; sourceTree = "<group>"; };
		87B400E21B17FAF500CC1C95 /* InfoTableViewController.m */ = {isa = PBXFileReference; fileEncoding = 4; lastKnownFileType = sourcecode.c.objc; path = InfoTableViewController.m; sourceTree = "<group>"; };
		87B400E41B18145400CC1C95 /* GenderViewController.h */ = {isa = PBXFileReference; fileEncoding = 4; lastKnownFileType = sourcecode.c.h; path = GenderViewController.h; sourceTree = "<group>"; };
		87B400E51B18145400CC1C95 /* GenderViewController.m */ = {isa = PBXFileReference; fileEncoding = 4; lastKnownFileType = sourcecode.c.objc; path = GenderViewController.m; sourceTree = "<group>"; };
		87D2747E1B09DE7200189C33 /* RKSwipeBetweenViewControllers.h */ = {isa = PBXFileReference; fileEncoding = 4; lastKnownFileType = sourcecode.c.h; path = RKSwipeBetweenViewControllers.h; sourceTree = "<group>"; };
		87D2747F1B09DE7200189C33 /* RKSwipeBetweenViewControllers.m */ = {isa = PBXFileReference; fileEncoding = 4; lastKnownFileType = sourcecode.c.objc; path = RKSwipeBetweenViewControllers.m; sourceTree = "<group>"; };
		87D969B21B0DF59D0063F02B /* AvatorDetailViewController.h */ = {isa = PBXFileReference; fileEncoding = 4; lastKnownFileType = sourcecode.c.h; path = AvatorDetailViewController.h; sourceTree = "<group>"; };
		87D969B31B0DF59D0063F02B /* AvatorDetailViewController.m */ = {isa = PBXFileReference; fileEncoding = 4; lastKnownFileType = sourcecode.c.objc; path = AvatorDetailViewController.m; sourceTree = "<group>"; };
		87DBE1E31AFAFF0000AFB7BF /* TVForInstaller.app */ = {isa = PBXFileReference; explicitFileType = wrapper.application; includeInIndex = 0; path = TVForInstaller.app; sourceTree = BUILT_PRODUCTS_DIR; };
		87DBE1E71AFAFF0000AFB7BF /* Info.plist */ = {isa = PBXFileReference; lastKnownFileType = text.plist.xml; path = Info.plist; sourceTree = "<group>"; };
		87DBE1E81AFAFF0000AFB7BF /* main.m */ = {isa = PBXFileReference; lastKnownFileType = sourcecode.c.objc; path = main.m; sourceTree = "<group>"; };
		87DBE1EA1AFAFF0000AFB7BF /* AppDelegate.h */ = {isa = PBXFileReference; lastKnownFileType = sourcecode.c.h; path = AppDelegate.h; sourceTree = "<group>"; };
		87DBE1EB1AFAFF0000AFB7BF /* AppDelegate.mm */ = {isa = PBXFileReference; lastKnownFileType = sourcecode.cpp.objcpp; path = AppDelegate.mm; sourceTree = "<group>"; };
		87DBE1F11AFAFF0000AFB7BF /* Base */ = {isa = PBXFileReference; lastKnownFileType = file.storyboard; name = Base; path = Base.lproj/Main.storyboard; sourceTree = "<group>"; };
		87DBE1F31AFAFF0000AFB7BF /* Images.xcassets */ = {isa = PBXFileReference; lastKnownFileType = folder.assetcatalog; path = Images.xcassets; sourceTree = "<group>"; };
		87DBE1F61AFAFF0000AFB7BF /* Base */ = {isa = PBXFileReference; lastKnownFileType = file.xib; name = Base; path = Base.lproj/LaunchScreen.xib; sourceTree = "<group>"; };
		87DBE1FC1AFAFF0000AFB7BF /* TVForInstallerTests.xctest */ = {isa = PBXFileReference; explicitFileType = wrapper.cfbundle; includeInIndex = 0; path = TVForInstallerTests.xctest; sourceTree = BUILT_PRODUCTS_DIR; };
		87DBE2011AFAFF0000AFB7BF /* Info.plist */ = {isa = PBXFileReference; lastKnownFileType = text.plist.xml; path = Info.plist; sourceTree = "<group>"; };
		87DBE2021AFAFF0000AFB7BF /* TVForInstallerTests.m */ = {isa = PBXFileReference; lastKnownFileType = sourcecode.c.objc; path = TVForInstallerTests.m; sourceTree = "<group>"; };
		87DBE20E1AFB025800AFB7BF /* NetworkingManager.h */ = {isa = PBXFileReference; fileEncoding = 4; lastKnownFileType = sourcecode.c.h; path = NetworkingManager.h; sourceTree = "<group>"; };
		87DBE20F1AFB025800AFB7BF /* NetworkingManager.m */ = {isa = PBXFileReference; fileEncoding = 4; lastKnownFileType = sourcecode.c.objc; path = NetworkingManager.m; sourceTree = "<group>"; };
		87DBE2141AFB0A5E00AFB7BF /* ViewController.h */ = {isa = PBXFileReference; fileEncoding = 4; lastKnownFileType = sourcecode.c.h; path = ViewController.h; sourceTree = "<group>"; };
		87DBE2151AFB0A5E00AFB7BF /* ViewController.m */ = {isa = PBXFileReference; fileEncoding = 4; lastKnownFileType = sourcecode.c.objc; path = ViewController.m; sourceTree = "<group>"; };
		87DBE2171AFB0B5900AFB7BF /* storehouse.plist */ = {isa = PBXFileReference; fileEncoding = 4; lastKnownFileType = text.plist.xml; path = storehouse.plist; sourceTree = "<group>"; };
		87EA3A9D1B0A0C7D004AB8F7 /* SettingViewController.h */ = {isa = PBXFileReference; fileEncoding = 4; lastKnownFileType = sourcecode.c.h; path = SettingViewController.h; sourceTree = "<group>"; };
		87EA3A9E1B0A0C7D004AB8F7 /* SettingViewController.m */ = {isa = PBXFileReference; fileEncoding = 4; lastKnownFileType = sourcecode.c.objc; path = SettingViewController.m; sourceTree = "<group>"; };
		87EA3AA81B0A10AE004AB8F7 /* LoginViewController.h */ = {isa = PBXFileReference; fileEncoding = 4; lastKnownFileType = sourcecode.c.h; path = LoginViewController.h; sourceTree = "<group>"; };
		87EA3AA91B0A10AE004AB8F7 /* LoginViewController.m */ = {isa = PBXFileReference; fileEncoding = 4; lastKnownFileType = sourcecode.c.objc; path = LoginViewController.m; sourceTree = "<group>"; };
		87EA3AAB1B0A11A1004AB8F7 /* LoginNavigationController.h */ = {isa = PBXFileReference; fileEncoding = 4; lastKnownFileType = sourcecode.c.h; path = LoginNavigationController.h; sourceTree = "<group>"; };
		87EA3AAC1B0A11A1004AB8F7 /* LoginNavigationController.m */ = {isa = PBXFileReference; fileEncoding = 4; lastKnownFileType = sourcecode.c.objc; path = LoginNavigationController.m; sourceTree = "<group>"; };
		87EA3AAE1B0A11AF004AB8F7 /* Login.storyboard */ = {isa = PBXFileReference; fileEncoding = 4; lastKnownFileType = file.storyboard; path = Login.storyboard; sourceTree = "<group>"; };
		87EA3AB01B0AC8A9004AB8F7 /* RootTabController.h */ = {isa = PBXFileReference; fileEncoding = 4; lastKnownFileType = sourcecode.c.h; path = RootTabController.h; sourceTree = "<group>"; };
		87EA3AB11B0AC8A9004AB8F7 /* RootTabController.m */ = {isa = PBXFileReference; fileEncoding = 4; lastKnownFileType = sourcecode.c.objc; path = RootTabController.m; sourceTree = "<group>"; };
		B2774CDB7A14319073A81E4A /* Pods-TVForInstaller.debug.xcconfig */ = {isa = PBXFileReference; includeInIndex = 1; lastKnownFileType = text.xcconfig; name = "Pods-TVForInstaller.debug.xcconfig"; path = "Pods/Target Support Files/Pods-TVForInstaller/Pods-TVForInstaller.debug.xcconfig"; sourceTree = "<group>"; };
/* End PBXFileReference section */

/* Begin PBXFrameworksBuildPhase section */
		87DBE1E01AFAFF0000AFB7BF /* Frameworks */ = {
			isa = PBXFrameworksBuildPhase;
			buildActionMask = 2147483647;
			files = (
				872A61C81B5B523100D62439 /* CoreTelephony.framework in Frameworks */,
				872A61C61B5B522100D62439 /* ImageIO.framework in Frameworks */,
				872A61C41B5B521400D62439 /* MediaPlayer.framework in Frameworks */,
				872A61C21B5B520700D62439 /* libstdc++.6.0.9.dylib in Frameworks */,
				877404251B5B96A80055D2D6 /* libbaiduNaviSDK.a in Frameworks */,
				872A61C01B5B51F100D62439 /* AVFoundation.framework in Frameworks */,
				872A61BE1B5B51EA00D62439 /* CoreMotion.framework in Frameworks */,
				872A61BC1B5B51E300D62439 /* AudioToolbox.framework in Frameworks */,
				8778705F1B563F9F0046650C /* CoreLocation.framework in Frameworks */,
				8778705D1B563F970046650C /* QuartzCore.framework in Frameworks */,
				872A61AA1B5B519900D62439 /* BaiduMobStat.a in Frameworks */,
				8778705B1B563F900046650C /* OpenGLES.framework in Frameworks */,
				877870591B563F880046650C /* SystemConfiguration.framework in Frameworks */,
				877870571B563F7F0046650C /* CoreGraphics.framework in Frameworks */,
				877870551B563F750046650C /* Security.framework in Frameworks */,
				877870511B563F4A0046650C /* BaiduMapAPI.framework in Frameworks */,
				87B400C81B16C14400CC1C95 /* Platinum.framework in Frameworks */,
				847CF564A23C26653969DF8F /* libPods-TVForInstaller.a in Frameworks */,
			);
			runOnlyForDeploymentPostprocessing = 0;
		};
		87DBE1F91AFAFF0000AFB7BF /* Frameworks */ = {
			isa = PBXFrameworksBuildPhase;
			buildActionMask = 2147483647;
			files = (
			);
			runOnlyForDeploymentPostprocessing = 0;
		};
/* End PBXFrameworksBuildPhase section */

/* Begin PBXGroup section */
		304AB7D0B3BE0DC478A4352A /* Pods */ = {
			isa = PBXGroup;
			children = (
				B2774CDB7A14319073A81E4A /* Pods-TVForInstaller.debug.xcconfig */,
				8119E28A07EA9C1ABB1CA06E /* Pods-TVForInstaller.release.xcconfig */,
			);
			name = Pods;
			sourceTree = "<group>";
		};
		488D5A3FC8DCC7161CFF28C9 /* Frameworks */ = {
			isa = PBXGroup;
			children = (
				872A61C71B5B523100D62439 /* CoreTelephony.framework */,
				872A61C51B5B522100D62439 /* ImageIO.framework */,
				872A61C31B5B521400D62439 /* MediaPlayer.framework */,
				872A61C11B5B520700D62439 /* libstdc++.6.0.9.dylib */,
				872A61BF1B5B51F100D62439 /* AVFoundation.framework */,
				872A61BD1B5B51EA00D62439 /* CoreMotion.framework */,
				872A61BB1B5B51E300D62439 /* AudioToolbox.framework */,
				8778705E1B563F9F0046650C /* CoreLocation.framework */,
				8778705C1B563F970046650C /* QuartzCore.framework */,
				8778705A1B563F900046650C /* OpenGLES.framework */,
				877870581B563F880046650C /* SystemConfiguration.framework */,
				877870561B563F7F0046650C /* CoreGraphics.framework */,
				877870541B563F750046650C /* Security.framework */,
				877870501B563F4A0046650C /* BaiduMapAPI.framework */,
				6C44C3D71D410020F7C92B66 /* libPods-TVForInstaller.a */,
			);
			name = Frameworks;
			sourceTree = "<group>";
		};
		871973D01B0EC50D00D6CF36 /* MyAccount */ = {
			isa = PBXGroup;
			children = (
				871973D21B0EC53B00D6CF36 /* MyAccoutViewController.h */,
				871973D31B0EC53B00D6CF36 /* MyAccoutViewController.m */,
				8781607D1B58DA590028022D /* TotalPropertyCell.h */,
				8781607E1B58DA590028022D /* TotalPropertyCell.m */,
				878160801B58DABC0028022D /* RunningOrderCell.h */,
				878160811B58DABC0028022D /* RunningOrderCell.m */,
			);
			name = MyAccount;
			sourceTree = "<group>";
		};
		871973D11B0EC52A00D6CF36 /* Grade */ = {
			isa = PBXGroup;
			children = (
				871973D51B0EC54300D6CF36 /* GradeViewController.h */,
				871973D61B0EC54300D6CF36 /* GradeViewController.m */,
				877338101B11B3D000C2DDC4 /* storehouse.plist */,
				8773380E1B11AB3F00C2DDC4 /* grade.plist */,
				877338081B11A44A00C2DDC4 /* gradeDetailTableViewCell.h */,
				877338091B11A44A00C2DDC4 /* gradeDetailTableViewCell.m */,
				8773380B1B11A45600C2DDC4 /* GradeTotalTableViewCell.h */,
				8773380C1B11A45600C2DDC4 /* GradeTotalTableViewCell.m */,
			);
			name = Grade;
			sourceTree = "<group>";
		};
		871B77471B0C9BAA00810EE3 /* Device */ = {
			isa = PBXGroup;
			children = (
				871B77481B0C9BBB00810EE3 /* DeviceViewController.h */,
				871B77491B0C9BBB00810EE3 /* DeviceViewController.mm */,
				875BE53E1B1AA6170063056F /* DeviceManageCell.h */,
				875BE53F1B1AA6170063056F /* DeviceManageCell.m */,
				871B774B1B0CA41700810EE3 /* DeviceTableViewCell.h */,
				871B774C1B0CA41700810EE3 /* DeviceTableViewCell.m */,
				871B774E1B0CA54C00810EE3 /* DeviceContainer.h */,
				871B774F1B0CA54C00810EE3 /* DeviceContainer.m */,
			);
			name = Device;
			sourceTree = "<group>";
		};
		872A61781B5B519900D62439 /* BaiduNaviSDK */ = {
			isa = PBXGroup;
			children = (
				872A61791B5B519900D62439 /* baiduNaviSDK.bundle */,
				872A617A1B5B519900D62439 /* BaiduStatistics */,
				872A619E1B5B519900D62439 /* inc */,
				872A61A81B5B519900D62439 /* updatelog.txt */,
			);
			path = BaiduNaviSDK;
			sourceTree = "<group>";
		};
		872A617A1B5B519900D62439 /* BaiduStatistics */ = {
			isa = PBXGroup;
			children = (
				872A617B1B5B519900D62439 /* BaiduMobStat.a */,
				872A617C1B5B519900D62439 /* BaiduMobStat.h */,
				872A617D1B5B519900D62439 /* TouchJSON */,
			);
			path = BaiduStatistics;
			sourceTree = "<group>";
		};
		872A617D1B5B519900D62439 /* TouchJSON */ = {
			isa = PBXGroup;
			children = (
				872A617E1B5B519900D62439 /* CDataScanner.h */,
				872A617F1B5B519900D62439 /* CDataScanner.m */,
				872A61801B5B519900D62439 /* Experimental */,
				872A61891B5B519900D62439 /* Extensions */,
				872A61921B5B519900D62439 /* JSON */,
			);
			path = TouchJSON;
			sourceTree = "<group>";
		};
		872A61801B5B519900D62439 /* Experimental */ = {
			isa = PBXGroup;
			children = (
				872A61811B5B519900D62439 /* CFilteringJSONSerializer.h */,
				872A61821B5B519900D62439 /* CFilteringJSONSerializer.m */,
				872A61831B5B519900D62439 /* CJSONDeserializer_BlocksExtensions.h */,
				872A61841B5B519900D62439 /* CJSONDeserializer_BlocksExtensions.m */,
				872A61851B5B519900D62439 /* CJSONSerialization.h */,
				872A61861B5B519900D62439 /* CJSONSerialization.m */,
				872A61871B5B519900D62439 /* CJSONSerializedData.h */,
				872A61881B5B519900D62439 /* CJSONSerializedData.m */,
			);
			path = Experimental;
			sourceTree = "<group>";
		};
		872A61891B5B519900D62439 /* Extensions */ = {
			isa = PBXGroup;
			children = (
				872A618A1B5B519900D62439 /* CDataScanner_Extensions.h */,
				872A618B1B5B519900D62439 /* CDataScanner_Extensions.m */,
				872A618C1B5B519900D62439 /* NSCharacterSet_Extensions.h */,
				872A618D1B5B519900D62439 /* NSCharacterSet_Extensions.m */,
				872A618E1B5B519900D62439 /* NSDictionary_JSONExtensions.h */,
				872A618F1B5B519900D62439 /* NSDictionary_JSONExtensions.m */,
				872A61901B5B519900D62439 /* NSScanner_Extensions.h */,
				872A61911B5B519900D62439 /* NSScanner_Extensions.m */,
			);
			path = Extensions;
			sourceTree = "<group>";
		};
		872A61921B5B519900D62439 /* JSON */ = {
			isa = PBXGroup;
			children = (
				872A61931B5B519900D62439 /* CJSONDataSerializer.h */,
				872A61941B5B519900D62439 /* CJSONDataSerializer.m */,
				872A61951B5B519900D62439 /* CJSONDeserializer.h */,
				872A61961B5B519900D62439 /* CJSONDeserializer.m */,
				872A61971B5B519900D62439 /* CJSONScanner.h */,
				872A61981B5B519900D62439 /* CJSONScanner.m */,
				872A61991B5B519900D62439 /* CJSONSerializer.h */,
				872A619A1B5B519900D62439 /* CJSONSerializer.m */,
				872A619B1B5B519900D62439 /* CSerializedJSONData.h */,
				872A619C1B5B519900D62439 /* CSerializedJSONData.m */,
				872A619D1B5B519900D62439 /* JSONRepresentation.h */,
			);
			path = JSON;
			sourceTree = "<group>";
		};
		872A619E1B5B519900D62439 /* inc */ = {
			isa = PBXGroup;
			children = (
				877404241B5B96A80055D2D6 /* libbaiduNaviSDK.a */,
				872A619F1B5B519900D62439 /* BNCommonDef.h */,
				872A61A01B5B519900D62439 /* BNCoreServices.h */,
				872A61A11B5B519900D62439 /* BNLocation.h */,
				872A61A21B5B519900D62439 /* BNLocationManagerProtocol.h */,
				872A61A31B5B519900D62439 /* BNRoutePlanManagerProtocol.h */,
				872A61A41B5B519900D62439 /* BNRoutePlanModel.h */,
				872A61A51B5B519900D62439 /* BNStrategyManagerProtocol.h */,
				872A61A61B5B519900D62439 /* BNUIManagerProtocol.h */,
			);
			path = inc;
			sourceTree = "<group>";
		};
		872DA8C91B0C893800C680B5 /* Info */ = {
			isa = PBXGroup;
			children = (
				87B400E11B17FAF500CC1C95 /* InfoTableViewController.h */,
				87B400E21B17FAF500CC1C95 /* InfoTableViewController.m */,
				87B400E41B18145400CC1C95 /* GenderViewController.h */,
				87B400E51B18145400CC1C95 /* GenderViewController.m */,
			);
			name = Info;
			sourceTree = "<group>";
		};
		872DA8CD1B0C94C600C680B5 /* About */ = {
			isa = PBXGroup;
			children = (
				872DA8CE1B0C94E100C680B5 /* AboutViewController.h */,
				872DA8CF1B0C94E100C680B5 /* AboutViewController.m */,
			);
			name = About;
			sourceTree = "<group>";
		};
		8736FDE81B0D806A00E3685C /* modifyPassword */ = {
			isa = PBXGroup;
			children = (
				8736FDE91B0D808900E3685C /* ModifyPasswordViewController.h */,
				8736FDEA1B0D808900E3685C /* ModifyPasswordViewController.m */,
			);
			name = modifyPassword;
			sourceTree = "<group>";
		};
		877870601B5642650046650C /* FetchOngoing */ = {
			isa = PBXGroup;
			children = (
				87493ED01B57465500E9F840 /* CustomPointAnnotation.h */,
				87493ED11B57465500E9F840 /* CustomPointAnnotation.m */,
				8778706B1B565D2A0046650C /* CustomAnnotationView.h */,
				8778706C1B565D2A0046650C /* CustomAnnotationView.m */,
				877870641B56521F0046650C /* OrderMapViewController.h */,
				877870651B56521F0046650C /* OrderMapViewController.m */,
				87815FF01B57B4F80028022D /* OrderDetailViewController.h */,
				87815FF11B57B4F80028022D /* OrderDetailViewController.m */,
				878160831B58F2320028022D /* CustomUserLocation.h */,
				878160841B58F2320028022D /* CustomUserLocation.m */,
			);
			name = FetchOngoing;
			sourceTree = "<group>";
		};
		877870671B5652BD0046650C /* MyOrder */ = {
			isa = PBXGroup;
			children = (
				877AAB271B84314300A3326F /* QRCode */,
				87493ED61B57851900E9F840 /* CompletedTableViewCell.h */,
				87493ED71B57851900E9F840 /* CompletedTableViewCell.m */,
				877870681B56536E0046650C /* MyOrderViewController.h */,
				877870691B56536E0046650C /* MyOrderViewController.m */,
				87815FED1B57969A0028022D /* OngoingDetailViewController.h */,
				87815FEE1B57969A0028022D /* OngoingDetailViewController.m */,
				871E651A1B639FC400A9ACA1 /* TotalFeeViewController.h */,
				871E651B1B639FC400A9ACA1 /* TotalFeeViewController.m */,
				877404291B5E31810055D2D6 /* QRCodeViewController.h */,
				8774042A1B5E31810055D2D6 /* QRCodeViewController.m */,
				8774042C1B5E34A90055D2D6 /* QRCodeAnimator.h */,
				8774042D1B5E34A90055D2D6 /* QRCodeAnimator.m */,
				8774042F1B5E3DC70055D2D6 /* QRCodeDismissAnimator.h */,
				877404301B5E3DC70055D2D6 /* QRCodeDismissAnimator.m */,
			);
			name = MyOrder;
			sourceTree = "<group>";
		};
		877AAB271B84314300A3326F /* QRCode */ = {
			isa = PBXGroup;
			children = (
				877AAB2B1B8432C700A3326F /* qr_scan_line@2x.png */,
				877AAB2C1B8432C700A3326F /* QRItem.h */,
				877AAB2D1B8432C700A3326F /* QRItem.m */,
				877AAB2E1B8432C700A3326F /* QRMenu.h */,
				877AAB2F1B8432C700A3326F /* QRMenu.m */,
				877AAB301B8432C700A3326F /* QRView.h */,
				877AAB311B8432C700A3326F /* QRView.m */,
				877AAB361B8432E700A3326F /* QRDecodeViewController.h */,
				877AAB371B8432E700A3326F /* QRDecodeViewController.m */,
			);
			name = QRCode;
			sourceTree = "<group>";
		};
		8785E9641B0C73E0003F4415 /* AppCollection */ = {
			isa = PBXGroup;
			children = (
				8785E9681B0C750E003F4415 /* APPCollectionViewCell.h */,
				8785E9691B0C750E003F4415 /* APPCollectionViewCell.m */,
			);
			name = AppCollection;
			sourceTree = "<group>";
		};
		878EE4051B0EDD77002E6B4E /* MyChildren */ = {
			isa = PBXGroup;
			children = (
				878EE4081B0EDDF1002E6B4E /* MyChildrenViewController.h */,
				878EE4091B0EDDF1002E6B4E /* MyChildrenViewController.m */,
				878CEC3C1B14460200FE0E21 /* ChildTableViewCell.h */,
				878CEC3D1B14460200FE0E21 /* ChildTableViewCell.m */,
			);
			name = MyChildren;
			sourceTree = "<group>";
		};
		878EE4061B0EDD8C002E6B4E /* Invitation */ = {
			isa = PBXGroup;
			children = (
				878EE40B1B0EDDFF002E6B4E /* InvatationViewController.h */,
				878EE40C1B0EDDFF002E6B4E /* InvatationViewController.m */,
			);
			name = Invitation;
			sourceTree = "<group>";
		};
		878EE4071B0EDD99002E6B4E /* InstallHistory */ = {
			isa = PBXGroup;
			children = (
				878EE4111B0EDE3D002E6B4E /* InstallHistoryViewController.h */,
				878EE4121B0EDE3D002E6B4E /* InstallHistoryViewController.m */,
			);
			name = InstallHistory;
			sourceTree = "<group>";
		};
		87B400C11B16C14400CC1C95 /* PlatinumKit */ = {
			isa = PBXGroup;
			children = (
				87B400CA1B16C17B00CC1C95 /* DLNADataManager.h */,
				87B400CB1B16C17B00CC1C95 /* DLNADataManager.mm */,
				87B400C21B16C14400CC1C95 /* DLNAManager.h */,
				87B400C31B16C14400CC1C95 /* DLNAManager.mm */,
				87B400C41B16C14400CC1C95 /* Platinum.framework */,
				87B400C51B16C14400CC1C95 /* PltMicroMediaController.h */,
				87B400C61B16C14400CC1C95 /* PltMicroMediaController.mm */,
			);
			path = PlatinumKit;
			sourceTree = SOURCE_ROOT;
		};
		87D2747D1B09DE4E00189C33 /* RKSwipeBetweenViewController */ = {
			isa = PBXGroup;
			children = (
				87D2747E1B09DE7200189C33 /* RKSwipeBetweenViewControllers.h */,
				87D2747F1B09DE7200189C33 /* RKSwipeBetweenViewControllers.m */,
			);
			name = RKSwipeBetweenViewController;
			sourceTree = "<group>";
		};
		87DBE1DA1AFAFF0000AFB7BF = {
			isa = PBXGroup;
			children = (
				877870521B563F640046650C /* mapapi.bundle */,
				87DBE1E51AFAFF0000AFB7BF /* TVForInstaller */,
				87DBE1FF1AFAFF0000AFB7BF /* TVForInstallerTests */,
				87DBE1E41AFAFF0000AFB7BF /* Products */,
				304AB7D0B3BE0DC478A4352A /* Pods */,
				488D5A3FC8DCC7161CFF28C9 /* Frameworks */,
			);
			sourceTree = "<group>";
		};
		87DBE1E41AFAFF0000AFB7BF /* Products */ = {
			isa = PBXGroup;
			children = (
				87DBE1E31AFAFF0000AFB7BF /* TVForInstaller.app */,
				87DBE1FC1AFAFF0000AFB7BF /* TVForInstallerTests.xctest */,
			);
			name = Products;
			sourceTree = "<group>";
		};
		87DBE1E51AFAFF0000AFB7BF /* TVForInstaller */ = {
			isa = PBXGroup;
			children = (
				872A61781B5B519900D62439 /* BaiduNaviSDK */,
				87DBE1F01AFAFF0000AFB7BF /* Main.storyboard */,
				87DBE1EA1AFAFF0000AFB7BF /* AppDelegate.h */,
				87DBE1EB1AFAFF0000AFB7BF /* AppDelegate.mm */,
				87EA3AB01B0AC8A9004AB8F7 /* RootTabController.h */,
				87EA3AB11B0AC8A9004AB8F7 /* RootTabController.m */,
				87EA3AA71B0A1094004AB8F7 /* Login */,
				87EA3AA01B0A1016004AB8F7 /* Orders */,
				87EA3AA61B0A105A004AB8F7 /* Applications */,
				87EA3A9C1B0A0C2C004AB8F7 /* Settings */,
				87DBE20D1AFB020800AFB7BF /* Util */,
				87DBE20C1AFB01F900AFB7BF /* Vendor */,
				87DBE1F31AFAFF0000AFB7BF /* Images.xcassets */,
				87DBE1F51AFAFF0000AFB7BF /* LaunchScreen.xib */,
				87DBE1E61AFAFF0000AFB7BF /* Supporting Files */,
			);
			path = TVForInstaller;
			sourceTree = "<group>";
		};
		87DBE1E61AFAFF0000AFB7BF /* Supporting Files */ = {
			isa = PBXGroup;
			children = (
				87DBE2141AFB0A5E00AFB7BF /* ViewController.h */,
				87DBE2151AFB0A5E00AFB7BF /* ViewController.m */,
				87DBE1E71AFAFF0000AFB7BF /* Info.plist */,
				87DBE1E81AFAFF0000AFB7BF /* main.m */,
			);
			name = "Supporting Files";
			sourceTree = "<group>";
		};
		87DBE1FF1AFAFF0000AFB7BF /* TVForInstallerTests */ = {
			isa = PBXGroup;
			children = (
				87DBE2021AFAFF0000AFB7BF /* TVForInstallerTests.m */,
				87DBE2001AFAFF0000AFB7BF /* Supporting Files */,
			);
			path = TVForInstallerTests;
			sourceTree = "<group>";
		};
		87DBE2001AFAFF0000AFB7BF /* Supporting Files */ = {
			isa = PBXGroup;
			children = (
				87DBE2011AFAFF0000AFB7BF /* Info.plist */,
			);
			name = "Supporting Files";
			sourceTree = "<group>";
		};
		87DBE20C1AFB01F900AFB7BF /* Vendor */ = {
			isa = PBXGroup;
			children = (
				87D2747D1B09DE4E00189C33 /* RKSwipeBetweenViewController */,
				87DBE2171AFB0B5900AFB7BF /* storehouse.plist */,
			);
			name = Vendor;
			sourceTree = "<group>";
		};
		87DBE20D1AFB020800AFB7BF /* Util */ = {
			isa = PBXGroup;
			children = (
				87B400C11B16C14400CC1C95 /* PlatinumKit */,
				87DBE20E1AFB025800AFB7BF /* NetworkingManager.h */,
				87DBE20F1AFB025800AFB7BF /* NetworkingManager.m */,
				871A232F1B0ACA1C00B484CA /* AccountManager.h */,
				871A23301B0ACA1C00B484CA /* AccountManager.m */,
				8785E9031B0ADB90003F4415 /* ComminUtility.h */,
				8785E9041B0ADB90003F4415 /* ComminUtility.m */,
				8785E91C1B0C162A003F4415 /* NSString+Hashes.h */,
				8785E91D1B0C162A003F4415 /* NSString+Hashes.m */,
				8785E9091B0AE6A5003F4415 /* NSDictionary+JSONString.h */,
				8785E90A1B0AE6A5003F4415 /* NSDictionary+JSONString.m */,
			);
			name = Util;
			sourceTree = "<group>";
		};
		87EA3A9C1B0A0C2C004AB8F7 /* Settings */ = {
			isa = PBXGroup;
			children = (
				872DA8C41B0C883F00C680B5 /* Setting.storyboard */,
				87EA3A9D1B0A0C7D004AB8F7 /* SettingViewController.h */,
				87EA3A9E1B0A0C7D004AB8F7 /* SettingViewController.m */,
				87D969B21B0DF59D0063F02B /* AvatorDetailViewController.h */,
				87D969B31B0DF59D0063F02B /* AvatorDetailViewController.m */,
				871B77471B0C9BAA00810EE3 /* Device */,
				871973D01B0EC50D00D6CF36 /* MyAccount */,
				871973D11B0EC52A00D6CF36 /* Grade */,
				878EE4051B0EDD77002E6B4E /* MyChildren */,
				878EE4061B0EDD8C002E6B4E /* Invitation */,
				878EE4071B0EDD99002E6B4E /* InstallHistory */,
				872DA8C91B0C893800C680B5 /* Info */,
				8736FDE81B0D806A00E3685C /* modifyPassword */,
				872DA8CD1B0C94C600C680B5 /* About */,
			);
			name = Settings;
			sourceTree = "<group>";
		};
		87EA3AA01B0A1016004AB8F7 /* Orders */ = {
			isa = PBXGroup;
			children = (
				8747534F1B12C10C003BD8A3 /* Order.storyboard */,
				877870611B56452A0046650C /* OrderContainer.h */,
				877870621B56452A0046650C /* OrderContainer.m */,
				877404261B5CE1640055D2D6 /* OngoingOrder.h */,
				877404271B5CE1640055D2D6 /* OngoingOrder.m */,
				877870601B5642650046650C /* FetchOngoing */,
				877870671B5652BD0046650C /* MyOrder */,
			);
			name = Orders;
			sourceTree = "<group>";
		};
		87EA3AA61B0A105A004AB8F7 /* Applications */ = {
			isa = PBXGroup;
			children = (
				8785E9641B0C73E0003F4415 /* AppCollection */,
				8785E91F1B0C25E0003F4415 /* AppTableViewController.h */,
				872DA8C21B0C839500C680B5 /* AppTableViewController.mm */,
				8785E95E1B0C6E34003F4415 /* AppOneInstallCell.h */,
				8785E95F1B0C6E34003F4415 /* AppOneInstallCell.m */,
				8785E9611B0C6E7F003F4415 /* AppCollectionTableCell.h */,
				8785E9621B0C6E7F003F4415 /* AppCollectionTableCell.m */,
			);
			name = Applications;
			sourceTree = "<group>";
		};
		87EA3AA71B0A1094004AB8F7 /* Login */ = {
			isa = PBXGroup;
			children = (
				87EA3AAE1B0A11AF004AB8F7 /* Login.storyboard */,
				87EA3AAB1B0A11A1004AB8F7 /* LoginNavigationController.h */,
				87EA3AAC1B0A11A1004AB8F7 /* LoginNavigationController.m */,
				87EA3AA81B0A10AE004AB8F7 /* LoginViewController.h */,
				87EA3AA91B0A10AE004AB8F7 /* LoginViewController.m */,
				871A23321B0ACF7200B484CA /* RegisterViewController.h */,
				871A23331B0ACF7200B484CA /* RegisterViewController.m */,
				871A23351B0ACF8300B484CA /* ForgetViewController.h */,
				871A23361B0ACF8300B484CA /* ForgetViewController.m */,
			);
			name = Login;
			sourceTree = "<group>";
		};
/* End PBXGroup section */

/* Begin PBXNativeTarget section */
		87DBE1E21AFAFF0000AFB7BF /* TVForInstaller */ = {
			isa = PBXNativeTarget;
			buildConfigurationList = 87DBE2061AFAFF0000AFB7BF /* Build configuration list for PBXNativeTarget "TVForInstaller" */;
			buildPhases = (
				B3FA76FD52466F4866C61106 /* Check Pods Manifest.lock */,
				87DBE1DF1AFAFF0000AFB7BF /* Sources */,
				87DBE1E01AFAFF0000AFB7BF /* Frameworks */,
				87DBE1E11AFAFF0000AFB7BF /* Resources */,
				268038413F48264E3D42309B /* Copy Pods Resources */,
			);
			buildRules = (
			);
			dependencies = (
			);
			name = TVForInstaller;
			productName = TVForInstaller;
			productReference = 87DBE1E31AFAFF0000AFB7BF /* TVForInstaller.app */;
			productType = "com.apple.product-type.application";
		};
		87DBE1FB1AFAFF0000AFB7BF /* TVForInstallerTests */ = {
			isa = PBXNativeTarget;
			buildConfigurationList = 87DBE2091AFAFF0000AFB7BF /* Build configuration list for PBXNativeTarget "TVForInstallerTests" */;
			buildPhases = (
				87DBE1F81AFAFF0000AFB7BF /* Sources */,
				87DBE1F91AFAFF0000AFB7BF /* Frameworks */,
				87DBE1FA1AFAFF0000AFB7BF /* Resources */,
			);
			buildRules = (
			);
			dependencies = (
				87DBE1FE1AFAFF0000AFB7BF /* PBXTargetDependency */,
			);
			name = TVForInstallerTests;
			productName = TVForInstallerTests;
			productReference = 87DBE1FC1AFAFF0000AFB7BF /* TVForInstallerTests.xctest */;
			productType = "com.apple.product-type.bundle.unit-test";
		};
/* End PBXNativeTarget section */

/* Begin PBXProject section */
		87DBE1DB1AFAFF0000AFB7BF /* Project object */ = {
			isa = PBXProject;
			attributes = {
				LastUpgradeCheck = 0700;
				ORGANIZATIONNAME = AlienLi;
				TargetAttributes = {
					87DBE1E21AFAFF0000AFB7BF = {
						CreatedOnToolsVersion = 6.3.1;
						DevelopmentTeam = CMK99GW5P5;
					};
					87DBE1FB1AFAFF0000AFB7BF = {
						CreatedOnToolsVersion = 6.3.1;
						TestTargetID = 87DBE1E21AFAFF0000AFB7BF;
					};
				};
			};
			buildConfigurationList = 87DBE1DE1AFAFF0000AFB7BF /* Build configuration list for PBXProject "TVForInstaller" */;
			compatibilityVersion = "Xcode 3.2";
			developmentRegion = English;
			hasScannedForEncodings = 0;
			knownRegions = (
				en,
				Base,
			);
			mainGroup = 87DBE1DA1AFAFF0000AFB7BF;
			productRefGroup = 87DBE1E41AFAFF0000AFB7BF /* Products */;
			projectDirPath = "";
			projectRoot = "";
			targets = (
				87DBE1E21AFAFF0000AFB7BF /* TVForInstaller */,
				87DBE1FB1AFAFF0000AFB7BF /* TVForInstallerTests */,
			);
		};
/* End PBXProject section */

/* Begin PBXResourcesBuildPhase section */
		87DBE1E11AFAFF0000AFB7BF /* Resources */ = {
			isa = PBXResourcesBuildPhase;
			buildActionMask = 2147483647;
			files = (
				872A61BA1B5B519900D62439 /* updatelog.txt in Resources */,
				8773380F1B11AB3F00C2DDC4 /* grade.plist in Resources */,
				87EA3AAF1B0A11AF004AB8F7 /* Login.storyboard in Resources */,
				877338111B11B3D000C2DDC4 /* storehouse.plist in Resources */,
				877870531B563F640046650C /* mapapi.bundle in Resources */,
				87DBE1F21AFAFF0000AFB7BF /* Main.storyboard in Resources */,
				877AAB321B8432C700A3326F /* qr_scan_line@2x.png in Resources */,
				87DBE1F71AFAFF0000AFB7BF /* LaunchScreen.xib in Resources */,
				872A61A91B5B519900D62439 /* baiduNaviSDK.bundle in Resources */,
				874753501B12C10C003BD8A3 /* Order.storyboard in Resources */,
				87DBE1F41AFAFF0000AFB7BF /* Images.xcassets in Resources */,
				872DA8C51B0C883F00C680B5 /* Setting.storyboard in Resources */,
			);
			runOnlyForDeploymentPostprocessing = 0;
		};
		87DBE1FA1AFAFF0000AFB7BF /* Resources */ = {
			isa = PBXResourcesBuildPhase;
			buildActionMask = 2147483647;
			files = (
			);
			runOnlyForDeploymentPostprocessing = 0;
		};
/* End PBXResourcesBuildPhase section */

/* Begin PBXShellScriptBuildPhase section */
		268038413F48264E3D42309B /* Copy Pods Resources */ = {
			isa = PBXShellScriptBuildPhase;
			buildActionMask = 2147483647;
			files = (
			);
			inputPaths = (
			);
			name = "Copy Pods Resources";
			outputPaths = (
			);
			runOnlyForDeploymentPostprocessing = 0;
			shellPath = /bin/sh;
			shellScript = "\"${SRCROOT}/Pods/Target Support Files/Pods-TVForInstaller/Pods-TVForInstaller-resources.sh\"\n";
			showEnvVarsInLog = 0;
		};
		B3FA76FD52466F4866C61106 /* Check Pods Manifest.lock */ = {
			isa = PBXShellScriptBuildPhase;
			buildActionMask = 2147483647;
			files = (
			);
			inputPaths = (
			);
			name = "Check Pods Manifest.lock";
			outputPaths = (
			);
			runOnlyForDeploymentPostprocessing = 0;
			shellPath = /bin/sh;
			shellScript = "diff \"${PODS_ROOT}/../Podfile.lock\" \"${PODS_ROOT}/Manifest.lock\" > /dev/null\nif [[ $? != 0 ]] ; then\n    cat << EOM\nerror: The sandbox is not in sync with the Podfile.lock. Run 'pod install' or update your CocoaPods installation.\nEOM\n    exit 1\nfi\n";
			showEnvVarsInLog = 0;
		};
/* End PBXShellScriptBuildPhase section */

/* Begin PBXSourcesBuildPhase section */
		87DBE1DF1AFAFF0000AFB7BF /* Sources */ = {
			isa = PBXSourcesBuildPhase;
			buildActionMask = 2147483647;
			files = (
				871E651C1B639FC400A9ACA1 /* TotalFeeViewController.m in Sources */,
				878160821B58DABC0028022D /* RunningOrderCell.m in Sources */,
				87B400E31B17FAF500CC1C95 /* InfoTableViewController.m in Sources */,
				87493ED81B57851900E9F840 /* CompletedTableViewCell.m in Sources */,
				872A61B11B5B519900D62439 /* NSCharacterSet_Extensions.m in Sources */,
				877AAB381B8432E700A3326F /* QRDecodeViewController.m in Sources */,
				872A61AF1B5B519900D62439 /* CJSONSerializedData.m in Sources */,
				871B774A1B0C9BBB00810EE3 /* DeviceViewController.mm in Sources */,
				872DA8C31B0C839500C680B5 /* AppTableViewController.mm in Sources */,
				872A61AE1B5B519900D62439 /* CJSONSerialization.m in Sources */,
				877AAB341B8432C700A3326F /* QRMenu.m in Sources */,
				877404281B5CE1640055D2D6 /* OngoingOrder.m in Sources */,
				8773380A1B11A44A00C2DDC4 /* gradeDetailTableViewCell.m in Sources */,
				87B400E61B18145400CC1C95 /* GenderViewController.m in Sources */,
				8778706D1B565D2A0046650C /* CustomAnnotationView.m in Sources */,
				878EE40A1B0EDDF1002E6B4E /* MyChildrenViewController.m in Sources */,
				877870661B56521F0046650C /* OrderMapViewController.m in Sources */,
				87DBE2101AFB025800AFB7BF /* NetworkingManager.m in Sources */,
				87815FF21B57B4F80028022D /* OrderDetailViewController.m in Sources */,
				875BE5401B1AA6170063056F /* DeviceManageCell.m in Sources */,
				878CEC3E1B14460200FE0E21 /* ChildTableViewCell.m in Sources */,
				872A61B41B5B519900D62439 /* CJSONDataSerializer.m in Sources */,
				871A23371B0ACF8300B484CA /* ForgetViewController.m in Sources */,
				872A61B51B5B519900D62439 /* CJSONDeserializer.m in Sources */,
				872A61B31B5B519900D62439 /* NSScanner_Extensions.m in Sources */,
				872A61B21B5B519900D62439 /* NSDictionary_JSONExtensions.m in Sources */,
				877AAB331B8432C700A3326F /* QRItem.m in Sources */,
				87D969B41B0DF59D0063F02B /* AvatorDetailViewController.m in Sources */,
				871B774D1B0CA41700810EE3 /* DeviceTableViewCell.m in Sources */,
				8773380D1B11A45600C2DDC4 /* GradeTotalTableViewCell.m in Sources */,
				872A61AB1B5B519900D62439 /* CDataScanner.m in Sources */,
				87DBE1EC1AFAFF0000AFB7BF /* AppDelegate.mm in Sources */,
				87B400CC1B16C17B00CC1C95 /* DLNADataManager.mm in Sources */,
				87B400C71B16C14400CC1C95 /* DLNAManager.mm in Sources */,
				87815FEF1B57969A0028022D /* OngoingDetailViewController.m in Sources */,
				87B400C91B16C14400CC1C95 /* PltMicroMediaController.mm in Sources */,
				8785E91E1B0C162A003F4415 /* NSString+Hashes.m in Sources */,
				8774042E1B5E34A90055D2D6 /* QRCodeAnimator.m in Sources */,
				8785E9631B0C6E7F003F4415 /* AppCollectionTableCell.m in Sources */,
				872A61AC1B5B519900D62439 /* CFilteringJSONSerializer.m in Sources */,
				871A23341B0ACF7200B484CA /* RegisterViewController.m in Sources */,
				87DBE1E91AFAFF0000AFB7BF /* main.m in Sources */,
				877404311B5E3DC70055D2D6 /* QRCodeDismissAnimator.m in Sources */,
				87EA3AAA1B0A10AE004AB8F7 /* LoginViewController.m in Sources */,
				87EA3AB21B0AC8A9004AB8F7 /* RootTabController.m in Sources */,
				87493ED21B57465500E9F840 /* CustomPointAnnotation.m in Sources */,
				872A61B61B5B519900D62439 /* CJSONScanner.m in Sources */,
				871973D71B0EC54300D6CF36 /* GradeViewController.m in Sources */,
				8736FDEB1B0D808900E3685C /* ModifyPasswordViewController.m in Sources */,
				872A61B01B5B519900D62439 /* CDataScanner_Extensions.m in Sources */,
				878EE40D1B0EDDFF002E6B4E /* InvatationViewController.m in Sources */,
				8785E96A1B0C750E003F4415 /* APPCollectionViewCell.m in Sources */,
				87DBE2161AFB0A5E00AFB7BF /* ViewController.m in Sources */,
				871A23311B0ACA1C00B484CA /* AccountManager.m in Sources */,
				8785E90B1B0AE6A5003F4415 /* NSDictionary+JSONString.m in Sources */,
				8785E9601B0C6E34003F4415 /* AppOneInstallCell.m in Sources */,
				877870631B56452A0046650C /* OrderContainer.m in Sources */,
				872A61B71B5B519900D62439 /* CJSONSerializer.m in Sources */,
				871973D41B0EC53B00D6CF36 /* MyAccoutViewController.m in Sources */,
				87EA3A9F1B0A0C7D004AB8F7 /* SettingViewController.m in Sources */,
				872DA8D01B0C94E100C680B5 /* AboutViewController.m in Sources */,
				877AAB351B8432C700A3326F /* QRView.m in Sources */,
				8781607F1B58DA590028022D /* TotalPropertyCell.m in Sources */,
				878160851B58F2320028022D /* CustomUserLocation.m in Sources */,
				871B77501B0CA54C00810EE3 /* DeviceContainer.m in Sources */,
				878EE4131B0EDE3D002E6B4E /* InstallHistoryViewController.m in Sources */,
				8778706A1B56536E0046650C /* MyOrderViewController.m in Sources */,
				87EA3AAD1B0A11A1004AB8F7 /* LoginNavigationController.m in Sources */,
				872A61AD1B5B519900D62439 /* CJSONDeserializer_BlocksExtensions.m in Sources */,
				87D274801B09DE7200189C33 /* RKSwipeBetweenViewControllers.m in Sources */,
				8774042B1B5E31810055D2D6 /* QRCodeViewController.m in Sources */,
				8785E9051B0ADB90003F4415 /* ComminUtility.m in Sources */,
				872A61B81B5B519900D62439 /* CSerializedJSONData.m in Sources */,
			);
			runOnlyForDeploymentPostprocessing = 0;
		};
		87DBE1F81AFAFF0000AFB7BF /* Sources */ = {
			isa = PBXSourcesBuildPhase;
			buildActionMask = 2147483647;
			files = (
				87DBE2031AFAFF0000AFB7BF /* TVForInstallerTests.m in Sources */,
			);
			runOnlyForDeploymentPostprocessing = 0;
		};
/* End PBXSourcesBuildPhase section */

/* Begin PBXTargetDependency section */
		87DBE1FE1AFAFF0000AFB7BF /* PBXTargetDependency */ = {
			isa = PBXTargetDependency;
			target = 87DBE1E21AFAFF0000AFB7BF /* TVForInstaller */;
			targetProxy = 87DBE1FD1AFAFF0000AFB7BF /* PBXContainerItemProxy */;
		};
/* End PBXTargetDependency section */

/* Begin PBXVariantGroup section */
		87DBE1F01AFAFF0000AFB7BF /* Main.storyboard */ = {
			isa = PBXVariantGroup;
			children = (
				87DBE1F11AFAFF0000AFB7BF /* Base */,
			);
			name = Main.storyboard;
			sourceTree = "<group>";
		};
		87DBE1F51AFAFF0000AFB7BF /* LaunchScreen.xib */ = {
			isa = PBXVariantGroup;
			children = (
				87DBE1F61AFAFF0000AFB7BF /* Base */,
			);
			name = LaunchScreen.xib;
			sourceTree = "<group>";
		};
/* End PBXVariantGroup section */

/* Begin XCBuildConfiguration section */
		87DBE2041AFAFF0000AFB7BF /* Debug */ = {
			isa = XCBuildConfiguration;
			buildSettings = {
				ALWAYS_SEARCH_USER_PATHS = NO;
				CLANG_CXX_LANGUAGE_STANDARD = "gnu++0x";
				CLANG_CXX_LIBRARY = "libc++";
				CLANG_ENABLE_MODULES = YES;
				CLANG_ENABLE_OBJC_ARC = YES;
				CLANG_WARN_BOOL_CONVERSION = YES;
				CLANG_WARN_CONSTANT_CONVERSION = YES;
				CLANG_WARN_DIRECT_OBJC_ISA_USAGE = YES_ERROR;
				CLANG_WARN_EMPTY_BODY = YES;
				CLANG_WARN_ENUM_CONVERSION = YES;
				CLANG_WARN_INT_CONVERSION = YES;
				CLANG_WARN_OBJC_ROOT_CLASS = YES_ERROR;
				CLANG_WARN_UNREACHABLE_CODE = YES;
				CLANG_WARN__DUPLICATE_METHOD_MATCH = YES;
				"CODE_SIGN_IDENTITY[sdk=iphoneos*]" = "iPhone Developer";
				COPY_PHASE_STRIP = NO;
				DEBUG_INFORMATION_FORMAT = "dwarf-with-dsym";
				ENABLE_STRICT_OBJC_MSGSEND = YES;
				ENABLE_TESTABILITY = YES;
				GCC_C_LANGUAGE_STANDARD = gnu99;
				GCC_DYNAMIC_NO_PIC = NO;
				GCC_NO_COMMON_BLOCKS = YES;
				GCC_OPTIMIZATION_LEVEL = 0;
				GCC_PREPROCESSOR_DEFINITIONS = (
					"DEBUG=1",
					"$(inherited)",
				);
				GCC_SYMBOLS_PRIVATE_EXTERN = NO;
				GCC_WARN_64_TO_32_BIT_CONVERSION = YES;
				GCC_WARN_ABOUT_RETURN_TYPE = YES_ERROR;
				GCC_WARN_UNDECLARED_SELECTOR = YES;
				GCC_WARN_UNINITIALIZED_AUTOS = YES_AGGRESSIVE;
				GCC_WARN_UNUSED_FUNCTION = YES;
				GCC_WARN_UNUSED_VARIABLE = YES;
				IPHONEOS_DEPLOYMENT_TARGET = 8.3;
				MTL_ENABLE_DEBUG_INFO = YES;
				ONLY_ACTIVE_ARCH = YES;
				SDKROOT = iphoneos;
			};
			name = Debug;
		};
		87DBE2051AFAFF0000AFB7BF /* Release */ = {
			isa = XCBuildConfiguration;
			buildSettings = {
				ALWAYS_SEARCH_USER_PATHS = NO;
				CLANG_CXX_LANGUAGE_STANDARD = "gnu++0x";
				CLANG_CXX_LIBRARY = "libc++";
				CLANG_ENABLE_MODULES = YES;
				CLANG_ENABLE_OBJC_ARC = YES;
				CLANG_WARN_BOOL_CONVERSION = YES;
				CLANG_WARN_CONSTANT_CONVERSION = YES;
				CLANG_WARN_DIRECT_OBJC_ISA_USAGE = YES_ERROR;
				CLANG_WARN_EMPTY_BODY = YES;
				CLANG_WARN_ENUM_CONVERSION = YES;
				CLANG_WARN_INT_CONVERSION = YES;
				CLANG_WARN_OBJC_ROOT_CLASS = YES_ERROR;
				CLANG_WARN_UNREACHABLE_CODE = YES;
				CLANG_WARN__DUPLICATE_METHOD_MATCH = YES;
				"CODE_SIGN_IDENTITY[sdk=iphoneos*]" = "iPhone Developer";
				COPY_PHASE_STRIP = NO;
				DEBUG_INFORMATION_FORMAT = "dwarf-with-dsym";
				ENABLE_NS_ASSERTIONS = NO;
				ENABLE_STRICT_OBJC_MSGSEND = YES;
				GCC_C_LANGUAGE_STANDARD = gnu99;
				GCC_NO_COMMON_BLOCKS = YES;
				GCC_WARN_64_TO_32_BIT_CONVERSION = YES;
				GCC_WARN_ABOUT_RETURN_TYPE = YES_ERROR;
				GCC_WARN_UNDECLARED_SELECTOR = YES;
				GCC_WARN_UNINITIALIZED_AUTOS = YES_AGGRESSIVE;
				GCC_WARN_UNUSED_FUNCTION = YES;
				GCC_WARN_UNUSED_VARIABLE = YES;
				IPHONEOS_DEPLOYMENT_TARGET = 8.3;
				MTL_ENABLE_DEBUG_INFO = NO;
				SDKROOT = iphoneos;
				VALIDATE_PRODUCT = YES;
			};
			name = Release;
		};
		87DBE2071AFAFF0000AFB7BF /* Debug */ = {
			isa = XCBuildConfiguration;
			baseConfigurationReference = B2774CDB7A14319073A81E4A /* Pods-TVForInstaller.debug.xcconfig */;
			buildSettings = {
				ASSETCATALOG_COMPILER_APPICON_NAME = AppIcon;
				ASSETCATALOG_COMPILER_LAUNCHIMAGE_NAME = LaunchImage;
				CODE_SIGN_IDENTITY = "iPhone Developer: agent liam (ZCQZ824KK4)";
				ENABLE_BITCODE = NO;
				FRAMEWORK_SEARCH_PATHS = (
					"$(inherited)",
					"$(PROJECT_DIR)",
					"$(PROJECT_DIR)/PlatinumKit",
				);
				INFOPLIST_FILE = TVForInstaller/Info.plist;
				IPHONEOS_DEPLOYMENT_TARGET = 8.0;
				LD_RUNPATH_SEARCH_PATHS = "$(inherited) @executable_path/Frameworks";
				LIBRARY_SEARCH_PATHS = (
					"$(inherited)",
					"$(PROJECT_DIR)/TVForInstaller/BaiduNaviSDK/BaiduStatistics",
					"$(PROJECT_DIR)/TVForInstaller/BaiduNaviSDK",
					"$(PROJECT_DIR)/TVForInstaller/BaiduNaviSDK/inc",
				);
				ONLY_ACTIVE_ARCH = YES;
				PRODUCT_BUNDLE_IDENTIFIER = "com.guoguang.$(PRODUCT_NAME:rfc1034identifier)";
				PRODUCT_NAME = "$(TARGET_NAME)";
				PROVISIONING_PROFILE = "f4a1c351-8520-4c77-92da-04387eb4d970";
				VALID_ARCHS = "arm64 armv7";
			};
			name = Debug;
		};
		87DBE2081AFAFF0000AFB7BF /* Release */ = {
			isa = XCBuildConfiguration;
			baseConfigurationReference = 8119E28A07EA9C1ABB1CA06E /* Pods-TVForInstaller.release.xcconfig */;
			buildSettings = {
				ASSETCATALOG_COMPILER_APPICON_NAME = AppIcon;
				ASSETCATALOG_COMPILER_LAUNCHIMAGE_NAME = LaunchImage;
				CODE_SIGN_IDENTITY = "iPhone Developer: agent liam (ZCQZ824KK4)";
				ENABLE_BITCODE = NO;
				FRAMEWORK_SEARCH_PATHS = (
					"$(inherited)",
					"$(PROJECT_DIR)",
					"$(PROJECT_DIR)/PlatinumKit",
				);
				INFOPLIST_FILE = TVForInstaller/Info.plist;
				IPHONEOS_DEPLOYMENT_TARGET = 8.0;
				LD_RUNPATH_SEARCH_PATHS = "$(inherited) @executable_path/Frameworks";
				LIBRARY_SEARCH_PATHS = (
					"$(inherited)",
					"$(PROJECT_DIR)/TVForInstaller/BaiduNaviSDK/BaiduStatistics",
					"$(PROJECT_DIR)/TVForInstaller/BaiduNaviSDK",
					"$(PROJECT_DIR)/TVForInstaller/BaiduNaviSDK/inc",
				);
				PRODUCT_BUNDLE_IDENTIFIER = "com.guoguang.$(PRODUCT_NAME:rfc1034identifier)";
				PRODUCT_NAME = "$(TARGET_NAME)";
				PROVISIONING_PROFILE = "f4a1c351-8520-4c77-92da-04387eb4d970";
				VALID_ARCHS = "arm64 armv7";
			};
			name = Release;
		};
		87DBE20A1AFAFF0000AFB7BF /* Debug */ = {
			isa = XCBuildConfiguration;
			buildSettings = {
				BUNDLE_LOADER = "$(TEST_HOST)";
				FRAMEWORK_SEARCH_PATHS = (
					"$(SDKROOT)/Developer/Library/Frameworks",
					"$(inherited)",
				);
				GCC_PREPROCESSOR_DEFINITIONS = (
					"DEBUG=1",
					"$(inherited)",
				);
				INFOPLIST_FILE = TVForInstallerTests/Info.plist;
				LD_RUNPATH_SEARCH_PATHS = "$(inherited) @executable_path/Frameworks @loader_path/Frameworks";
				PRODUCT_BUNDLE_IDENTIFIER = "com.union.$(PRODUCT_NAME:rfc1034identifier)";
				PRODUCT_NAME = "$(TARGET_NAME)";
				TEST_HOST = "$(BUILT_PRODUCTS_DIR)/TVForInstaller.app/TVForInstaller";
			};
			name = Debug;
		};
		87DBE20B1AFAFF0000AFB7BF /* Release */ = {
			isa = XCBuildConfiguration;
			buildSettings = {
				BUNDLE_LOADER = "$(TEST_HOST)";
				FRAMEWORK_SEARCH_PATHS = (
					"$(SDKROOT)/Developer/Library/Frameworks",
					"$(inherited)",
				);
				INFOPLIST_FILE = TVForInstallerTests/Info.plist;
				LD_RUNPATH_SEARCH_PATHS = "$(inherited) @executable_path/Frameworks @loader_path/Frameworks";
				PRODUCT_BUNDLE_IDENTIFIER = "com.union.$(PRODUCT_NAME:rfc1034identifier)";
				PRODUCT_NAME = "$(TARGET_NAME)";
				TEST_HOST = "$(BUILT_PRODUCTS_DIR)/TVForInstaller.app/TVForInstaller";
			};
			name = Release;
		};
/* End XCBuildConfiguration section */

/* Begin XCConfigurationList section */
		87DBE1DE1AFAFF0000AFB7BF /* Build configuration list for PBXProject "TVForInstaller" */ = {
			isa = XCConfigurationList;
			buildConfigurations = (
				87DBE2041AFAFF0000AFB7BF /* Debug */,
				87DBE2051AFAFF0000AFB7BF /* Release */,
			);
			defaultConfigurationIsVisible = 0;
			defaultConfigurationName = Release;
		};
		87DBE2061AFAFF0000AFB7BF /* Build configuration list for PBXNativeTarget "TVForInstaller" */ = {
			isa = XCConfigurationList;
			buildConfigurations = (
				87DBE2071AFAFF0000AFB7BF /* Debug */,
				87DBE2081AFAFF0000AFB7BF /* Release */,
			);
			defaultConfigurationIsVisible = 0;
			defaultConfigurationName = Release;
		};
		87DBE2091AFAFF0000AFB7BF /* Build configuration list for PBXNativeTarget "TVForInstallerTests" */ = {
			isa = XCConfigurationList;
			buildConfigurations = (
				87DBE20A1AFAFF0000AFB7BF /* Debug */,
				87DBE20B1AFAFF0000AFB7BF /* Release */,
			);
			defaultConfigurationIsVisible = 0;
			defaultConfigurationName = Release;
		};
/* End XCConfigurationList section */
	};
	rootObject = 87DBE1DB1AFAFF0000AFB7BF /* Project object */;
}
