// !$*UTF8*$!
{
	archiveVersion = 1;
	classes = {
	};
	objectVersion = 46;
	objects = {

/* Begin PBXBuildFile section */
		847CF564A23C26653969DF8F /* libPods-TVForInstaller.a in Frameworks */ = {isa = PBXBuildFile; fileRef = 6C44C3D71D410020F7C92B66 /* libPods-TVForInstaller.a */; };
		87DBE1E91AFAFF0000AFB7BF /* main.m in Sources */ = {isa = PBXBuildFile; fileRef = 87DBE1E81AFAFF0000AFB7BF /* main.m */; };
		87DBE1EC1AFAFF0000AFB7BF /* AppDelegate.m in Sources */ = {isa = PBXBuildFile; fileRef = 87DBE1EB1AFAFF0000AFB7BF /* AppDelegate.m */; };
		87DBE1F21AFAFF0000AFB7BF /* Main.storyboard in Resources */ = {isa = PBXBuildFile; fileRef = 87DBE1F01AFAFF0000AFB7BF /* Main.storyboard */; };
		87DBE1F41AFAFF0000AFB7BF /* Images.xcassets in Resources */ = {isa = PBXBuildFile; fileRef = 87DBE1F31AFAFF0000AFB7BF /* Images.xcassets */; };
		87DBE1F71AFAFF0000AFB7BF /* LaunchScreen.xib in Resources */ = {isa = PBXBuildFile; fileRef = 87DBE1F51AFAFF0000AFB7BF /* LaunchScreen.xib */; };
		87DBE2031AFAFF0000AFB7BF /* TVForInstallerTests.m in Sources */ = {isa = PBXBuildFile; fileRef = 87DBE2021AFAFF0000AFB7BF /* TVForInstallerTests.m */; };
		87DBE2101AFB025800AFB7BF /* NetworkingManager.m in Sources */ = {isa = PBXBuildFile; fileRef = 87DBE20F1AFB025800AFB7BF /* NetworkingManager.m */; };
		87DBE2131AFB09BE00AFB7BF /* OrderTableViewController.m in Sources */ = {isa = PBXBuildFile; fileRef = 87DBE2121AFB09BE00AFB7BF /* OrderTableViewController.m */; };
		87DBE2161AFB0A5E00AFB7BF /* ViewController.m in Sources */ = {isa = PBXBuildFile; fileRef = 87DBE2151AFB0A5E00AFB7BF /* ViewController.m */; };
		87DBE2181AFB0B5900AFB7BF /* storehouse.plist in Resources */ = {isa = PBXBuildFile; fileRef = 87DBE2171AFB0B5900AFB7BF /* storehouse.plist */; };
/* End PBXBuildFile section */

/* Begin PBXContainerItemProxy section */
		87DBE1FD1AFAFF0000AFB7BF /* PBXContainerItemProxy */ = {
			isa = PBXContainerItemProxy;
			containerPortal = 87DBE1DB1AFAFF0000AFB7BF /* Project object */;
			proxyType = 1;
			remoteGlobalIDString = 87DBE1E21AFAFF0000AFB7BF;
			remoteInfo = TVForInstaller;
		};
/* End PBXContainerItemProxy section */

/* Begin PBXFileReference section */
		6C44C3D71D410020F7C92B66 /* libPods-TVForInstaller.a */ = {isa = PBXFileReference; explicitFileType = archive.ar; includeInIndex = 0; path = "libPods-TVForInstaller.a"; sourceTree = BUILT_PRODUCTS_DIR; };
		8119E28A07EA9C1ABB1CA06E /* Pods-TVForInstaller.release.xcconfig */ = {isa = PBXFileReference; includeInIndex = 1; lastKnownFileType = text.xcconfig; name = "Pods-TVForInstaller.release.xcconfig"; path = "Pods/Target Support Files/Pods-TVForInstaller/Pods-TVForInstaller.release.xcconfig"; sourceTree = "<group>"; };
		87DBE1E31AFAFF0000AFB7BF /* TVForInstaller.app */ = {isa = PBXFileReference; explicitFileType = wrapper.application; includeInIndex = 0; path = TVForInstaller.app; sourceTree = BUILT_PRODUCTS_DIR; };
		87DBE1E71AFAFF0000AFB7BF /* Info.plist */ = {isa = PBXFileReference; lastKnownFileType = text.plist.xml; path = Info.plist; sourceTree = "<group>"; };
		87DBE1E81AFAFF0000AFB7BF /* main.m */ = {isa = PBXFileReference; lastKnownFileType = sourcecode.c.objc; path = main.m; sourceTree = "<group>"; };
		87DBE1EA1AFAFF0000AFB7BF /* AppDelegate.h */ = {isa = PBXFileReference; lastKnownFileType = sourcecode.c.h; path = AppDelegate.h; sourceTree = "<group>"; };
		87DBE1EB1AFAFF0000AFB7BF /* AppDelegate.m */ = {isa = PBXFileReference; lastKnownFileType = sourcecode.c.objc; path = AppDelegate.m; sourceTree = "<group>"; };
		87DBE1F11AFAFF0000AFB7BF /* Base */ = {isa = PBXFileReference; lastKnownFileType = file.storyboard; name = Base; path = Base.lproj/Main.storyboard; sourceTree = "<group>"; };
		87DBE1F31AFAFF0000AFB7BF /* Images.xcassets */ = {isa = PBXFileReference; lastKnownFileType = folder.assetcatalog; path = Images.xcassets; sourceTree = "<group>"; };
		87DBE1F61AFAFF0000AFB7BF /* Base */ = {isa = PBXFileReference; lastKnownFileType = file.xib; name = Base; path = Base.lproj/LaunchScreen.xib; sourceTree = "<group>"; };
		87DBE1FC1AFAFF0000AFB7BF /* TVForInstallerTests.xctest */ = {isa = PBXFileReference; explicitFileType = wrapper.cfbundle; includeInIndex = 0; path = TVForInstallerTests.xctest; sourceTree = BUILT_PRODUCTS_DIR; };
		87DBE2011AFAFF0000AFB7BF /* Info.plist */ = {isa = PBXFileReference; lastKnownFileType = text.plist.xml; path = Info.plist; sourceTree = "<group>"; };
		87DBE2021AFAFF0000AFB7BF /* TVForInstallerTests.m */ = {isa = PBXFileReference; lastKnownFileType = sourcecode.c.objc; path = TVForInstallerTests.m; sourceTree = "<group>"; };
		87DBE20E1AFB025800AFB7BF /* NetworkingManager.h */ = {isa = PBXFileReference; fileEncoding = 4; lastKnownFileType = sourcecode.c.h; path = NetworkingManager.h; sourceTree = "<group>"; };
		87DBE20F1AFB025800AFB7BF /* NetworkingManager.m */ = {isa = PBXFileReference; fileEncoding = 4; lastKnownFileType = sourcecode.c.objc; path = NetworkingManager.m; sourceTree = "<group>"; };
		87DBE2111AFB09BE00AFB7BF /* OrderTableViewController.h */ = {isa = PBXFileReference; fileEncoding = 4; lastKnownFileType = sourcecode.c.h; path = OrderTableViewController.h; sourceTree = "<group>"; };
		87DBE2121AFB09BE00AFB7BF /* OrderTableViewController.m */ = {isa = PBXFileReference; fileEncoding = 4; lastKnownFileType = sourcecode.c.objc; path = OrderTableViewController.m; sourceTree = "<group>"; };
		87DBE2141AFB0A5E00AFB7BF /* ViewController.h */ = {isa = PBXFileReference; fileEncoding = 4; lastKnownFileType = sourcecode.c.h; path = ViewController.h; sourceTree = "<group>"; };
		87DBE2151AFB0A5E00AFB7BF /* ViewController.m */ = {isa = PBXFileReference; fileEncoding = 4; lastKnownFileType = sourcecode.c.objc; path = ViewController.m; sourceTree = "<group>"; };
		87DBE2171AFB0B5900AFB7BF /* storehouse.plist */ = {isa = PBXFileReference; fileEncoding = 4; lastKnownFileType = text.plist.xml; path = storehouse.plist; sourceTree = "<group>"; };
		B2774CDB7A14319073A81E4A /* Pods-TVForInstaller.debug.xcconfig */ = {isa = PBXFileReference; includeInIndex = 1; lastKnownFileType = text.xcconfig; name = "Pods-TVForInstaller.debug.xcconfig"; path = "Pods/Target Support Files/Pods-TVForInstaller/Pods-TVForInstaller.debug.xcconfig"; sourceTree = "<group>"; };
/* End PBXFileReference section */

/* Begin PBXFrameworksBuildPhase section */
		87DBE1E01AFAFF0000AFB7BF /* Frameworks */ = {
			isa = PBXFrameworksBuildPhase;
			buildActionMask = 2147483647;
			files = (
				847CF564A23C26653969DF8F /* libPods-TVForInstaller.a in Frameworks */,
			);
			runOnlyForDeploymentPostprocessing = 0;
		};
		87DBE1F91AFAFF0000AFB7BF /* Frameworks */ = {
			isa = PBXFrameworksBuildPhase;
			buildActionMask = 2147483647;
			files = (
			);
			runOnlyForDeploymentPostprocessing = 0;
		};
/* End PBXFrameworksBuildPhase section */

/* Begin PBXGroup section */
		304AB7D0B3BE0DC478A4352A /* Pods */ = {
			isa = PBXGroup;
			children = (
				B2774CDB7A14319073A81E4A /* Pods-TVForInstaller.debug.xcconfig */,
				8119E28A07EA9C1ABB1CA06E /* Pods-TVForInstaller.release.xcconfig */,
			);
			name = Pods;
			sourceTree = "<group>";
		};
		488D5A3FC8DCC7161CFF28C9 /* Frameworks */ = {
			isa = PBXGroup;
			children = (
				6C44C3D71D410020F7C92B66 /* libPods-TVForInstaller.a */,
			);
			name = Frameworks;
			sourceTree = "<group>";
		};
		87DBE1DA1AFAFF0000AFB7BF = {
			isa = PBXGroup;
			children = (
				87DBE1E51AFAFF0000AFB7BF /* TVForInstaller */,
				87DBE1FF1AFAFF0000AFB7BF /* TVForInstallerTests */,
				87DBE1E41AFAFF0000AFB7BF /* Products */,
				304AB7D0B3BE0DC478A4352A /* Pods */,
				488D5A3FC8DCC7161CFF28C9 /* Frameworks */,
			);
			sourceTree = "<group>";
		};
		87DBE1E41AFAFF0000AFB7BF /* Products */ = {
			isa = PBXGroup;
			children = (
				87DBE1E31AFAFF0000AFB7BF /* TVForInstaller.app */,
				87DBE1FC1AFAFF0000AFB7BF /* TVForInstallerTests.xctest */,
			);
			name = Products;
			sourceTree = "<group>";
		};
		87DBE1E51AFAFF0000AFB7BF /* TVForInstaller */ = {
			isa = PBXGroup;
			children = (
				87DBE20D1AFB020800AFB7BF /* Util */,
				87DBE20C1AFB01F900AFB7BF /* Vendor */,
				87DBE1EA1AFAFF0000AFB7BF /* AppDelegate.h */,
				87DBE1EB1AFAFF0000AFB7BF /* AppDelegate.m */,
				87DBE2111AFB09BE00AFB7BF /* OrderTableViewController.h */,
				87DBE2121AFB09BE00AFB7BF /* OrderTableViewController.m */,
				87DBE1F01AFAFF0000AFB7BF /* Main.storyboard */,
				87DBE2141AFB0A5E00AFB7BF /* ViewController.h */,
				87DBE2151AFB0A5E00AFB7BF /* ViewController.m */,
				87DBE1F31AFAFF0000AFB7BF /* Images.xcassets */,
				87DBE1F51AFAFF0000AFB7BF /* LaunchScreen.xib */,
				87DBE1E61AFAFF0000AFB7BF /* Supporting Files */,
			);
			path = TVForInstaller;
			sourceTree = "<group>";
		};
		87DBE1E61AFAFF0000AFB7BF /* Supporting Files */ = {
			isa = PBXGroup;
			children = (
				87DBE1E71AFAFF0000AFB7BF /* Info.plist */,
				87DBE1E81AFAFF0000AFB7BF /* main.m */,
			);
			name = "Supporting Files";
			sourceTree = "<group>";
		};
		87DBE1FF1AFAFF0000AFB7BF /* TVForInstallerTests */ = {
			isa = PBXGroup;
			children = (
				87DBE2021AFAFF0000AFB7BF /* TVForInstallerTests.m */,
				87DBE2001AFAFF0000AFB7BF /* Supporting Files */,
			);
			path = TVForInstallerTests;
			sourceTree = "<group>";
		};
		87DBE2001AFAFF0000AFB7BF /* Supporting Files */ = {
			isa = PBXGroup;
			children = (
				87DBE2011AFAFF0000AFB7BF /* Info.plist */,
			);
			name = "Supporting Files";
			sourceTree = "<group>";
		};
		87DBE20C1AFB01F900AFB7BF /* Vendor */ = {
			isa = PBXGroup;
			children = (
				87DBE2171AFB0B5900AFB7BF /* storehouse.plist */,
			);
			name = Vendor;
			sourceTree = "<group>";
		};
		87DBE20D1AFB020800AFB7BF /* Util */ = {
			isa = PBXGroup;
			children = (
				87DBE20E1AFB025800AFB7BF /* NetworkingManager.h */,
				87DBE20F1AFB025800AFB7BF /* NetworkingManager.m */,
			);
			name = Util;
			sourceTree = "<group>";
		};
/* End PBXGroup section */

/* Begin PBXNativeTarget section */
		87DBE1E21AFAFF0000AFB7BF /* TVForInstaller */ = {
			isa = PBXNativeTarget;
			buildConfigurationList = 87DBE2061AFAFF0000AFB7BF /* Build configuration list for PBXNativeTarget "TVForInstaller" */;
			buildPhases = (
				B3FA76FD52466F4866C61106 /* Check Pods Manifest.lock */,
				87DBE1DF1AFAFF0000AFB7BF /* Sources */,
				87DBE1E01AFAFF0000AFB7BF /* Frameworks */,
				87DBE1E11AFAFF0000AFB7BF /* Resources */,
				268038413F48264E3D42309B /* Copy Pods Resources */,
			);
			buildRules = (
			);
			dependencies = (
			);
			name = TVForInstaller;
			productName = TVForInstaller;
			productReference = 87DBE1E31AFAFF0000AFB7BF /* TVForInstaller.app */;
			productType = "com.apple.product-type.application";
		};
		87DBE1FB1AFAFF0000AFB7BF /* TVForInstallerTests */ = {
			isa = PBXNativeTarget;
			buildConfigurationList = 87DBE2091AFAFF0000AFB7BF /* Build configuration list for PBXNativeTarget "TVForInstallerTests" */;
			buildPhases = (
				87DBE1F81AFAFF0000AFB7BF /* Sources */,
				87DBE1F91AFAFF0000AFB7BF /* Frameworks */,
				87DBE1FA1AFAFF0000AFB7BF /* Resources */,
			);
			buildRules = (
			);
			dependencies = (
				87DBE1FE1AFAFF0000AFB7BF /* PBXTargetDependency */,
			);
			name = TVForInstallerTests;
			productName = TVForInstallerTests;
			productReference = 87DBE1FC1AFAFF0000AFB7BF /* TVForInstallerTests.xctest */;
			productType = "com.apple.product-type.bundle.unit-test";
		};
/* End PBXNativeTarget section */

/* Begin PBXProject section */
		87DBE1DB1AFAFF0000AFB7BF /* Project object */ = {
			isa = PBXProject;
			attributes = {
				LastUpgradeCheck = 0630;
				ORGANIZATIONNAME = AlienLi;
				TargetAttributes = {
					87DBE1E21AFAFF0000AFB7BF = {
						CreatedOnToolsVersion = 6.3.1;
					};
					87DBE1FB1AFAFF0000AFB7BF = {
						CreatedOnToolsVersion = 6.3.1;
						TestTargetID = 87DBE1E21AFAFF0000AFB7BF;
					};
				};
			};
			buildConfigurationList = 87DBE1DE1AFAFF0000AFB7BF /* Build configuration list for PBXProject "TVForInstaller" */;
			compatibilityVersion = "Xcode 3.2";
			developmentRegion = English;
			hasScannedForEncodings = 0;
			knownRegions = (
				en,
				Base,
			);
			mainGroup = 87DBE1DA1AFAFF0000AFB7BF;
			productRefGroup = 87DBE1E41AFAFF0000AFB7BF /* Products */;
			projectDirPath = "";
			projectRoot = "";
			targets = (
				87DBE1E21AFAFF0000AFB7BF /* TVForInstaller */,
				87DBE1FB1AFAFF0000AFB7BF /* TVForInstallerTests */,
			);
		};
/* End PBXProject section */

/* Begin PBXResourcesBuildPhase section */
		87DBE1E11AFAFF0000AFB7BF /* Resources */ = {
			isa = PBXResourcesBuildPhase;
			buildActionMask = 2147483647;
			files = (
				87DBE1F21AFAFF0000AFB7BF /* Main.storyboard in Resources */,
				87DBE1F71AFAFF0000AFB7BF /* LaunchScreen.xib in Resources */,
				87DBE1F41AFAFF0000AFB7BF /* Images.xcassets in Resources */,
				87DBE2181AFB0B5900AFB7BF /* storehouse.plist in Resources */,
			);
			runOnlyForDeploymentPostprocessing = 0;
		};
		87DBE1FA1AFAFF0000AFB7BF /* Resources */ = {
			isa = PBXResourcesBuildPhase;
			buildActionMask = 2147483647;
			files = (
			);
			runOnlyForDeploymentPostprocessing = 0;
		};
/* End PBXResourcesBuildPhase section */

/* Begin PBXShellScriptBuildPhase section */
		268038413F48264E3D42309B /* Copy Pods Resources */ = {
			isa = PBXShellScriptBuildPhase;
			buildActionMask = 2147483647;
			files = (
			);
			inputPaths = (
			);
			name = "Copy Pods Resources";
			outputPaths = (
			);
			runOnlyForDeploymentPostprocessing = 0;
			shellPath = /bin/sh;
			shellScript = "\"${SRCROOT}/Pods/Target Support Files/Pods-TVForInstaller/Pods-TVForInstaller-resources.sh\"\n";
			showEnvVarsInLog = 0;
		};
		B3FA76FD52466F4866C61106 /* Check Pods Manifest.lock */ = {
			isa = PBXShellScriptBuildPhase;
			buildActionMask = 2147483647;
			files = (
			);
			inputPaths = (
			);
			name = "Check Pods Manifest.lock";
			outputPaths = (
			);
			runOnlyForDeploymentPostprocessing = 0;
			shellPath = /bin/sh;
			shellScript = "diff \"${PODS_ROOT}/../Podfile.lock\" \"${PODS_ROOT}/Manifest.lock\" > /dev/null\nif [[ $? != 0 ]] ; then\n    cat << EOM\nerror: The sandbox is not in sync with the Podfile.lock. Run 'pod install' or update your CocoaPods installation.\nEOM\n    exit 1\nfi\n";
			showEnvVarsInLog = 0;
		};
/* End PBXShellScriptBuildPhase section */

/* Begin PBXSourcesBuildPhase section */
		87DBE1DF1AFAFF0000AFB7BF /* Sources */ = {
			isa = PBXSourcesBuildPhase;
			buildActionMask = 2147483647;
			files = (
				87DBE2131AFB09BE00AFB7BF /* OrderTableViewController.m in Sources */,
				87DBE2101AFB025800AFB7BF /* NetworkingManager.m in Sources */,
				87DBE1EC1AFAFF0000AFB7BF /* AppDelegate.m in Sources */,
				87DBE1E91AFAFF0000AFB7BF /* main.m in Sources */,
				87DBE2161AFB0A5E00AFB7BF /* ViewController.m in Sources */,
			);
			runOnlyForDeploymentPostprocessing = 0;
		};
		87DBE1F81AFAFF0000AFB7BF /* Sources */ = {
			isa = PBXSourcesBuildPhase;
			buildActionMask = 2147483647;
			files = (
				87DBE2031AFAFF0000AFB7BF /* TVForInstallerTests.m in Sources */,
			);
			runOnlyForDeploymentPostprocessing = 0;
		};
/* End PBXSourcesBuildPhase section */

/* Begin PBXTargetDependency section */
		87DBE1FE1AFAFF0000AFB7BF /* PBXTargetDependency */ = {
			isa = PBXTargetDependency;
			target = 87DBE1E21AFAFF0000AFB7BF /* TVForInstaller */;
			targetProxy = 87DBE1FD1AFAFF0000AFB7BF /* PBXContainerItemProxy */;
		};
/* End PBXTargetDependency section */

/* Begin PBXVariantGroup section */
		87DBE1F01AFAFF0000AFB7BF /* Main.storyboard */ = {
			isa = PBXVariantGroup;
			children = (
				87DBE1F11AFAFF0000AFB7BF /* Base */,
			);
			name = Main.storyboard;
			sourceTree = "<group>";
		};
		87DBE1F51AFAFF0000AFB7BF /* LaunchScreen.xib */ = {
			isa = PBXVariantGroup;
			children = (
				87DBE1F61AFAFF0000AFB7BF /* Base */,
			);
			name = LaunchScreen.xib;
			sourceTree = "<group>";
		};
/* End PBXVariantGroup section */

/* Begin XCBuildConfiguration section */
		87DBE2041AFAFF0000AFB7BF /* Debug */ = {
			isa = XCBuildConfiguration;
			buildSettings = {
				ALWAYS_SEARCH_USER_PATHS = NO;
				CLANG_CXX_LANGUAGE_STANDARD = "gnu++0x";
				CLANG_CXX_LIBRARY = "libc++";
				CLANG_ENABLE_MODULES = YES;
				CLANG_ENABLE_OBJC_ARC = YES;
				CLANG_WARN_BOOL_CONVERSION = YES;
				CLANG_WARN_CONSTANT_CONVERSION = YES;
				CLANG_WARN_DIRECT_OBJC_ISA_USAGE = YES_ERROR;
				CLANG_WARN_EMPTY_BODY = YES;
				CLANG_WARN_ENUM_CONVERSION = YES;
				CLANG_WARN_INT_CONVERSION = YES;
				CLANG_WARN_OBJC_ROOT_CLASS = YES_ERROR;
				CLANG_WARN_UNREACHABLE_CODE = YES;
				CLANG_WARN__DUPLICATE_METHOD_MATCH = YES;
				"CODE_SIGN_IDENTITY[sdk=iphoneos*]" = "iPhone Developer";
				COPY_PHASE_STRIP = NO;
				DEBUG_INFORMATION_FORMAT = "dwarf-with-dsym";
				ENABLE_STRICT_OBJC_MSGSEND = YES;
				GCC_C_LANGUAGE_STANDARD = gnu99;
				GCC_DYNAMIC_NO_PIC = NO;
				GCC_NO_COMMON_BLOCKS = YES;
				GCC_OPTIMIZATION_LEVEL = 0;
				GCC_PREPROCESSOR_DEFINITIONS = (
					"DEBUG=1",
					"$(inherited)",
				);
				GCC_SYMBOLS_PRIVATE_EXTERN = NO;
				GCC_WARN_64_TO_32_BIT_CONVERSION = YES;
				GCC_WARN_ABOUT_RETURN_TYPE = YES_ERROR;
				GCC_WARN_UNDECLARED_SELECTOR = YES;
				GCC_WARN_UNINITIALIZED_AUTOS = YES_AGGRESSIVE;
				GCC_WARN_UNUSED_FUNCTION = YES;
				GCC_WARN_UNUSED_VARIABLE = YES;
				IPHONEOS_DEPLOYMENT_TARGET = 8.3;
				MTL_ENABLE_DEBUG_INFO = YES;
				ONLY_ACTIVE_ARCH = YES;
				SDKROOT = iphoneos;
			};
			name = Debug;
		};
		87DBE2051AFAFF0000AFB7BF /* Release */ = {
			isa = XCBuildConfiguration;
			buildSettings = {
				ALWAYS_SEARCH_USER_PATHS = NO;
				CLANG_CXX_LANGUAGE_STANDARD = "gnu++0x";
				CLANG_CXX_LIBRARY = "libc++";
				CLANG_ENABLE_MODULES = YES;
				CLANG_ENABLE_OBJC_ARC = YES;
				CLANG_WARN_BOOL_CONVERSION = YES;
				CLANG_WARN_CONSTANT_CONVERSION = YES;
				CLANG_WARN_DIRECT_OBJC_ISA_USAGE = YES_ERROR;
				CLANG_WARN_EMPTY_BODY = YES;
				CLANG_WARN_ENUM_CONVERSION = YES;
				CLANG_WARN_INT_CONVERSION = YES;
				CLANG_WARN_OBJC_ROOT_CLASS = YES_ERROR;
				CLANG_WARN_UNREACHABLE_CODE = YES;
				CLANG_WARN__DUPLICATE_METHOD_MATCH = YES;
				"CODE_SIGN_IDENTITY[sdk=iphoneos*]" = "iPhone Developer";
				COPY_PHASE_STRIP = NO;
				DEBUG_INFORMATION_FORMAT = "dwarf-with-dsym";
				ENABLE_NS_ASSERTIONS = NO;
				ENABLE_STRICT_OBJC_MSGSEND = YES;
				GCC_C_LANGUAGE_STANDARD = gnu99;
				GCC_NO_COMMON_BLOCKS = YES;
				GCC_WARN_64_TO_32_BIT_CONVERSION = YES;
				GCC_WARN_ABOUT_RETURN_TYPE = YES_ERROR;
				GCC_WARN_UNDECLARED_SELECTOR = YES;
				GCC_WARN_UNINITIALIZED_AUTOS = YES_AGGRESSIVE;
				GCC_WARN_UNUSED_FUNCTION = YES;
				GCC_WARN_UNUSED_VARIABLE = YES;
				IPHONEOS_DEPLOYMENT_TARGET = 8.3;
				MTL_ENABLE_DEBUG_INFO = NO;
				SDKROOT = iphoneos;
				VALIDATE_PRODUCT = YES;
			};
			name = Release;
		};
		87DBE2071AFAFF0000AFB7BF /* Debug */ = {
			isa = XCBuildConfiguration;
			baseConfigurationReference = B2774CDB7A14319073A81E4A /* Pods-TVForInstaller.debug.xcconfig */;
			buildSettings = {
				ASSETCATALOG_COMPILER_APPICON_NAME = AppIcon;
				INFOPLIST_FILE = TVForInstaller/Info.plist;
				LD_RUNPATH_SEARCH_PATHS = "$(inherited) @executable_path/Frameworks";
				PRODUCT_NAME = "$(TARGET_NAME)";
			};
			name = Debug;
		};
		87DBE2081AFAFF0000AFB7BF /* Release */ = {
			isa = XCBuildConfiguration;
			baseConfigurationReference = 8119E28A07EA9C1ABB1CA06E /* Pods-TVForInstaller.release.xcconfig */;
			buildSettings = {
				ASSETCATALOG_COMPILER_APPICON_NAME = AppIcon;
				INFOPLIST_FILE = TVForInstaller/Info.plist;
				LD_RUNPATH_SEARCH_PATHS = "$(inherited) @executable_path/Frameworks";
				PRODUCT_NAME = "$(TARGET_NAME)";
			};
			name = Release;
		};
		87DBE20A1AFAFF0000AFB7BF /* Debug */ = {
			isa = XCBuildConfiguration;
			buildSettings = {
				BUNDLE_LOADER = "$(TEST_HOST)";
				FRAMEWORK_SEARCH_PATHS = (
					"$(SDKROOT)/Developer/Library/Frameworks",
					"$(inherited)",
				);
				GCC_PREPROCESSOR_DEFINITIONS = (
					"DEBUG=1",
					"$(inherited)",
				);
				INFOPLIST_FILE = TVForInstallerTests/Info.plist;
				LD_RUNPATH_SEARCH_PATHS = "$(inherited) @executable_path/Frameworks @loader_path/Frameworks";
				PRODUCT_NAME = "$(TARGET_NAME)";
				TEST_HOST = "$(BUILT_PRODUCTS_DIR)/TVForInstaller.app/TVForInstaller";
			};
			name = Debug;
		};
		87DBE20B1AFAFF0000AFB7BF /* Release */ = {
			isa = XCBuildConfiguration;
			buildSettings = {
				BUNDLE_LOADER = "$(TEST_HOST)";
				FRAMEWORK_SEARCH_PATHS = (
					"$(SDKROOT)/Developer/Library/Frameworks",
					"$(inherited)",
				);
				INFOPLIST_FILE = TVForInstallerTests/Info.plist;
				LD_RUNPATH_SEARCH_PATHS = "$(inherited) @executable_path/Frameworks @loader_path/Frameworks";
				PRODUCT_NAME = "$(TARGET_NAME)";
				TEST_HOST = "$(BUILT_PRODUCTS_DIR)/TVForInstaller.app/TVForInstaller";
			};
			name = Release;
		};
/* End XCBuildConfiguration section */

/* Begin XCConfigurationList section */
		87DBE1DE1AFAFF0000AFB7BF /* Build configuration list for PBXProject "TVForInstaller" */ = {
			isa = XCConfigurationList;
			buildConfigurations = (
				87DBE2041AFAFF0000AFB7BF /* Debug */,
				87DBE2051AFAFF0000AFB7BF /* Release */,
			);
			defaultConfigurationIsVisible = 0;
			defaultConfigurationName = Release;
		};
		87DBE2061AFAFF0000AFB7BF /* Build configuration list for PBXNativeTarget "TVForInstaller" */ = {
			isa = XCConfigurationList;
			buildConfigurations = (
				87DBE2071AFAFF0000AFB7BF /* Debug */,
				87DBE2081AFAFF0000AFB7BF /* Release */,
			);
			defaultConfigurationIsVisible = 0;
			defaultConfigurationName = Release;
		};
		87DBE2091AFAFF0000AFB7BF /* Build configuration list for PBXNativeTarget "TVForInstallerTests" */ = {
			isa = XCConfigurationList;
			buildConfigurations = (
				87DBE20A1AFAFF0000AFB7BF /* Debug */,
				87DBE20B1AFAFF0000AFB7BF /* Release */,
			);
			defaultConfigurationIsVisible = 0;
			defaultConfigurationName = Release;
		};
/* End XCConfigurationList section */
	};
	rootObject = 87DBE1DB1AFAFF0000AFB7BF /* Project object */;
}
